Microsoft Visual Studio Solution File, Format Version 9.00
# Visual Studio 2005
Project("{8BC9CEB8-8B4A-11D0-8D11-00A0C91BC942}") = "tank", "make\tank.vcproj", "{C0359F7D-73F9-42F5-93D1-9CCC0284EA54}"
	ProjectSection(ProjectDependencies) = postProject
		{69802413-3739-43E0-96C9-709713A35B34} = {69802413-3739-43E0-96C9-709713A35B34}
		{2E00FA2D-FB50-449E-BCB8-8E0DAF584772} = {2E00FA2D-FB50-449E-BCB8-8E0DAF584772}
		{7E7DCD27-D75C-44C3-A135-312FB3A235C6} = {7E7DCD27-D75C-44C3-A135-312FB3A235C6}
	EndProjectSection
EndProject
Project("{8BC9CEB8-8B4A-11D0-8D11-00A0C91BC942}") = "lua", "make\lua.vcproj", "{69802413-3739-43E0-96C9-709713A35B34}"
EndProject
Project("{8BC9CEB8-8B4A-11D0-8D11-00A0C91BC942}") = "oggvorbis", "make\oggvorbis.vcproj", "{7E7DCD27-D75C-44C3-A135-312FB3A235C6}"
EndProject
Project("{8BC9CEB8-8B4A-11D0-8D11-00A0C91BC942}") = "zlib", "make\zlib.vcproj", "{2E00FA2D-FB50-449E-BCB8-8E0DAF584772}"
EndProject
Global
	GlobalSection(SolutionConfigurationPlatforms) = preSolution
		Debug|Win32 = Debug|Win32
		Profiler|Win32 = Profiler|Win32
		Release|Win32 = Release|Win32
	EndGlobalSection
	GlobalSection(ProjectConfigurationPlatforms) = postSolution
		{C0359F7D-73F9-42F5-93D1-9CCC0284EA54}.Debug|Win32.ActiveCfg = Debug|Win32
		{C0359F7D-73F9-42F5-93D1-9CCC0284EA54}.Debug|Win32.Build.0 = Debug|Win32
		{C0359F7D-73F9-42F5-93D1-9CCC0284EA54}.Profiler|Win32.ActiveCfg = Profiler|Win32
		{C0359F7D-73F9-42F5-93D1-9CCC0284EA54}.Profiler|Win32.Build.0 = Profiler|Win32
		{C0359F7D-73F9-42F5-93D1-9CCC0284EA54}.Release|Win32.ActiveCfg = Release|Win32
		{C0359F7D-73F9-42F5-93D1-9CCC0284EA54}.Release|Win32.Build.0 = Release|Win32
		{69802413-3739-43E0-96C9-709713A35B34}.Debug|Win32.ActiveCfg = Debug|Win32
		{69802413-3739-43E0-96C9-709713A35B34}.Debug|Win32.Build.0 = Debug|Win32
		{69802413-3739-43E0-96C9-709713A35B34}.Profiler|Win32.ActiveCfg = Profiler|Win32
		{69802413-3739-43E0-96C9-709713A35B34}.Profiler|Win32.Build.0 = Profiler|Win32
		{69802413-3739-43E0-96C9-709713A35B34}.Release|Win32.ActiveCfg = Release|Win32
		{69802413-3739-43E0-96C9-709713A35B34}.Release|Win32.Build.0 = Release|Win32
		{7E7DCD27-D75C-44C3-A135-312FB3A235C6}.Debug|Win32.ActiveCfg = Debug|Win32
		{7E7DCD27-D75C-44C3-A135-312FB3A235C6}.Debug|Win32.Build.0 = Debug|Win32
		{7E7DCD27-D75C-44C3-A135-312FB3A235C6}.Profiler|Win32.ActiveCfg = Profiler|Win32
		{7E7DCD27-D75C-44C3-A135-312FB3A235C6}.Profiler|Win32.Build.0 = Profiler|Win32
		{7E7DCD27-D75C-44C3-A135-312FB3A235C6}.Release|Win32.ActiveCfg = Release|Win32
		{7E7DCD27-D75C-44C3-A135-312FB3A235C6}.Release|Win32.Build.0 = Release|Win32
		{2E00FA2D-FB50-449E-BCB8-8E0DAF584772}.Debug|Win32.ActiveCfg = LIB_Debug|Win32
		{2E00FA2D-FB50-449E-BCB8-8E0DAF584772}.Debug|Win32.Build.0 = LIB_Debug|Win32
		{2E00FA2D-FB50-449E-BCB8-8E0DAF584772}.Profiler|Win32.ActiveCfg = LIB_Profiler|Win32
		{2E00FA2D-FB50-449E-BCB8-8E0DAF584772}.Profiler|Win32.Build.0 = LIB_Profiler|Win32
		{2E00FA2D-FB50-449E-BCB8-8E0DAF584772}.Release|Win32.ActiveCfg = LIB_Release|Win32
		{2E00FA2D-FB50-449E-BCB8-8E0DAF584772}.Release|Win32.Build.0 = LIB_Release|Win32
	EndGlobalSection
	GlobalSection(SolutionProperties) = preSolution
		HideSolutionNode = FALSE
	EndGlobalSection
EndGlobal
