
Microsoft Visual Studio Solution File, Format Version 12.00
# Visual Studio Version 16
VisualStudioVersion = 16.0.28803.352
MinimumVisualStudioVersion = 10.0.40219.1
Project("{8BC9CEB8-8B4A-11D0-8D11-00A0C91BC942}") = "wtzod", "wtzod\wtzod.vcxproj", "{6508C136-731E-4579-B847-4767C7C3D6F2}"
	ProjectSection(ProjectDependencies) = postProject
		{4430AF51-296E-3077-A6EA-61EB89864EB6} = {4430AF51-296E-3077-A6EA-61EB89864EB6}
		{CDEEAC52-C94D-321E-B0D1-6712FFFB7910} = {CDEEAC52-C94D-321E-B0D1-6712FFFB7910}
		{5200A3E1-AB9F-39D2-BB77-E0A7F8F2CEB3} = {5200A3E1-AB9F-39D2-BB77-E0A7F8F2CEB3}
		{F72C9FF7-7AF5-35A2-AA46-A14C73A461BC} = {F72C9FF7-7AF5-35A2-AA46-A14C73A461BC}
	EndProjectSection
EndProject
Project("{8BC9CEB8-8B4A-11D0-8D11-00A0C91BC942}") = "ALL_BUILD", "_build\ALL_BUILD.vcxproj", "{53C9DDB7-364B-3924-B0A2-F8B6BE8FB1BB}"
EndProject
Project("{8BC9CEB8-8B4A-11D0-8D11-00A0C91BC942}") = "ai", "_build\game\ai\ai.vcxproj", "{B9D88B97-1DE8-3703-B712-FA5AF585A4B0}"
EndProject
Project("{8BC9CEB8-8B4A-11D0-8D11-00A0C91BC942}") = "gc", "_build\game\gc\gc.vcxproj", "{C5EF4912-69B6-38F8-B787-072F3A472FAC}"
EndProject
Project("{8BC9CEB8-8B4A-11D0-8D11-00A0C91BC942}") = "app", "_build\game\app\app.vcxproj", "{CDEEAC52-C94D-321E-B0D1-6712FFFB7910}"
EndProject
Project("{8BC9CEB8-8B4A-11D0-8D11-00A0C91BC942}") = "gclua", "_build\game\gclua\gclua.vcxproj", "{F006896A-C413-3FE6-A28F-B90CF5DD7120}"
EndProject
Project("{8BC9CEB8-8B4A-11D0-8D11-00A0C91BC942}") = "loc", "_build\game\loc\loc.vcxproj", "{44334B74-4993-3895-893A-8B5B981D8406}"
EndProject
Project("{8BC9CEB8-8B4A-11D0-8D11-00A0C91BC942}") = "mapfile", "_build\game\mf\mapfile.vcxproj", "{A10B71EA-BD18-3E79-9F96-5338FF608160}"
EndProject
Project("{8BC9CEB8-8B4A-11D0-8D11-00A0C91BC942}") = "render", "_build\game\render\render.vcxproj", "{E0A261C4-17E1-38D6-B844-BF0A06E73A48}"
EndProject
Project("{8BC9CEB8-8B4A-11D0-8D11-00A0C91BC942}") = "script", "_build\game\script\script.vcxproj", "{7EA728A0-9774-346A-BB34-D5EB012B50E8}"
EndProject
Project("{8BC9CEB8-8B4A-11D0-8D11-00A0C91BC942}") = "video", "_build\engine\video\video.vcxproj", "{5200A3E1-AB9F-39D2-BB77-E0A7F8F2CEB3}"
EndProject
Project("{8BC9CEB8-8B4A-11D0-8D11-00A0C91BC942}") = "lua", "_build\external\lua\lua.vcxproj", "{423560E9-A956-3B5F-8915-39C1FC5C373E}"
EndProject
Project("{8BC9CEB8-8B4A-11D0-8D11-00A0C91BC942}") = "config", "_build\engine\config\config.vcxproj", "{70BFB0B4-E192-3705-9B10-7768451159C6}"
EndProject
Project("{8BC9CEB8-8B4A-11D0-8D11-00A0C91BC942}") = "pluto", "_build\external\pluto\pluto.vcxproj", "{F1CEC199-79A4-3F27-AE57-62DE707621AF}"
EndProject
Project("{8BC9CEB8-8B4A-11D0-8D11-00A0C91BC942}") = "ctx", "_build\game\ctx\ctx.vcxproj", "{4137578B-F9A4-37F8-974A-04E6576A531D}"
EndProject
Project("{8BC9CEB8-8B4A-11D0-8D11-00A0C91BC942}") = "as", "_build\game\as\as.vcxproj", "{7C55CE42-7B09-3EAF-8FAD-1A74A4ACCFD1}"
EndProject
Project("{8BC9CEB8-8B4A-11D0-8D11-00A0C91BC942}") = "gv", "_build\game\gv\gv.vcxproj", "{51BC0B57-3F49-3E6E-81DC-4EA26439D533}"
EndProject
Project("{8BC9CEB8-8B4A-11D0-8D11-00A0C91BC942}") = "ui", "_build\engine\ui\ui.vcxproj", "{6028938C-DB5F-37A0-B3E8-83222E0D0AFB}"
EndProject
Project("{8BC9CEB8-8B4A-11D0-8D11-00A0C91BC942}") = "shell", "_build\game\shell\shell.vcxproj", "{6423391B-5D4A-3D72-8496-9C40DCD1B8ED}"
EndProject
Project("{8BC9CEB8-8B4A-11D0-8D11-00A0C91BC942}") = "StoreData", "_build\data\StoreData.vcxproj", "{4430AF51-296E-3077-A6EA-61EB89864EB6}"
EndProject
Project("{8BC9CEB8-8B4A-11D0-8D11-00A0C91BC942}") = "audio", "_build\game\audio\audio.vcxproj", "{12717538-B10D-309E-AB4D-FC3C92C8BB99}"
EndProject
Project("{8BC9CEB8-8B4A-11D0-8D11-00A0C91BC942}") = "luaetc", "_build\engine\luaetc\luaetc.vcxproj", "{B96484AD-26B5-3C2B-845E-ECA4777071D0}"
EndProject
Project("{8BC9CEB8-8B4A-11D0-8D11-00A0C91BC942}") = "cbind", "_build\engine\cbind\cbind.vcxproj", "{51956785-8AD9-3452-98E8-30CB63A22CDC}"
EndProject
Project("{8BC9CEB8-8B4A-11D0-8D11-00A0C91BC942}") = "editor", "_build\game\editor\editor.vcxproj", "{FA10F6F4-1CE8-31BD-9114-171682C2098A}"
EndProject
Project("{8BC9CEB8-8B4A-11D0-8D11-00A0C91BC942}") = "platetc", "_build\engine\platetc\platetc.vcxproj", "{64E9DB33-0F53-303D-BC48-2C2F9625F80A}"
EndProject
Project("{8BC9CEB8-8B4A-11D0-8D11-00A0C91BC942}") = "fswin", "_build\engine\fswin\fswin.vcxproj", "{F72C9FF7-7AF5-35A2-AA46-A14C73A461BC}"
EndProject
Project("{8BC9CEB8-8B4A-11D0-8D11-00A0C91BC942}") = "fs", "_build\engine\fs\fs.vcxproj", "{D7339F43-CB28-312F-9FDB-8BE6171ABB69}"
EndProject
Project("{8BC9CEB8-8B4A-11D0-8D11-00A0C91BC942}") = "plat", "_build\engine\plat\plat.vcxproj", "{5A52F2D1-5CF9-3C1D-95B7-8F91370E3D86}"
EndProject
Project("{8BC9CEB8-8B4A-11D0-8D11-00A0C91BC942}") = "wavfile", "_build\engine\wavfile\wavfile.vcxproj", "{72C0711E-7143-34CE-813A-B53CD0F8F320}"
EndProject
Global
	GlobalSection(SolutionConfigurationPlatforms) = preSolution
		Debug|ARM = Debug|ARM
		Debug|x64 = Debug|x64
		Debug|x86 = Debug|x86
		MinSizeRel|ARM = MinSizeRel|ARM
		MinSizeRel|x64 = MinSizeRel|x64
		MinSizeRel|x86 = MinSizeRel|x86
		Release|ARM = Release|ARM
		Release|x64 = Release|x64
		Release|x86 = Release|x86
		RelWithDebInfo|ARM = RelWithDebInfo|ARM
		RelWithDebInfo|x64 = RelWithDebInfo|x64
		RelWithDebInfo|x86 = RelWithDebInfo|x86
	EndGlobalSection
	GlobalSection(ProjectConfigurationPlatforms) = postSolution
		{6508C136-731E-4579-B847-4767C7C3D6F2}.Debug|ARM.ActiveCfg = Debug|ARM
		{6508C136-731E-4579-B847-4767C7C3D6F2}.Debug|ARM.Build.0 = Debug|ARM
		{6508C136-731E-4579-B847-4767C7C3D6F2}.Debug|ARM.Deploy.0 = Debug|ARM
		{6508C136-731E-4579-B847-4767C7C3D6F2}.Debug|x64.ActiveCfg = Debug|x64
		{6508C136-731E-4579-B847-4767C7C3D6F2}.Debug|x64.Build.0 = Debug|x64
		{6508C136-731E-4579-B847-4767C7C3D6F2}.Debug|x64.Deploy.0 = Debug|x64
		{6508C136-731E-4579-B847-4767C7C3D6F2}.Debug|x86.ActiveCfg = Debug|Win32
		{6508C136-731E-4579-B847-4767C7C3D6F2}.Debug|x86.Build.0 = Debug|Win32
		{6508C136-731E-4579-B847-4767C7C3D6F2}.Debug|x86.Deploy.0 = Debug|Win32
		{6508C136-731E-4579-B847-4767C7C3D6F2}.MinSizeRel|ARM.ActiveCfg = Release|ARM
		{6508C136-731E-4579-B847-4767C7C3D6F2}.MinSizeRel|ARM.Build.0 = Release|ARM
		{6508C136-731E-4579-B847-4767C7C3D6F2}.MinSizeRel|ARM.Deploy.0 = Release|ARM
		{6508C136-731E-4579-B847-4767C7C3D6F2}.MinSizeRel|x64.ActiveCfg = Release|x64
		{6508C136-731E-4579-B847-4767C7C3D6F2}.MinSizeRel|x64.Build.0 = Release|x64
		{6508C136-731E-4579-B847-4767C7C3D6F2}.MinSizeRel|x64.Deploy.0 = Release|x64
		{6508C136-731E-4579-B847-4767C7C3D6F2}.MinSizeRel|x86.ActiveCfg = Release|Win32
		{6508C136-731E-4579-B847-4767C7C3D6F2}.MinSizeRel|x86.Build.0 = Release|Win32
		{6508C136-731E-4579-B847-4767C7C3D6F2}.MinSizeRel|x86.Deploy.0 = Release|Win32
		{6508C136-731E-4579-B847-4767C7C3D6F2}.Release|ARM.ActiveCfg = Release|ARM
		{6508C136-731E-4579-B847-4767C7C3D6F2}.Release|ARM.Build.0 = Release|ARM
		{6508C136-731E-4579-B847-4767C7C3D6F2}.Release|ARM.Deploy.0 = Release|ARM
		{6508C136-731E-4579-B847-4767C7C3D6F2}.Release|x64.ActiveCfg = Release|x64
		{6508C136-731E-4579-B847-4767C7C3D6F2}.Release|x64.Build.0 = Release|x64
		{6508C136-731E-4579-B847-4767C7C3D6F2}.Release|x64.Deploy.0 = Release|x64
		{6508C136-731E-4579-B847-4767C7C3D6F2}.Release|x86.ActiveCfg = Release|Win32
		{6508C136-731E-4579-B847-4767C7C3D6F2}.Release|x86.Build.0 = Release|Win32
		{6508C136-731E-4579-B847-4767C7C3D6F2}.Release|x86.Deploy.0 = Release|Win32
		{6508C136-731E-4579-B847-4767C7C3D6F2}.RelWithDebInfo|ARM.ActiveCfg = Release|ARM
		{6508C136-731E-4579-B847-4767C7C3D6F2}.RelWithDebInfo|ARM.Build.0 = Release|ARM
		{6508C136-731E-4579-B847-4767C7C3D6F2}.RelWithDebInfo|ARM.Deploy.0 = Release|ARM
		{6508C136-731E-4579-B847-4767C7C3D6F2}.RelWithDebInfo|x64.ActiveCfg = Release|x64
		{6508C136-731E-4579-B847-4767C7C3D6F2}.RelWithDebInfo|x64.Build.0 = Release|x64
		{6508C136-731E-4579-B847-4767C7C3D6F2}.RelWithDebInfo|x64.Deploy.0 = Release|x64
		{6508C136-731E-4579-B847-4767C7C3D6F2}.RelWithDebInfo|x86.ActiveCfg = Release|Win32
		{6508C136-731E-4579-B847-4767C7C3D6F2}.RelWithDebInfo|x86.Build.0 = Release|Win32
		{6508C136-731E-4579-B847-4767C7C3D6F2}.RelWithDebInfo|x86.Deploy.0 = Release|Win32
		{53C9DDB7-364B-3924-B0A2-F8B6BE8FB1BB}.Debug|ARM.ActiveCfg = Debug|x64
		{53C9DDB7-364B-3924-B0A2-F8B6BE8FB1BB}.Debug|x64.ActiveCfg = Debug|x64
		{53C9DDB7-364B-3924-B0A2-F8B6BE8FB1BB}.Debug|x64.Build.0 = Debug|x64
		{53C9DDB7-364B-3924-B0A2-F8B6BE8FB1BB}.Debug|x86.ActiveCfg = Debug|x64
		{53C9DDB7-364B-3924-B0A2-F8B6BE8FB1BB}.MinSizeRel|ARM.ActiveCfg = MinSizeRel|x64
		{53C9DDB7-364B-3924-B0A2-F8B6BE8FB1BB}.MinSizeRel|x64.ActiveCfg = MinSizeRel|x64
		{53C9DDB7-364B-3924-B0A2-F8B6BE8FB1BB}.MinSizeRel|x64.Build.0 = MinSizeRel|x64
		{53C9DDB7-364B-3924-B0A2-F8B6BE8FB1BB}.MinSizeRel|x86.ActiveCfg = MinSizeRel|x64
		{53C9DDB7-364B-3924-B0A2-F8B6BE8FB1BB}.Release|ARM.ActiveCfg = Release|x64
		{53C9DDB7-364B-3924-B0A2-F8B6BE8FB1BB}.Release|x64.ActiveCfg = Release|x64
		{53C9DDB7-364B-3924-B0A2-F8B6BE8FB1BB}.Release|x64.Build.0 = Release|x64
		{53C9DDB7-364B-3924-B0A2-F8B6BE8FB1BB}.Release|x86.ActiveCfg = Release|x64
		{53C9DDB7-364B-3924-B0A2-F8B6BE8FB1BB}.RelWithDebInfo|ARM.ActiveCfg = RelWithDebInfo|x64
		{53C9DDB7-364B-3924-B0A2-F8B6BE8FB1BB}.RelWithDebInfo|x64.ActiveCfg = RelWithDebInfo|x64
		{53C9DDB7-364B-3924-B0A2-F8B6BE8FB1BB}.RelWithDebInfo|x64.Build.0 = RelWithDebInfo|x64
		{53C9DDB7-364B-3924-B0A2-F8B6BE8FB1BB}.RelWithDebInfo|x86.ActiveCfg = RelWithDebInfo|x64
		{B9D88B97-1DE8-3703-B712-FA5AF585A4B0}.Debug|ARM.ActiveCfg = Debug|x64
		{B9D88B97-1DE8-3703-B712-FA5AF585A4B0}.Debug|x64.ActiveCfg = Debug|x64
		{B9D88B97-1DE8-3703-B712-FA5AF585A4B0}.Debug|x64.Build.0 = Debug|x64
		{B9D88B97-1DE8-3703-B712-FA5AF585A4B0}.Debug|x86.ActiveCfg = Debug|x64
		{B9D88B97-1DE8-3703-B712-FA5AF585A4B0}.MinSizeRel|ARM.ActiveCfg = MinSizeRel|x64
		{B9D88B97-1DE8-3703-B712-FA5AF585A4B0}.MinSizeRel|x64.ActiveCfg = MinSizeRel|x64
		{B9D88B97-1DE8-3703-B712-FA5AF585A4B0}.MinSizeRel|x64.Build.0 = MinSizeRel|x64
		{B9D88B97-1DE8-3703-B712-FA5AF585A4B0}.MinSizeRel|x86.ActiveCfg = MinSizeRel|x64
		{B9D88B97-1DE8-3703-B712-FA5AF585A4B0}.Release|ARM.ActiveCfg = Release|x64
		{B9D88B97-1DE8-3703-B712-FA5AF585A4B0}.Release|x64.ActiveCfg = Release|x64
		{B9D88B97-1DE8-3703-B712-FA5AF585A4B0}.Release|x64.Build.0 = Release|x64
		{B9D88B97-1DE8-3703-B712-FA5AF585A4B0}.Release|x86.ActiveCfg = Release|x64
		{B9D88B97-1DE8-3703-B712-FA5AF585A4B0}.RelWithDebInfo|ARM.ActiveCfg = RelWithDebInfo|x64
		{B9D88B97-1DE8-3703-B712-FA5AF585A4B0}.RelWithDebInfo|x64.ActiveCfg = RelWithDebInfo|x64
		{B9D88B97-1DE8-3703-B712-FA5AF585A4B0}.RelWithDebInfo|x64.Build.0 = RelWithDebInfo|x64
		{B9D88B97-1DE8-3703-B712-FA5AF585A4B0}.RelWithDebInfo|x86.ActiveCfg = RelWithDebInfo|x64
		{C5EF4912-69B6-38F8-B787-072F3A472FAC}.Debug|ARM.ActiveCfg = Debug|x64
		{C5EF4912-69B6-38F8-B787-072F3A472FAC}.Debug|x64.ActiveCfg = Debug|x64
		{C5EF4912-69B6-38F8-B787-072F3A472FAC}.Debug|x64.Build.0 = Debug|x64
		{C5EF4912-69B6-38F8-B787-072F3A472FAC}.Debug|x86.ActiveCfg = Debug|x64
		{C5EF4912-69B6-38F8-B787-072F3A472FAC}.MinSizeRel|ARM.ActiveCfg = MinSizeRel|x64
		{C5EF4912-69B6-38F8-B787-072F3A472FAC}.MinSizeRel|x64.ActiveCfg = MinSizeRel|x64
		{C5EF4912-69B6-38F8-B787-072F3A472FAC}.MinSizeRel|x64.Build.0 = MinSizeRel|x64
		{C5EF4912-69B6-38F8-B787-072F3A472FAC}.MinSizeRel|x86.ActiveCfg = MinSizeRel|x64
		{C5EF4912-69B6-38F8-B787-072F3A472FAC}.Release|ARM.ActiveCfg = Release|x64
		{C5EF4912-69B6-38F8-B787-072F3A472FAC}.Release|x64.ActiveCfg = Release|x64
		{C5EF4912-69B6-38F8-B787-072F3A472FAC}.Release|x64.Build.0 = Release|x64
		{C5EF4912-69B6-38F8-B787-072F3A472FAC}.Release|x86.ActiveCfg = Release|x64
		{C5EF4912-69B6-38F8-B787-072F3A472FAC}.RelWithDebInfo|ARM.ActiveCfg = RelWithDebInfo|x64
		{C5EF4912-69B6-38F8-B787-072F3A472FAC}.RelWithDebInfo|x64.ActiveCfg = RelWithDebInfo|x64
		{C5EF4912-69B6-38F8-B787-072F3A472FAC}.RelWithDebInfo|x64.Build.0 = RelWithDebInfo|x64
		{C5EF4912-69B6-38F8-B787-072F3A472FAC}.RelWithDebInfo|x86.ActiveCfg = RelWithDebInfo|x64
		{CDEEAC52-C94D-321E-B0D1-6712FFFB7910}.Debug|ARM.ActiveCfg = Debug|x64
		{CDEEAC52-C94D-321E-B0D1-6712FFFB7910}.Debug|x64.ActiveCfg = Debug|x64
		{CDEEAC52-C94D-321E-B0D1-6712FFFB7910}.Debug|x64.Build.0 = Debug|x64
		{CDEEAC52-C94D-321E-B0D1-6712FFFB7910}.Debug|x86.ActiveCfg = Debug|x64
		{CDEEAC52-C94D-321E-B0D1-6712FFFB7910}.MinSizeRel|ARM.ActiveCfg = MinSizeRel|x64
		{CDEEAC52-C94D-321E-B0D1-6712FFFB7910}.MinSizeRel|x64.ActiveCfg = MinSizeRel|x64
		{CDEEAC52-C94D-321E-B0D1-6712FFFB7910}.MinSizeRel|x64.Build.0 = MinSizeRel|x64
		{CDEEAC52-C94D-321E-B0D1-6712FFFB7910}.MinSizeRel|x86.ActiveCfg = MinSizeRel|x64
		{CDEEAC52-C94D-321E-B0D1-6712FFFB7910}.Release|ARM.ActiveCfg = Release|x64
		{CDEEAC52-C94D-321E-B0D1-6712FFFB7910}.Release|x64.ActiveCfg = Release|x64
		{CDEEAC52-C94D-321E-B0D1-6712FFFB7910}.Release|x64.Build.0 = Release|x64
		{CDEEAC52-C94D-321E-B0D1-6712FFFB7910}.Release|x86.ActiveCfg = Release|x64
		{CDEEAC52-C94D-321E-B0D1-6712FFFB7910}.RelWithDebInfo|ARM.ActiveCfg = RelWithDebInfo|x64
		{CDEEAC52-C94D-321E-B0D1-6712FFFB7910}.RelWithDebInfo|x64.ActiveCfg = RelWithDebInfo|x64
		{CDEEAC52-C94D-321E-B0D1-6712FFFB7910}.RelWithDebInfo|x64.Build.0 = RelWithDebInfo|x64
		{CDEEAC52-C94D-321E-B0D1-6712FFFB7910}.RelWithDebInfo|x86.ActiveCfg = RelWithDebInfo|x64
		{F006896A-C413-3FE6-A28F-B90CF5DD7120}.Debug|ARM.ActiveCfg = Debug|x64
		{F006896A-C413-3FE6-A28F-B90CF5DD7120}.Debug|x64.ActiveCfg = Debug|x64
		{F006896A-C413-3FE6-A28F-B90CF5DD7120}.Debug|x64.Build.0 = Debug|x64
		{F006896A-C413-3FE6-A28F-B90CF5DD7120}.Debug|x86.ActiveCfg = Debug|x64
		{F006896A-C413-3FE6-A28F-B90CF5DD7120}.MinSizeRel|ARM.ActiveCfg = MinSizeRel|x64
		{F006896A-C413-3FE6-A28F-B90CF5DD7120}.MinSizeRel|x64.ActiveCfg = MinSizeRel|x64
		{F006896A-C413-3FE6-A28F-B90CF5DD7120}.MinSizeRel|x64.Build.0 = MinSizeRel|x64
		{F006896A-C413-3FE6-A28F-B90CF5DD7120}.MinSizeRel|x86.ActiveCfg = MinSizeRel|x64
		{F006896A-C413-3FE6-A28F-B90CF5DD7120}.Release|ARM.ActiveCfg = Release|x64
		{F006896A-C413-3FE6-A28F-B90CF5DD7120}.Release|x64.ActiveCfg = Release|x64
		{F006896A-C413-3FE6-A28F-B90CF5DD7120}.Release|x64.Build.0 = Release|x64
		{F006896A-C413-3FE6-A28F-B90CF5DD7120}.Release|x86.ActiveCfg = Release|x64
		{F006896A-C413-3FE6-A28F-B90CF5DD7120}.RelWithDebInfo|ARM.ActiveCfg = RelWithDebInfo|x64
		{F006896A-C413-3FE6-A28F-B90CF5DD7120}.RelWithDebInfo|x64.ActiveCfg = RelWithDebInfo|x64
		{F006896A-C413-3FE6-A28F-B90CF5DD7120}.RelWithDebInfo|x64.Build.0 = RelWithDebInfo|x64
		{F006896A-C413-3FE6-A28F-B90CF5DD7120}.RelWithDebInfo|x86.ActiveCfg = RelWithDebInfo|x64
		{44334B74-4993-3895-893A-8B5B981D8406}.Debug|ARM.ActiveCfg = Debug|x64
		{44334B74-4993-3895-893A-8B5B981D8406}.Debug|x64.ActiveCfg = Debug|x64
		{44334B74-4993-3895-893A-8B5B981D8406}.Debug|x64.Build.0 = Debug|x64
		{44334B74-4993-3895-893A-8B5B981D8406}.Debug|x86.ActiveCfg = Debug|x64
		{44334B74-4993-3895-893A-8B5B981D8406}.MinSizeRel|ARM.ActiveCfg = MinSizeRel|x64
		{44334B74-4993-3895-893A-8B5B981D8406}.MinSizeRel|x64.ActiveCfg = MinSizeRel|x64
		{44334B74-4993-3895-893A-8B5B981D8406}.MinSizeRel|x64.Build.0 = MinSizeRel|x64
		{44334B74-4993-3895-893A-8B5B981D8406}.MinSizeRel|x86.ActiveCfg = MinSizeRel|x64
		{44334B74-4993-3895-893A-8B5B981D8406}.Release|ARM.ActiveCfg = Release|x64
		{44334B74-4993-3895-893A-8B5B981D8406}.Release|x64.ActiveCfg = Release|x64
		{44334B74-4993-3895-893A-8B5B981D8406}.Release|x64.Build.0 = Release|x64
		{44334B74-4993-3895-893A-8B5B981D8406}.Release|x86.ActiveCfg = Release|x64
		{44334B74-4993-3895-893A-8B5B981D8406}.RelWithDebInfo|ARM.ActiveCfg = RelWithDebInfo|x64
		{44334B74-4993-3895-893A-8B5B981D8406}.RelWithDebInfo|x64.ActiveCfg = RelWithDebInfo|x64
		{44334B74-4993-3895-893A-8B5B981D8406}.RelWithDebInfo|x64.Build.0 = RelWithDebInfo|x64
		{44334B74-4993-3895-893A-8B5B981D8406}.RelWithDebInfo|x86.ActiveCfg = RelWithDebInfo|x64
		{A10B71EA-BD18-3E79-9F96-5338FF608160}.Debug|ARM.ActiveCfg = Debug|x64
		{A10B71EA-BD18-3E79-9F96-5338FF608160}.Debug|x64.ActiveCfg = Debug|x64
		{A10B71EA-BD18-3E79-9F96-5338FF608160}.Debug|x64.Build.0 = Debug|x64
		{A10B71EA-BD18-3E79-9F96-5338FF608160}.Debug|x86.ActiveCfg = Debug|x64
		{A10B71EA-BD18-3E79-9F96-5338FF608160}.MinSizeRel|ARM.ActiveCfg = MinSizeRel|x64
		{A10B71EA-BD18-3E79-9F96-5338FF608160}.MinSizeRel|x64.ActiveCfg = MinSizeRel|x64
		{A10B71EA-BD18-3E79-9F96-5338FF608160}.MinSizeRel|x64.Build.0 = MinSizeRel|x64
		{A10B71EA-BD18-3E79-9F96-5338FF608160}.MinSizeRel|x86.ActiveCfg = MinSizeRel|x64
		{A10B71EA-BD18-3E79-9F96-5338FF608160}.Release|ARM.ActiveCfg = Release|x64
		{A10B71EA-BD18-3E79-9F96-5338FF608160}.Release|x64.ActiveCfg = Release|x64
		{A10B71EA-BD18-3E79-9F96-5338FF608160}.Release|x64.Build.0 = Release|x64
		{A10B71EA-BD18-3E79-9F96-5338FF608160}.Release|x86.ActiveCfg = Release|x64
		{A10B71EA-BD18-3E79-9F96-5338FF608160}.RelWithDebInfo|ARM.ActiveCfg = RelWithDebInfo|x64
		{A10B71EA-BD18-3E79-9F96-5338FF608160}.RelWithDebInfo|x64.ActiveCfg = RelWithDebInfo|x64
		{A10B71EA-BD18-3E79-9F96-5338FF608160}.RelWithDebInfo|x64.Build.0 = RelWithDebInfo|x64
		{A10B71EA-BD18-3E79-9F96-5338FF608160}.RelWithDebInfo|x86.ActiveCfg = RelWithDebInfo|x64
		{E0A261C4-17E1-38D6-B844-BF0A06E73A48}.Debug|ARM.ActiveCfg = Debug|x64
		{E0A261C4-17E1-38D6-B844-BF0A06E73A48}.Debug|x64.ActiveCfg = Debug|x64
		{E0A261C4-17E1-38D6-B844-BF0A06E73A48}.Debug|x64.Build.0 = Debug|x64
		{E0A261C4-17E1-38D6-B844-BF0A06E73A48}.Debug|x86.ActiveCfg = Debug|x64
		{E0A261C4-17E1-38D6-B844-BF0A06E73A48}.MinSizeRel|ARM.ActiveCfg = MinSizeRel|x64
		{E0A261C4-17E1-38D6-B844-BF0A06E73A48}.MinSizeRel|x64.ActiveCfg = MinSizeRel|x64
		{E0A261C4-17E1-38D6-B844-BF0A06E73A48}.MinSizeRel|x64.Build.0 = MinSizeRel|x64
		{E0A261C4-17E1-38D6-B844-BF0A06E73A48}.MinSizeRel|x86.ActiveCfg = MinSizeRel|x64
		{E0A261C4-17E1-38D6-B844-BF0A06E73A48}.Release|ARM.ActiveCfg = Release|x64
		{E0A261C4-17E1-38D6-B844-BF0A06E73A48}.Release|x64.ActiveCfg = Release|x64
		{E0A261C4-17E1-38D6-B844-BF0A06E73A48}.Release|x64.Build.0 = Release|x64
		{E0A261C4-17E1-38D6-B844-BF0A06E73A48}.Release|x86.ActiveCfg = Release|x64
		{E0A261C4-17E1-38D6-B844-BF0A06E73A48}.RelWithDebInfo|ARM.ActiveCfg = RelWithDebInfo|x64
		{E0A261C4-17E1-38D6-B844-BF0A06E73A48}.RelWithDebInfo|x64.ActiveCfg = RelWithDebInfo|x64
		{E0A261C4-17E1-38D6-B844-BF0A06E73A48}.RelWithDebInfo|x64.Build.0 = RelWithDebInfo|x64
		{E0A261C4-17E1-38D6-B844-BF0A06E73A48}.RelWithDebInfo|x86.ActiveCfg = RelWithDebInfo|x64
		{7EA728A0-9774-346A-BB34-D5EB012B50E8}.Debug|ARM.ActiveCfg = Debug|x64
		{7EA728A0-9774-346A-BB34-D5EB012B50E8}.Debug|x64.ActiveCfg = Debug|x64
		{7EA728A0-9774-346A-BB34-D5EB012B50E8}.Debug|x64.Build.0 = Debug|x64
		{7EA728A0-9774-346A-BB34-D5EB012B50E8}.Debug|x86.ActiveCfg = Debug|x64
		{7EA728A0-9774-346A-BB34-D5EB012B50E8}.MinSizeRel|ARM.ActiveCfg = MinSizeRel|x64
		{7EA728A0-9774-346A-BB34-D5EB012B50E8}.MinSizeRel|x64.ActiveCfg = MinSizeRel|x64
		{7EA728A0-9774-346A-BB34-D5EB012B50E8}.MinSizeRel|x64.Build.0 = MinSizeRel|x64
		{7EA728A0-9774-346A-BB34-D5EB012B50E8}.MinSizeRel|x86.ActiveCfg = MinSizeRel|x64
		{7EA728A0-9774-346A-BB34-D5EB012B50E8}.Release|ARM.ActiveCfg = Release|x64
		{7EA728A0-9774-346A-BB34-D5EB012B50E8}.Release|x64.ActiveCfg = Release|x64
		{7EA728A0-9774-346A-BB34-D5EB012B50E8}.Release|x64.Build.0 = Release|x64
		{7EA728A0-9774-346A-BB34-D5EB012B50E8}.Release|x86.ActiveCfg = Release|x64
		{7EA728A0-9774-346A-BB34-D5EB012B50E8}.RelWithDebInfo|ARM.ActiveCfg = RelWithDebInfo|x64
		{7EA728A0-9774-346A-BB34-D5EB012B50E8}.RelWithDebInfo|x64.ActiveCfg = RelWithDebInfo|x64
		{7EA728A0-9774-346A-BB34-D5EB012B50E8}.RelWithDebInfo|x64.Build.0 = RelWithDebInfo|x64
		{7EA728A0-9774-346A-BB34-D5EB012B50E8}.RelWithDebInfo|x86.ActiveCfg = RelWithDebInfo|x64
		{5200A3E1-AB9F-39D2-BB77-E0A7F8F2CEB3}.Debug|ARM.ActiveCfg = Debug|x64
		{5200A3E1-AB9F-39D2-BB77-E0A7F8F2CEB3}.Debug|x64.ActiveCfg = Debug|x64
		{5200A3E1-AB9F-39D2-BB77-E0A7F8F2CEB3}.Debug|x64.Build.0 = Debug|x64
		{5200A3E1-AB9F-39D2-BB77-E0A7F8F2CEB3}.Debug|x86.ActiveCfg = Debug|x64
		{5200A3E1-AB9F-39D2-BB77-E0A7F8F2CEB3}.MinSizeRel|ARM.ActiveCfg = MinSizeRel|x64
		{5200A3E1-AB9F-39D2-BB77-E0A7F8F2CEB3}.MinSizeRel|x64.ActiveCfg = MinSizeRel|x64
		{5200A3E1-AB9F-39D2-BB77-E0A7F8F2CEB3}.MinSizeRel|x64.Build.0 = MinSizeRel|x64
		{5200A3E1-AB9F-39D2-BB77-E0A7F8F2CEB3}.MinSizeRel|x86.ActiveCfg = MinSizeRel|x64
		{5200A3E1-AB9F-39D2-BB77-E0A7F8F2CEB3}.Release|ARM.ActiveCfg = Release|x64
		{5200A3E1-AB9F-39D2-BB77-E0A7F8F2CEB3}.Release|x64.ActiveCfg = Release|x64
		{5200A3E1-AB9F-39D2-BB77-E0A7F8F2CEB3}.Release|x64.Build.0 = Release|x64
		{5200A3E1-AB9F-39D2-BB77-E0A7F8F2CEB3}.Release|x86.ActiveCfg = Release|x64
		{5200A3E1-AB9F-39D2-BB77-E0A7F8F2CEB3}.RelWithDebInfo|ARM.ActiveCfg = RelWithDebInfo|x64
		{5200A3E1-AB9F-39D2-BB77-E0A7F8F2CEB3}.RelWithDebInfo|x64.ActiveCfg = RelWithDebInfo|x64
		{5200A3E1-AB9F-39D2-BB77-E0A7F8F2CEB3}.RelWithDebInfo|x64.Build.0 = RelWithDebInfo|x64
		{5200A3E1-AB9F-39D2-BB77-E0A7F8F2CEB3}.RelWithDebInfo|x86.ActiveCfg = RelWithDebInfo|x64
		{423560E9-A956-3B5F-8915-39C1FC5C373E}.Debug|ARM.ActiveCfg = Debug|x64
		{423560E9-A956-3B5F-8915-39C1FC5C373E}.Debug|x64.ActiveCfg = Debug|x64
		{423560E9-A956-3B5F-8915-39C1FC5C373E}.Debug|x64.Build.0 = Debug|x64
		{423560E9-A956-3B5F-8915-39C1FC5C373E}.Debug|x86.ActiveCfg = Debug|x64
		{423560E9-A956-3B5F-8915-39C1FC5C373E}.MinSizeRel|ARM.ActiveCfg = MinSizeRel|x64
		{423560E9-A956-3B5F-8915-39C1FC5C373E}.MinSizeRel|x64.ActiveCfg = MinSizeRel|x64
		{423560E9-A956-3B5F-8915-39C1FC5C373E}.MinSizeRel|x64.Build.0 = MinSizeRel|x64
		{423560E9-A956-3B5F-8915-39C1FC5C373E}.MinSizeRel|x86.ActiveCfg = MinSizeRel|x64
		{423560E9-A956-3B5F-8915-39C1FC5C373E}.Release|ARM.ActiveCfg = Release|x64
		{423560E9-A956-3B5F-8915-39C1FC5C373E}.Release|x64.ActiveCfg = Release|x64
		{423560E9-A956-3B5F-8915-39C1FC5C373E}.Release|x64.Build.0 = Release|x64
		{423560E9-A956-3B5F-8915-39C1FC5C373E}.Release|x86.ActiveCfg = Release|x64
		{423560E9-A956-3B5F-8915-39C1FC5C373E}.RelWithDebInfo|ARM.ActiveCfg = RelWithDebInfo|x64
		{423560E9-A956-3B5F-8915-39C1FC5C373E}.RelWithDebInfo|x64.ActiveCfg = RelWithDebInfo|x64
		{423560E9-A956-3B5F-8915-39C1FC5C373E}.RelWithDebInfo|x64.Build.0 = RelWithDebInfo|x64
		{423560E9-A956-3B5F-8915-39C1FC5C373E}.RelWithDebInfo|x86.ActiveCfg = RelWithDebInfo|x64
		{70BFB0B4-E192-3705-9B10-7768451159C6}.Debug|ARM.ActiveCfg = Debug|x64
		{70BFB0B4-E192-3705-9B10-7768451159C6}.Debug|x64.ActiveCfg = Debug|x64
		{70BFB0B4-E192-3705-9B10-7768451159C6}.Debug|x64.Build.0 = Debug|x64
		{70BFB0B4-E192-3705-9B10-7768451159C6}.Debug|x86.ActiveCfg = Debug|x64
		{70BFB0B4-E192-3705-9B10-7768451159C6}.MinSizeRel|ARM.ActiveCfg = MinSizeRel|x64
		{70BFB0B4-E192-3705-9B10-7768451159C6}.MinSizeRel|x64.ActiveCfg = MinSizeRel|x64
		{70BFB0B4-E192-3705-9B10-7768451159C6}.MinSizeRel|x64.Build.0 = MinSizeRel|x64
		{70BFB0B4-E192-3705-9B10-7768451159C6}.MinSizeRel|x86.ActiveCfg = MinSizeRel|x64
		{70BFB0B4-E192-3705-9B10-7768451159C6}.Release|ARM.ActiveCfg = Release|x64
		{70BFB0B4-E192-3705-9B10-7768451159C6}.Release|x64.ActiveCfg = Release|x64
		{70BFB0B4-E192-3705-9B10-7768451159C6}.Release|x64.Build.0 = Release|x64
		{70BFB0B4-E192-3705-9B10-7768451159C6}.Release|x86.ActiveCfg = Release|x64
		{70BFB0B4-E192-3705-9B10-7768451159C6}.RelWithDebInfo|ARM.ActiveCfg = RelWithDebInfo|x64
		{70BFB0B4-E192-3705-9B10-7768451159C6}.RelWithDebInfo|x64.ActiveCfg = RelWithDebInfo|x64
		{70BFB0B4-E192-3705-9B10-7768451159C6}.RelWithDebInfo|x64.Build.0 = RelWithDebInfo|x64
		{70BFB0B4-E192-3705-9B10-7768451159C6}.RelWithDebInfo|x86.ActiveCfg = RelWithDebInfo|x64
		{F1CEC199-79A4-3F27-AE57-62DE707621AF}.Debug|ARM.ActiveCfg = Debug|x64
		{F1CEC199-79A4-3F27-AE57-62DE707621AF}.Debug|x64.ActiveCfg = Debug|x64
		{F1CEC199-79A4-3F27-AE57-62DE707621AF}.Debug|x64.Build.0 = Debug|x64
		{F1CEC199-79A4-3F27-AE57-62DE707621AF}.Debug|x86.ActiveCfg = Debug|x64
		{F1CEC199-79A4-3F27-AE57-62DE707621AF}.MinSizeRel|ARM.ActiveCfg = MinSizeRel|x64
		{F1CEC199-79A4-3F27-AE57-62DE707621AF}.MinSizeRel|x64.ActiveCfg = MinSizeRel|x64
		{F1CEC199-79A4-3F27-AE57-62DE707621AF}.MinSizeRel|x64.Build.0 = MinSizeRel|x64
		{F1CEC199-79A4-3F27-AE57-62DE707621AF}.MinSizeRel|x86.ActiveCfg = MinSizeRel|x64
		{F1CEC199-79A4-3F27-AE57-62DE707621AF}.Release|ARM.ActiveCfg = Release|x64
		{F1CEC199-79A4-3F27-AE57-62DE707621AF}.Release|x64.ActiveCfg = Release|x64
		{F1CEC199-79A4-3F27-AE57-62DE707621AF}.Release|x64.Build.0 = Release|x64
		{F1CEC199-79A4-3F27-AE57-62DE707621AF}.Release|x86.ActiveCfg = Release|x64
		{F1CEC199-79A4-3F27-AE57-62DE707621AF}.RelWithDebInfo|ARM.ActiveCfg = RelWithDebInfo|x64
		{F1CEC199-79A4-3F27-AE57-62DE707621AF}.RelWithDebInfo|x64.ActiveCfg = RelWithDebInfo|x64
		{F1CEC199-79A4-3F27-AE57-62DE707621AF}.RelWithDebInfo|x64.Build.0 = RelWithDebInfo|x64
		{F1CEC199-79A4-3F27-AE57-62DE707621AF}.RelWithDebInfo|x86.ActiveCfg = RelWithDebInfo|x64
		{4137578B-F9A4-37F8-974A-04E6576A531D}.Debug|ARM.ActiveCfg = Debug|x64
		{4137578B-F9A4-37F8-974A-04E6576A531D}.Debug|x64.ActiveCfg = Debug|x64
		{4137578B-F9A4-37F8-974A-04E6576A531D}.Debug|x64.Build.0 = Debug|x64
		{4137578B-F9A4-37F8-974A-04E6576A531D}.Debug|x86.ActiveCfg = Debug|x64
		{4137578B-F9A4-37F8-974A-04E6576A531D}.MinSizeRel|ARM.ActiveCfg = MinSizeRel|x64
		{4137578B-F9A4-37F8-974A-04E6576A531D}.MinSizeRel|x64.ActiveCfg = MinSizeRel|x64
		{4137578B-F9A4-37F8-974A-04E6576A531D}.MinSizeRel|x64.Build.0 = MinSizeRel|x64
		{4137578B-F9A4-37F8-974A-04E6576A531D}.MinSizeRel|x86.ActiveCfg = MinSizeRel|x64
		{4137578B-F9A4-37F8-974A-04E6576A531D}.Release|ARM.ActiveCfg = Release|x64
		{4137578B-F9A4-37F8-974A-04E6576A531D}.Release|x64.ActiveCfg = Release|x64
		{4137578B-F9A4-37F8-974A-04E6576A531D}.Release|x64.Build.0 = Release|x64
		{4137578B-F9A4-37F8-974A-04E6576A531D}.Release|x86.ActiveCfg = Release|x64
		{4137578B-F9A4-37F8-974A-04E6576A531D}.RelWithDebInfo|ARM.ActiveCfg = RelWithDebInfo|x64
		{4137578B-F9A4-37F8-974A-04E6576A531D}.RelWithDebInfo|x64.ActiveCfg = RelWithDebInfo|x64
		{4137578B-F9A4-37F8-974A-04E6576A531D}.RelWithDebInfo|x64.Build.0 = RelWithDebInfo|x64
		{4137578B-F9A4-37F8-974A-04E6576A531D}.RelWithDebInfo|x86.ActiveCfg = RelWithDebInfo|x64
		{7C55CE42-7B09-3EAF-8FAD-1A74A4ACCFD1}.Debug|ARM.ActiveCfg = Debug|x64
		{7C55CE42-7B09-3EAF-8FAD-1A74A4ACCFD1}.Debug|x64.ActiveCfg = Debug|x64
		{7C55CE42-7B09-3EAF-8FAD-1A74A4ACCFD1}.Debug|x64.Build.0 = Debug|x64
		{7C55CE42-7B09-3EAF-8FAD-1A74A4ACCFD1}.Debug|x86.ActiveCfg = Debug|x64
		{7C55CE42-7B09-3EAF-8FAD-1A74A4ACCFD1}.MinSizeRel|ARM.ActiveCfg = MinSizeRel|x64
		{7C55CE42-7B09-3EAF-8FAD-1A74A4ACCFD1}.MinSizeRel|x64.ActiveCfg = MinSizeRel|x64
		{7C55CE42-7B09-3EAF-8FAD-1A74A4ACCFD1}.MinSizeRel|x64.Build.0 = MinSizeRel|x64
		{7C55CE42-7B09-3EAF-8FAD-1A74A4ACCFD1}.MinSizeRel|x86.ActiveCfg = MinSizeRel|x64
		{7C55CE42-7B09-3EAF-8FAD-1A74A4ACCFD1}.Release|ARM.ActiveCfg = Release|x64
		{7C55CE42-7B09-3EAF-8FAD-1A74A4ACCFD1}.Release|x64.ActiveCfg = Release|x64
		{7C55CE42-7B09-3EAF-8FAD-1A74A4ACCFD1}.Release|x64.Build.0 = Release|x64
		{7C55CE42-7B09-3EAF-8FAD-1A74A4ACCFD1}.Release|x86.ActiveCfg = Release|x64
		{7C55CE42-7B09-3EAF-8FAD-1A74A4ACCFD1}.RelWithDebInfo|ARM.ActiveCfg = RelWithDebInfo|x64
		{7C55CE42-7B09-3EAF-8FAD-1A74A4ACCFD1}.RelWithDebInfo|x64.ActiveCfg = RelWithDebInfo|x64
		{7C55CE42-7B09-3EAF-8FAD-1A74A4ACCFD1}.RelWithDebInfo|x64.Build.0 = RelWithDebInfo|x64
		{7C55CE42-7B09-3EAF-8FAD-1A74A4ACCFD1}.RelWithDebInfo|x86.ActiveCfg = RelWithDebInfo|x64
		{51BC0B57-3F49-3E6E-81DC-4EA26439D533}.Debug|ARM.ActiveCfg = Debug|x64
		{51BC0B57-3F49-3E6E-81DC-4EA26439D533}.Debug|x64.ActiveCfg = Debug|x64
		{51BC0B57-3F49-3E6E-81DC-4EA26439D533}.Debug|x64.Build.0 = Debug|x64
		{51BC0B57-3F49-3E6E-81DC-4EA26439D533}.Debug|x86.ActiveCfg = Debug|x64
		{51BC0B57-3F49-3E6E-81DC-4EA26439D533}.MinSizeRel|ARM.ActiveCfg = MinSizeRel|x64
		{51BC0B57-3F49-3E6E-81DC-4EA26439D533}.MinSizeRel|x64.ActiveCfg = MinSizeRel|x64
		{51BC0B57-3F49-3E6E-81DC-4EA26439D533}.MinSizeRel|x64.Build.0 = MinSizeRel|x64
		{51BC0B57-3F49-3E6E-81DC-4EA26439D533}.MinSizeRel|x86.ActiveCfg = MinSizeRel|x64
		{51BC0B57-3F49-3E6E-81DC-4EA26439D533}.Release|ARM.ActiveCfg = Release|x64
		{51BC0B57-3F49-3E6E-81DC-4EA26439D533}.Release|x64.ActiveCfg = Release|x64
		{51BC0B57-3F49-3E6E-81DC-4EA26439D533}.Release|x64.Build.0 = Release|x64
		{51BC0B57-3F49-3E6E-81DC-4EA26439D533}.Release|x86.ActiveCfg = Release|x64
		{51BC0B57-3F49-3E6E-81DC-4EA26439D533}.RelWithDebInfo|ARM.ActiveCfg = RelWithDebInfo|x64
		{51BC0B57-3F49-3E6E-81DC-4EA26439D533}.RelWithDebInfo|x64.ActiveCfg = RelWithDebInfo|x64
		{51BC0B57-3F49-3E6E-81DC-4EA26439D533}.RelWithDebInfo|x64.Build.0 = RelWithDebInfo|x64
		{51BC0B57-3F49-3E6E-81DC-4EA26439D533}.RelWithDebInfo|x86.ActiveCfg = RelWithDebInfo|x64
		{6028938C-DB5F-37A0-B3E8-83222E0D0AFB}.Debug|ARM.ActiveCfg = Debug|x64
		{6028938C-DB5F-37A0-B3E8-83222E0D0AFB}.Debug|x64.ActiveCfg = Debug|x64
		{6028938C-DB5F-37A0-B3E8-83222E0D0AFB}.Debug|x64.Build.0 = Debug|x64
		{6028938C-DB5F-37A0-B3E8-83222E0D0AFB}.Debug|x86.ActiveCfg = Debug|x64
		{6028938C-DB5F-37A0-B3E8-83222E0D0AFB}.MinSizeRel|ARM.ActiveCfg = MinSizeRel|x64
		{6028938C-DB5F-37A0-B3E8-83222E0D0AFB}.MinSizeRel|x64.ActiveCfg = MinSizeRel|x64
		{6028938C-DB5F-37A0-B3E8-83222E0D0AFB}.MinSizeRel|x64.Build.0 = MinSizeRel|x64
		{6028938C-DB5F-37A0-B3E8-83222E0D0AFB}.MinSizeRel|x86.ActiveCfg = MinSizeRel|x64
		{6028938C-DB5F-37A0-B3E8-83222E0D0AFB}.Release|ARM.ActiveCfg = Release|x64
		{6028938C-DB5F-37A0-B3E8-83222E0D0AFB}.Release|x64.ActiveCfg = Release|x64
		{6028938C-DB5F-37A0-B3E8-83222E0D0AFB}.Release|x64.Build.0 = Release|x64
		{6028938C-DB5F-37A0-B3E8-83222E0D0AFB}.Release|x86.ActiveCfg = Release|x64
		{6028938C-DB5F-37A0-B3E8-83222E0D0AFB}.RelWithDebInfo|ARM.ActiveCfg = RelWithDebInfo|x64
		{6028938C-DB5F-37A0-B3E8-83222E0D0AFB}.RelWithDebInfo|x64.ActiveCfg = RelWithDebInfo|x64
		{6028938C-DB5F-37A0-B3E8-83222E0D0AFB}.RelWithDebInfo|x64.Build.0 = RelWithDebInfo|x64
		{6028938C-DB5F-37A0-B3E8-83222E0D0AFB}.RelWithDebInfo|x86.ActiveCfg = RelWithDebInfo|x64
		{6423391B-5D4A-3D72-8496-9C40DCD1B8ED}.Debug|ARM.ActiveCfg = Debug|x64
		{6423391B-5D4A-3D72-8496-9C40DCD1B8ED}.Debug|x64.ActiveCfg = Debug|x64
		{6423391B-5D4A-3D72-8496-9C40DCD1B8ED}.Debug|x64.Build.0 = Debug|x64
		{6423391B-5D4A-3D72-8496-9C40DCD1B8ED}.Debug|x86.ActiveCfg = Debug|x64
		{6423391B-5D4A-3D72-8496-9C40DCD1B8ED}.MinSizeRel|ARM.ActiveCfg = MinSizeRel|x64
		{6423391B-5D4A-3D72-8496-9C40DCD1B8ED}.MinSizeRel|x64.ActiveCfg = MinSizeRel|x64
		{6423391B-5D4A-3D72-8496-9C40DCD1B8ED}.MinSizeRel|x64.Build.0 = MinSizeRel|x64
		{6423391B-5D4A-3D72-8496-9C40DCD1B8ED}.MinSizeRel|x86.ActiveCfg = MinSizeRel|x64
		{6423391B-5D4A-3D72-8496-9C40DCD1B8ED}.Release|ARM.ActiveCfg = Release|x64
		{6423391B-5D4A-3D72-8496-9C40DCD1B8ED}.Release|x64.ActiveCfg = Release|x64
		{6423391B-5D4A-3D72-8496-9C40DCD1B8ED}.Release|x64.Build.0 = Release|x64
		{6423391B-5D4A-3D72-8496-9C40DCD1B8ED}.Release|x86.ActiveCfg = Release|x64
		{6423391B-5D4A-3D72-8496-9C40DCD1B8ED}.RelWithDebInfo|ARM.ActiveCfg = RelWithDebInfo|x64
		{6423391B-5D4A-3D72-8496-9C40DCD1B8ED}.RelWithDebInfo|x64.ActiveCfg = RelWithDebInfo|x64
		{6423391B-5D4A-3D72-8496-9C40DCD1B8ED}.RelWithDebInfo|x64.Build.0 = RelWithDebInfo|x64
		{6423391B-5D4A-3D72-8496-9C40DCD1B8ED}.RelWithDebInfo|x86.ActiveCfg = RelWithDebInfo|x64
		{4430AF51-296E-3077-A6EA-61EB89864EB6}.Debug|ARM.ActiveCfg = Debug|x64
		{4430AF51-296E-3077-A6EA-61EB89864EB6}.Debug|x64.ActiveCfg = Debug|x64
		{4430AF51-296E-3077-A6EA-61EB89864EB6}.Debug|x64.Build.0 = Debug|x64
		{4430AF51-296E-3077-A6EA-61EB89864EB6}.Debug|x86.ActiveCfg = Debug|x64
		{4430AF51-296E-3077-A6EA-61EB89864EB6}.MinSizeRel|ARM.ActiveCfg = MinSizeRel|x64
		{4430AF51-296E-3077-A6EA-61EB89864EB6}.MinSizeRel|x64.ActiveCfg = MinSizeRel|x64
		{4430AF51-296E-3077-A6EA-61EB89864EB6}.MinSizeRel|x64.Build.0 = MinSizeRel|x64
		{4430AF51-296E-3077-A6EA-61EB89864EB6}.MinSizeRel|x86.ActiveCfg = MinSizeRel|x64
		{4430AF51-296E-3077-A6EA-61EB89864EB6}.Release|ARM.ActiveCfg = Release|x64
		{4430AF51-296E-3077-A6EA-61EB89864EB6}.Release|x64.ActiveCfg = Release|x64
		{4430AF51-296E-3077-A6EA-61EB89864EB6}.Release|x64.Build.0 = Release|x64
		{4430AF51-296E-3077-A6EA-61EB89864EB6}.Release|x86.ActiveCfg = Release|x64
		{4430AF51-296E-3077-A6EA-61EB89864EB6}.RelWithDebInfo|ARM.ActiveCfg = RelWithDebInfo|x64
		{4430AF51-296E-3077-A6EA-61EB89864EB6}.RelWithDebInfo|x64.ActiveCfg = RelWithDebInfo|x64
		{4430AF51-296E-3077-A6EA-61EB89864EB6}.RelWithDebInfo|x64.Build.0 = RelWithDebInfo|x64
		{4430AF51-296E-3077-A6EA-61EB89864EB6}.RelWithDebInfo|x86.ActiveCfg = RelWithDebInfo|x64
		{12717538-B10D-309E-AB4D-FC3C92C8BB99}.Debug|ARM.ActiveCfg = Debug|x64
		{12717538-B10D-309E-AB4D-FC3C92C8BB99}.Debug|x64.ActiveCfg = Debug|x64
		{12717538-B10D-309E-AB4D-FC3C92C8BB99}.Debug|x64.Build.0 = Debug|x64
		{12717538-B10D-309E-AB4D-FC3C92C8BB99}.Debug|x86.ActiveCfg = Debug|x64
		{12717538-B10D-309E-AB4D-FC3C92C8BB99}.MinSizeRel|ARM.ActiveCfg = MinSizeRel|x64
		{12717538-B10D-309E-AB4D-FC3C92C8BB99}.MinSizeRel|x64.ActiveCfg = MinSizeRel|x64
		{12717538-B10D-309E-AB4D-FC3C92C8BB99}.MinSizeRel|x64.Build.0 = MinSizeRel|x64
		{12717538-B10D-309E-AB4D-FC3C92C8BB99}.MinSizeRel|x86.ActiveCfg = MinSizeRel|x64
		{12717538-B10D-309E-AB4D-FC3C92C8BB99}.Release|ARM.ActiveCfg = Release|x64
		{12717538-B10D-309E-AB4D-FC3C92C8BB99}.Release|x64.ActiveCfg = Release|x64
		{12717538-B10D-309E-AB4D-FC3C92C8BB99}.Release|x64.Build.0 = Release|x64
		{12717538-B10D-309E-AB4D-FC3C92C8BB99}.Release|x86.ActiveCfg = Release|x64
		{12717538-B10D-309E-AB4D-FC3C92C8BB99}.RelWithDebInfo|ARM.ActiveCfg = RelWithDebInfo|x64
		{12717538-B10D-309E-AB4D-FC3C92C8BB99}.RelWithDebInfo|x64.ActiveCfg = RelWithDebInfo|x64
		{12717538-B10D-309E-AB4D-FC3C92C8BB99}.RelWithDebInfo|x64.Build.0 = RelWithDebInfo|x64
		{12717538-B10D-309E-AB4D-FC3C92C8BB99}.RelWithDebInfo|x86.ActiveCfg = RelWithDebInfo|x64
		{B96484AD-26B5-3C2B-845E-ECA4777071D0}.Debug|ARM.ActiveCfg = Debug|x64
		{B96484AD-26B5-3C2B-845E-ECA4777071D0}.Debug|x64.ActiveCfg = Debug|x64
		{B96484AD-26B5-3C2B-845E-ECA4777071D0}.Debug|x64.Build.0 = Debug|x64
		{B96484AD-26B5-3C2B-845E-ECA4777071D0}.Debug|x86.ActiveCfg = Debug|x64
		{B96484AD-26B5-3C2B-845E-ECA4777071D0}.MinSizeRel|ARM.ActiveCfg = MinSizeRel|x64
		{B96484AD-26B5-3C2B-845E-ECA4777071D0}.MinSizeRel|x64.ActiveCfg = MinSizeRel|x64
		{B96484AD-26B5-3C2B-845E-ECA4777071D0}.MinSizeRel|x64.Build.0 = MinSizeRel|x64
		{B96484AD-26B5-3C2B-845E-ECA4777071D0}.MinSizeRel|x86.ActiveCfg = MinSizeRel|x64
		{B96484AD-26B5-3C2B-845E-ECA4777071D0}.Release|ARM.ActiveCfg = Release|x64
		{B96484AD-26B5-3C2B-845E-ECA4777071D0}.Release|x64.ActiveCfg = Release|x64
		{B96484AD-26B5-3C2B-845E-ECA4777071D0}.Release|x64.Build.0 = Release|x64
		{B96484AD-26B5-3C2B-845E-ECA4777071D0}.Release|x86.ActiveCfg = Release|x64
		{B96484AD-26B5-3C2B-845E-ECA4777071D0}.RelWithDebInfo|ARM.ActiveCfg = RelWithDebInfo|x64
		{B96484AD-26B5-3C2B-845E-ECA4777071D0}.RelWithDebInfo|x64.ActiveCfg = RelWithDebInfo|x64
		{B96484AD-26B5-3C2B-845E-ECA4777071D0}.RelWithDebInfo|x64.Build.0 = RelWithDebInfo|x64
		{B96484AD-26B5-3C2B-845E-ECA4777071D0}.RelWithDebInfo|x86.ActiveCfg = RelWithDebInfo|x64
		{51956785-8AD9-3452-98E8-30CB63A22CDC}.Debug|ARM.ActiveCfg = Debug|x64
		{51956785-8AD9-3452-98E8-30CB63A22CDC}.Debug|x64.ActiveCfg = Debug|x64
		{51956785-8AD9-3452-98E8-30CB63A22CDC}.Debug|x64.Build.0 = Debug|x64
		{51956785-8AD9-3452-98E8-30CB63A22CDC}.Debug|x86.ActiveCfg = Debug|x64
		{51956785-8AD9-3452-98E8-30CB63A22CDC}.MinSizeRel|ARM.ActiveCfg = MinSizeRel|x64
		{51956785-8AD9-3452-98E8-30CB63A22CDC}.MinSizeRel|x64.ActiveCfg = MinSizeRel|x64
		{51956785-8AD9-3452-98E8-30CB63A22CDC}.MinSizeRel|x64.Build.0 = MinSizeRel|x64
		{51956785-8AD9-3452-98E8-30CB63A22CDC}.MinSizeRel|x86.ActiveCfg = MinSizeRel|x64
		{51956785-8AD9-3452-98E8-30CB63A22CDC}.Release|ARM.ActiveCfg = Release|x64
		{51956785-8AD9-3452-98E8-30CB63A22CDC}.Release|x64.ActiveCfg = Release|x64
		{51956785-8AD9-3452-98E8-30CB63A22CDC}.Release|x64.Build.0 = Release|x64
		{51956785-8AD9-3452-98E8-30CB63A22CDC}.Release|x86.ActiveCfg = Release|x64
		{51956785-8AD9-3452-98E8-30CB63A22CDC}.RelWithDebInfo|ARM.ActiveCfg = RelWithDebInfo|x64
		{51956785-8AD9-3452-98E8-30CB63A22CDC}.RelWithDebInfo|x64.ActiveCfg = RelWithDebInfo|x64
		{51956785-8AD9-3452-98E8-30CB63A22CDC}.RelWithDebInfo|x64.Build.0 = RelWithDebInfo|x64
		{51956785-8AD9-3452-98E8-30CB63A22CDC}.RelWithDebInfo|x86.ActiveCfg = RelWithDebInfo|x64
		{FA10F6F4-1CE8-31BD-9114-171682C2098A}.Debug|ARM.ActiveCfg = Debug|x64
		{FA10F6F4-1CE8-31BD-9114-171682C2098A}.Debug|x64.ActiveCfg = Debug|x64
		{FA10F6F4-1CE8-31BD-9114-171682C2098A}.Debug|x64.Build.0 = Debug|x64
		{FA10F6F4-1CE8-31BD-9114-171682C2098A}.Debug|x86.ActiveCfg = Debug|x64
		{FA10F6F4-1CE8-31BD-9114-171682C2098A}.MinSizeRel|ARM.ActiveCfg = MinSizeRel|x64
		{FA10F6F4-1CE8-31BD-9114-171682C2098A}.MinSizeRel|x64.ActiveCfg = MinSizeRel|x64
		{FA10F6F4-1CE8-31BD-9114-171682C2098A}.MinSizeRel|x64.Build.0 = MinSizeRel|x64
		{FA10F6F4-1CE8-31BD-9114-171682C2098A}.MinSizeRel|x86.ActiveCfg = MinSizeRel|x64
		{FA10F6F4-1CE8-31BD-9114-171682C2098A}.Release|ARM.ActiveCfg = Release|x64
		{FA10F6F4-1CE8-31BD-9114-171682C2098A}.Release|x64.ActiveCfg = Release|x64
		{FA10F6F4-1CE8-31BD-9114-171682C2098A}.Release|x64.Build.0 = Release|x64
		{FA10F6F4-1CE8-31BD-9114-171682C2098A}.Release|x86.ActiveCfg = Release|x64
		{FA10F6F4-1CE8-31BD-9114-171682C2098A}.RelWithDebInfo|ARM.ActiveCfg = RelWithDebInfo|x64
		{FA10F6F4-1CE8-31BD-9114-171682C2098A}.RelWithDebInfo|x64.ActiveCfg = RelWithDebInfo|x64
		{FA10F6F4-1CE8-31BD-9114-171682C2098A}.RelWithDebInfo|x64.Build.0 = RelWithDebInfo|x64
		{FA10F6F4-1CE8-31BD-9114-171682C2098A}.RelWithDebInfo|x86.ActiveCfg = RelWithDebInfo|x64
		{64E9DB33-0F53-303D-BC48-2C2F9625F80A}.Debug|ARM.ActiveCfg = Debug|x64
		{64E9DB33-0F53-303D-BC48-2C2F9625F80A}.Debug|x64.ActiveCfg = Debug|x64
		{64E9DB33-0F53-303D-BC48-2C2F9625F80A}.Debug|x64.Build.0 = Debug|x64
		{64E9DB33-0F53-303D-BC48-2C2F9625F80A}.Debug|x86.ActiveCfg = Debug|x64
		{64E9DB33-0F53-303D-BC48-2C2F9625F80A}.MinSizeRel|ARM.ActiveCfg = MinSizeRel|x64
		{64E9DB33-0F53-303D-BC48-2C2F9625F80A}.MinSizeRel|x64.ActiveCfg = MinSizeRel|x64
		{64E9DB33-0F53-303D-BC48-2C2F9625F80A}.MinSizeRel|x64.Build.0 = MinSizeRel|x64
		{64E9DB33-0F53-303D-BC48-2C2F9625F80A}.MinSizeRel|x86.ActiveCfg = MinSizeRel|x64
		{64E9DB33-0F53-303D-BC48-2C2F9625F80A}.Release|ARM.ActiveCfg = Release|x64
		{64E9DB33-0F53-303D-BC48-2C2F9625F80A}.Release|x64.ActiveCfg = Release|x64
		{64E9DB33-0F53-303D-BC48-2C2F9625F80A}.Release|x64.Build.0 = Release|x64
		{64E9DB33-0F53-303D-BC48-2C2F9625F80A}.Release|x86.ActiveCfg = Release|x64
		{64E9DB33-0F53-303D-BC48-2C2F9625F80A}.RelWithDebInfo|ARM.ActiveCfg = RelWithDebInfo|x64
		{64E9DB33-0F53-303D-BC48-2C2F9625F80A}.RelWithDebInfo|x64.ActiveCfg = RelWithDebInfo|x64
		{64E9DB33-0F53-303D-BC48-2C2F9625F80A}.RelWithDebInfo|x64.Build.0 = RelWithDebInfo|x64
		{64E9DB33-0F53-303D-BC48-2C2F9625F80A}.RelWithDebInfo|x86.ActiveCfg = RelWithDebInfo|x64
		{F72C9FF7-7AF5-35A2-AA46-A14C73A461BC}.Debug|ARM.ActiveCfg = Debug|x64
		{F72C9FF7-7AF5-35A2-AA46-A14C73A461BC}.Debug|x64.ActiveCfg = Debug|x64
		{F72C9FF7-7AF5-35A2-AA46-A14C73A461BC}.Debug|x64.Build.0 = Debug|x64
		{F72C9FF7-7AF5-35A2-AA46-A14C73A461BC}.Debug|x86.ActiveCfg = Debug|x64
		{F72C9FF7-7AF5-35A2-AA46-A14C73A461BC}.MinSizeRel|ARM.ActiveCfg = MinSizeRel|x64
		{F72C9FF7-7AF5-35A2-AA46-A14C73A461BC}.MinSizeRel|x64.ActiveCfg = MinSizeRel|x64
		{F72C9FF7-7AF5-35A2-AA46-A14C73A461BC}.MinSizeRel|x64.Build.0 = MinSizeRel|x64
		{F72C9FF7-7AF5-35A2-AA46-A14C73A461BC}.MinSizeRel|x86.ActiveCfg = MinSizeRel|x64
		{F72C9FF7-7AF5-35A2-AA46-A14C73A461BC}.Release|ARM.ActiveCfg = Release|x64
		{F72C9FF7-7AF5-35A2-AA46-A14C73A461BC}.Release|x64.ActiveCfg = Release|x64
		{F72C9FF7-7AF5-35A2-AA46-A14C73A461BC}.Release|x64.Build.0 = Release|x64
		{F72C9FF7-7AF5-35A2-AA46-A14C73A461BC}.Release|x86.ActiveCfg = Release|x64
		{F72C9FF7-7AF5-35A2-AA46-A14C73A461BC}.RelWithDebInfo|ARM.ActiveCfg = RelWithDebInfo|x64
		{F72C9FF7-7AF5-35A2-AA46-A14C73A461BC}.RelWithDebInfo|x64.ActiveCfg = RelWithDebInfo|x64
		{F72C9FF7-7AF5-35A2-AA46-A14C73A461BC}.RelWithDebInfo|x64.Build.0 = RelWithDebInfo|x64
		{F72C9FF7-7AF5-35A2-AA46-A14C73A461BC}.RelWithDebInfo|x86.ActiveCfg = RelWithDebInfo|x64
		{D7339F43-CB28-312F-9FDB-8BE6171ABB69}.Debug|ARM.ActiveCfg = Debug|x64
		{D7339F43-CB28-312F-9FDB-8BE6171ABB69}.Debug|x64.ActiveCfg = Debug|x64
		{D7339F43-CB28-312F-9FDB-8BE6171ABB69}.Debug|x64.Build.0 = Debug|x64
		{D7339F43-CB28-312F-9FDB-8BE6171ABB69}.Debug|x86.ActiveCfg = Debug|x64
		{D7339F43-CB28-312F-9FDB-8BE6171ABB69}.MinSizeRel|ARM.ActiveCfg = MinSizeRel|x64
		{D7339F43-CB28-312F-9FDB-8BE6171ABB69}.MinSizeRel|x64.ActiveCfg = MinSizeRel|x64
		{D7339F43-CB28-312F-9FDB-8BE6171ABB69}.MinSizeRel|x64.Build.0 = MinSizeRel|x64
		{D7339F43-CB28-312F-9FDB-8BE6171ABB69}.MinSizeRel|x86.ActiveCfg = MinSizeRel|x64
		{D7339F43-CB28-312F-9FDB-8BE6171ABB69}.Release|ARM.ActiveCfg = Release|x64
		{D7339F43-CB28-312F-9FDB-8BE6171ABB69}.Release|x64.ActiveCfg = Release|x64
		{D7339F43-CB28-312F-9FDB-8BE6171ABB69}.Release|x64.Build.0 = Release|x64
		{D7339F43-CB28-312F-9FDB-8BE6171ABB69}.Release|x86.ActiveCfg = Release|x64
		{D7339F43-CB28-312F-9FDB-8BE6171ABB69}.RelWithDebInfo|ARM.ActiveCfg = RelWithDebInfo|x64
		{D7339F43-CB28-312F-9FDB-8BE6171ABB69}.RelWithDebInfo|x64.ActiveCfg = RelWithDebInfo|x64
		{D7339F43-CB28-312F-9FDB-8BE6171ABB69}.RelWithDebInfo|x64.Build.0 = RelWithDebInfo|x64
		{D7339F43-CB28-312F-9FDB-8BE6171ABB69}.RelWithDebInfo|x86.ActiveCfg = RelWithDebInfo|x64
		{5A52F2D1-5CF9-3C1D-95B7-8F91370E3D86}.Debug|ARM.ActiveCfg = Debug|x64
		{5A52F2D1-5CF9-3C1D-95B7-8F91370E3D86}.Debug|x64.ActiveCfg = Debug|x64
		{5A52F2D1-5CF9-3C1D-95B7-8F91370E3D86}.Debug|x64.Build.0 = Debug|x64
		{5A52F2D1-5CF9-3C1D-95B7-8F91370E3D86}.Debug|x86.ActiveCfg = Debug|x64
		{5A52F2D1-5CF9-3C1D-95B7-8F91370E3D86}.MinSizeRel|ARM.ActiveCfg = MinSizeRel|x64
		{5A52F2D1-5CF9-3C1D-95B7-8F91370E3D86}.MinSizeRel|x64.ActiveCfg = MinSizeRel|x64
		{5A52F2D1-5CF9-3C1D-95B7-8F91370E3D86}.MinSizeRel|x64.Build.0 = MinSizeRel|x64
		{5A52F2D1-5CF9-3C1D-95B7-8F91370E3D86}.MinSizeRel|x86.ActiveCfg = MinSizeRel|x64
		{5A52F2D1-5CF9-3C1D-95B7-8F91370E3D86}.Release|ARM.ActiveCfg = Release|x64
		{5A52F2D1-5CF9-3C1D-95B7-8F91370E3D86}.Release|x64.ActiveCfg = Release|x64
		{5A52F2D1-5CF9-3C1D-95B7-8F91370E3D86}.Release|x64.Build.0 = Release|x64
		{5A52F2D1-5CF9-3C1D-95B7-8F91370E3D86}.Release|x86.ActiveCfg = Release|x64
		{5A52F2D1-5CF9-3C1D-95B7-8F91370E3D86}.RelWithDebInfo|ARM.ActiveCfg = RelWithDebInfo|x64
		{5A52F2D1-5CF9-3C1D-95B7-8F91370E3D86}.RelWithDebInfo|x64.ActiveCfg = RelWithDebInfo|x64
		{5A52F2D1-5CF9-3C1D-95B7-8F91370E3D86}.RelWithDebInfo|x64.Build.0 = RelWithDebInfo|x64
		{5A52F2D1-5CF9-3C1D-95B7-8F91370E3D86}.RelWithDebInfo|x86.ActiveCfg = RelWithDebInfo|x64
		{72C0711E-7143-34CE-813A-B53CD0F8F320}.Debug|ARM.ActiveCfg = Debug|x64
		{72C0711E-7143-34CE-813A-B53CD0F8F320}.Debug|x64.ActiveCfg = Debug|x64
		{72C0711E-7143-34CE-813A-B53CD0F8F320}.Debug|x64.Build.0 = Debug|x64
		{72C0711E-7143-34CE-813A-B53CD0F8F320}.Debug|x86.ActiveCfg = Debug|x64
		{72C0711E-7143-34CE-813A-B53CD0F8F320}.MinSizeRel|ARM.ActiveCfg = MinSizeRel|x64
		{72C0711E-7143-34CE-813A-B53CD0F8F320}.MinSizeRel|x64.ActiveCfg = MinSizeRel|x64
		{72C0711E-7143-34CE-813A-B53CD0F8F320}.MinSizeRel|x64.Build.0 = MinSizeRel|x64
		{72C0711E-7143-34CE-813A-B53CD0F8F320}.MinSizeRel|x86.ActiveCfg = MinSizeRel|x64
		{72C0711E-7143-34CE-813A-B53CD0F8F320}.Release|ARM.ActiveCfg = Release|x64
		{72C0711E-7143-34CE-813A-B53CD0F8F320}.Release|x64.ActiveCfg = Release|x64
		{72C0711E-7143-34CE-813A-B53CD0F8F320}.Release|x64.Build.0 = Release|x64
		{72C0711E-7143-34CE-813A-B53CD0F8F320}.Release|x86.ActiveCfg = Release|x64
		{72C0711E-7143-34CE-813A-B53CD0F8F320}.RelWithDebInfo|ARM.ActiveCfg = RelWithDebInfo|x64
		{72C0711E-7143-34CE-813A-B53CD0F8F320}.RelWithDebInfo|x64.ActiveCfg = RelWithDebInfo|x64
		{72C0711E-7143-34CE-813A-B53CD0F8F320}.RelWithDebInfo|x64.Build.0 = RelWithDebInfo|x64
		{72C0711E-7143-34CE-813A-B53CD0F8F320}.RelWithDebInfo|x86.ActiveCfg = RelWithDebInfo|x64
	EndGlobalSection
	GlobalSection(SolutionProperties) = preSolution
		HideSolutionNode = FALSE
	EndGlobalSection
	GlobalSection(ExtensibilityGlobals) = postSolution
		SolutionGuid = {394BFBF1-3AFB-4F9E-8267-0F01DBCD81CC}
	EndGlobalSection
EndGlobal
