
Microsoft Visual Studio Solution File, Format Version 12.00
# Visual Studio Version 16
VisualStudioVersion = 16.0.28803.352
MinimumVisualStudioVersion = 10.0.40219.1
Project("{8BC9CEB8-8B4A-11D0-8D11-00A0C91BC942}") = "wtzod", "wtzod\wtzod.vcxproj", "{6508C136-731E-4579-B847-4767C7C3D6F2}"
	ProjectSection(ProjectDependencies) = postProject
		{F4D0FBA0-EF6A-3F45-AE5A-0E29FC158D67} = {F4D0FBA0-EF6A-3F45-AE5A-0E29FC158D67}
		{3388195F-6F27-315B-BF57-32C18AEA8D39} = {3388195F-6F27-315B-BF57-32C18AEA8D39}
	EndProjectSection
EndProject
Project("{8BC9CEB8-8B4A-11D0-8D11-00A0C91BC942}") = "ALL_BUILD", "_build\ALL_BUILD.vcxproj", "{3169ABA0-FF06-38BE-B997-412C6B10EC8B}"
EndProject
Project("{8BC9CEB8-8B4A-11D0-8D11-00A0C91BC942}") = "ai", "_build\src\ai\ai.vcxproj", "{55DD238A-C24A-3C93-83E2-74085854DB67}"
EndProject
Project("{8BC9CEB8-8B4A-11D0-8D11-00A0C91BC942}") = "gc", "_build\src\gc\gc.vcxproj", "{799AA1A1-9888-3D65-B40D-6B5C9A774827}"
EndProject
Project("{8BC9CEB8-8B4A-11D0-8D11-00A0C91BC942}") = "app", "_build\src\app\app.vcxproj", "{F4D0FBA0-EF6A-3F45-AE5A-0E29FC158D67}"
EndProject
Project("{8BC9CEB8-8B4A-11D0-8D11-00A0C91BC942}") = "gclua", "_build\src\gclua\gclua.vcxproj", "{180E1AC9-810A-3764-92AF-A11B209494DC}"
EndProject
Project("{8BC9CEB8-8B4A-11D0-8D11-00A0C91BC942}") = "loc", "_build\src\loc\loc.vcxproj", "{6EEE6440-8B2E-3447-9C11-68DC9838B7F4}"
EndProject
Project("{8BC9CEB8-8B4A-11D0-8D11-00A0C91BC942}") = "mapfile", "_build\src\mf\mapfile.vcxproj", "{F873C310-53D5-3F1E-8838-D3C1ED344776}"
EndProject
Project("{8BC9CEB8-8B4A-11D0-8D11-00A0C91BC942}") = "render", "_build\src\render\render.vcxproj", "{412A07B0-6575-3998-840B-368392FE890D}"
EndProject
Project("{8BC9CEB8-8B4A-11D0-8D11-00A0C91BC942}") = "script", "_build\src\script\script.vcxproj", "{B2532A04-DBAC-31C0-807E-BE4C81DCF994}"
EndProject
Project("{8BC9CEB8-8B4A-11D0-8D11-00A0C91BC942}") = "video", "_build\src\video\video.vcxproj", "{3388195F-6F27-315B-BF57-32C18AEA8D39}"
EndProject
Project("{8BC9CEB8-8B4A-11D0-8D11-00A0C91BC942}") = "lua", "_build\src\external\lua\lua.vcxproj", "{0422DC6E-67CA-3257-8D9E-F1423EF2B73B}"
EndProject
Project("{8BC9CEB8-8B4A-11D0-8D11-00A0C91BC942}") = "config", "_build\src\config\config.vcxproj", "{D32E4D4E-2E52-3917-B53C-9EB6A7BA4E49}"
EndProject
Project("{8BC9CEB8-8B4A-11D0-8D11-00A0C91BC942}") = "pluto", "_build\src\external\pluto\pluto.vcxproj", "{DDAD438A-B23C-326B-AEC9-BF8ACA814CB3}"
EndProject
Project("{8BC9CEB8-8B4A-11D0-8D11-00A0C91BC942}") = "ctx", "_build\src\ctx\ctx.vcxproj", "{57B589C4-11C5-3615-BD66-4269AACE5C0A}"
EndProject
Project("{8BC9CEB8-8B4A-11D0-8D11-00A0C91BC942}") = "as", "_build\src\as\as.vcxproj", "{F311A6C7-C75B-31A5-B656-C2A5332CFB5F}"
EndProject
Project("{8BC9CEB8-8B4A-11D0-8D11-00A0C91BC942}") = "gv", "_build\src\gv\gv.vcxproj", "{648667DC-EE7C-3019-A2DD-00DDF2768877}"
EndProject
Project("{8BC9CEB8-8B4A-11D0-8D11-00A0C91BC942}") = "ui", "_build\src\libui\ui.vcxproj", "{749D552B-5B9A-3813-A66A-16AE69232573}"
EndProject
Project("{8BC9CEB8-8B4A-11D0-8D11-00A0C91BC942}") = "shell", "_build\src\shell\shell.vcxproj", "{E115383E-B94E-3D02-932E-AF68E2FD6944}"
EndProject
Project("{8BC9CEB8-8B4A-11D0-8D11-00A0C91BC942}") = "StoreData", "_build\data\StoreData.vcxproj", "{89633FF0-7CB8-394F-ABCB-C3E76398EA92}"
EndProject
Project("{8BC9CEB8-8B4A-11D0-8D11-00A0C91BC942}") = "audio", "_build\src\audio\audio.vcxproj", "{C46CFCB5-B59C-38DE-8243-F5718505BE9D}"
EndProject
Project("{8BC9CEB8-8B4A-11D0-8D11-00A0C91BC942}") = "luaetc", "_build\src\luaetc\luaetc.vcxproj", "{C0B466FB-CB21-37AE-B3B9-7CA1CF521B8E}"
EndProject
Project("{8BC9CEB8-8B4A-11D0-8D11-00A0C91BC942}") = "cbind", "_build\src\cbind\cbind.vcxproj", "{B514E174-F61C-3C60-B51F-8755B7DC28A1}"
EndProject
Project("{8BC9CEB8-8B4A-11D0-8D11-00A0C91BC942}") = "editor", "_build\src\editor\editor.vcxproj", "{D23D9D5C-9FD9-35B9-8955-67DCFE2307A2}"
EndProject
Project("{8BC9CEB8-8B4A-11D0-8D11-00A0C91BC942}") = "platetc", "_build\src\platetc\platetc.vcxproj", "{D47F138C-BAEC-3EAE-B78C-6EF06A106A64}"
EndProject
Project("{8BC9CEB8-8B4A-11D0-8D11-00A0C91BC942}") = "fswin", "_build\src\fswin\fswin.vcxproj", "{AC61DAF5-41D2-3CEC-A656-F3B5EA94004A}"
EndProject
Project("{8BC9CEB8-8B4A-11D0-8D11-00A0C91BC942}") = "fs", "_build\src\fs\fs.vcxproj", "{4E5FE487-8282-3C98-8061-6D82ECAAA22C}"
EndProject
Project("{8BC9CEB8-8B4A-11D0-8D11-00A0C91BC942}") = "plat", "_build\src\plat\plat.vcxproj", "{91FFFFD8-CA4D-3E0B-879C-EA5EB2A04C8F}"
EndProject
Project("{8BC9CEB8-8B4A-11D0-8D11-00A0C91BC942}") = "wavfile", "_build\src\wavfile\wavfile.vcxproj", "{A54F0751-BD23-3457-BCE3-79EBB55EDFEB}"
EndProject
Global
	GlobalSection(SolutionConfigurationPlatforms) = preSolution
		Debug|ARM = Debug|ARM
		Debug|x64 = Debug|x64
		Debug|x86 = Debug|x86
		MinSizeRel|ARM = MinSizeRel|ARM
		MinSizeRel|x64 = MinSizeRel|x64
		MinSizeRel|x86 = MinSizeRel|x86
		Release|ARM = Release|ARM
		Release|x64 = Release|x64
		Release|x86 = Release|x86
		RelWithDebInfo|ARM = RelWithDebInfo|ARM
		RelWithDebInfo|x64 = RelWithDebInfo|x64
		RelWithDebInfo|x86 = RelWithDebInfo|x86
	EndGlobalSection
	GlobalSection(ProjectConfigurationPlatforms) = postSolution
		{6508C136-731E-4579-B847-4767C7C3D6F2}.Debug|ARM.ActiveCfg = Debug|ARM
		{6508C136-731E-4579-B847-4767C7C3D6F2}.Debug|ARM.Build.0 = Debug|ARM
		{6508C136-731E-4579-B847-4767C7C3D6F2}.Debug|ARM.Deploy.0 = Debug|ARM
		{6508C136-731E-4579-B847-4767C7C3D6F2}.Debug|x64.ActiveCfg = Debug|x64
		{6508C136-731E-4579-B847-4767C7C3D6F2}.Debug|x64.Build.0 = Debug|x64
		{6508C136-731E-4579-B847-4767C7C3D6F2}.Debug|x64.Deploy.0 = Debug|x64
		{6508C136-731E-4579-B847-4767C7C3D6F2}.Debug|x86.ActiveCfg = Debug|Win32
		{6508C136-731E-4579-B847-4767C7C3D6F2}.Debug|x86.Build.0 = Debug|Win32
		{6508C136-731E-4579-B847-4767C7C3D6F2}.Debug|x86.Deploy.0 = Debug|Win32
		{6508C136-731E-4579-B847-4767C7C3D6F2}.MinSizeRel|ARM.ActiveCfg = Release|ARM
		{6508C136-731E-4579-B847-4767C7C3D6F2}.MinSizeRel|ARM.Build.0 = Release|ARM
		{6508C136-731E-4579-B847-4767C7C3D6F2}.MinSizeRel|ARM.Deploy.0 = Release|ARM
		{6508C136-731E-4579-B847-4767C7C3D6F2}.MinSizeRel|x64.ActiveCfg = Release|x64
		{6508C136-731E-4579-B847-4767C7C3D6F2}.MinSizeRel|x64.Build.0 = Release|x64
		{6508C136-731E-4579-B847-4767C7C3D6F2}.MinSizeRel|x64.Deploy.0 = Release|x64
		{6508C136-731E-4579-B847-4767C7C3D6F2}.MinSizeRel|x86.ActiveCfg = Release|Win32
		{6508C136-731E-4579-B847-4767C7C3D6F2}.MinSizeRel|x86.Build.0 = Release|Win32
		{6508C136-731E-4579-B847-4767C7C3D6F2}.MinSizeRel|x86.Deploy.0 = Release|Win32
		{6508C136-731E-4579-B847-4767C7C3D6F2}.Release|ARM.ActiveCfg = Release|ARM
		{6508C136-731E-4579-B847-4767C7C3D6F2}.Release|ARM.Build.0 = Release|ARM
		{6508C136-731E-4579-B847-4767C7C3D6F2}.Release|ARM.Deploy.0 = Release|ARM
		{6508C136-731E-4579-B847-4767C7C3D6F2}.Release|x64.ActiveCfg = Release|x64
		{6508C136-731E-4579-B847-4767C7C3D6F2}.Release|x64.Build.0 = Release|x64
		{6508C136-731E-4579-B847-4767C7C3D6F2}.Release|x64.Deploy.0 = Release|x64
		{6508C136-731E-4579-B847-4767C7C3D6F2}.Release|x86.ActiveCfg = Release|Win32
		{6508C136-731E-4579-B847-4767C7C3D6F2}.Release|x86.Build.0 = Release|Win32
		{6508C136-731E-4579-B847-4767C7C3D6F2}.Release|x86.Deploy.0 = Release|Win32
		{6508C136-731E-4579-B847-4767C7C3D6F2}.RelWithDebInfo|ARM.ActiveCfg = Release|ARM
		{6508C136-731E-4579-B847-4767C7C3D6F2}.RelWithDebInfo|ARM.Build.0 = Release|ARM
		{6508C136-731E-4579-B847-4767C7C3D6F2}.RelWithDebInfo|ARM.Deploy.0 = Release|ARM
		{6508C136-731E-4579-B847-4767C7C3D6F2}.RelWithDebInfo|x64.ActiveCfg = Release|x64
		{6508C136-731E-4579-B847-4767C7C3D6F2}.RelWithDebInfo|x64.Build.0 = Release|x64
		{6508C136-731E-4579-B847-4767C7C3D6F2}.RelWithDebInfo|x64.Deploy.0 = Release|x64
		{6508C136-731E-4579-B847-4767C7C3D6F2}.RelWithDebInfo|x86.ActiveCfg = Release|Win32
		{6508C136-731E-4579-B847-4767C7C3D6F2}.RelWithDebInfo|x86.Build.0 = Release|Win32
		{6508C136-731E-4579-B847-4767C7C3D6F2}.RelWithDebInfo|x86.Deploy.0 = Release|Win32
		{3169ABA0-FF06-38BE-B997-412C6B10EC8B}.Debug|ARM.ActiveCfg = Debug|x64
		{3169ABA0-FF06-38BE-B997-412C6B10EC8B}.Debug|x64.ActiveCfg = Debug|x64
		{3169ABA0-FF06-38BE-B997-412C6B10EC8B}.Debug|x64.Build.0 = Debug|x64
		{3169ABA0-FF06-38BE-B997-412C6B10EC8B}.Debug|x86.ActiveCfg = Debug|x64
		{3169ABA0-FF06-38BE-B997-412C6B10EC8B}.MinSizeRel|ARM.ActiveCfg = MinSizeRel|x64
		{3169ABA0-FF06-38BE-B997-412C6B10EC8B}.MinSizeRel|x64.ActiveCfg = MinSizeRel|x64
		{3169ABA0-FF06-38BE-B997-412C6B10EC8B}.MinSizeRel|x64.Build.0 = MinSizeRel|x64
		{3169ABA0-FF06-38BE-B997-412C6B10EC8B}.MinSizeRel|x86.ActiveCfg = MinSizeRel|x64
		{3169ABA0-FF06-38BE-B997-412C6B10EC8B}.Release|ARM.ActiveCfg = Release|x64
		{3169ABA0-FF06-38BE-B997-412C6B10EC8B}.Release|x64.ActiveCfg = Release|x64
		{3169ABA0-FF06-38BE-B997-412C6B10EC8B}.Release|x64.Build.0 = Release|x64
		{3169ABA0-FF06-38BE-B997-412C6B10EC8B}.Release|x86.ActiveCfg = Release|x64
		{3169ABA0-FF06-38BE-B997-412C6B10EC8B}.RelWithDebInfo|ARM.ActiveCfg = RelWithDebInfo|x64
		{3169ABA0-FF06-38BE-B997-412C6B10EC8B}.RelWithDebInfo|x64.ActiveCfg = RelWithDebInfo|x64
		{3169ABA0-FF06-38BE-B997-412C6B10EC8B}.RelWithDebInfo|x64.Build.0 = RelWithDebInfo|x64
		{3169ABA0-FF06-38BE-B997-412C6B10EC8B}.RelWithDebInfo|x86.ActiveCfg = RelWithDebInfo|x64
		{55DD238A-C24A-3C93-83E2-74085854DB67}.Debug|ARM.ActiveCfg = Debug|x64
		{55DD238A-C24A-3C93-83E2-74085854DB67}.Debug|x64.ActiveCfg = Debug|x64
		{55DD238A-C24A-3C93-83E2-74085854DB67}.Debug|x64.Build.0 = Debug|x64
		{55DD238A-C24A-3C93-83E2-74085854DB67}.Debug|x86.ActiveCfg = Debug|x64
		{55DD238A-C24A-3C93-83E2-74085854DB67}.MinSizeRel|ARM.ActiveCfg = MinSizeRel|x64
		{55DD238A-C24A-3C93-83E2-74085854DB67}.MinSizeRel|x64.ActiveCfg = MinSizeRel|x64
		{55DD238A-C24A-3C93-83E2-74085854DB67}.MinSizeRel|x64.Build.0 = MinSizeRel|x64
		{55DD238A-C24A-3C93-83E2-74085854DB67}.MinSizeRel|x86.ActiveCfg = MinSizeRel|x64
		{55DD238A-C24A-3C93-83E2-74085854DB67}.Release|ARM.ActiveCfg = Release|x64
		{55DD238A-C24A-3C93-83E2-74085854DB67}.Release|x64.ActiveCfg = Release|x64
		{55DD238A-C24A-3C93-83E2-74085854DB67}.Release|x64.Build.0 = Release|x64
		{55DD238A-C24A-3C93-83E2-74085854DB67}.Release|x86.ActiveCfg = Release|x64
		{55DD238A-C24A-3C93-83E2-74085854DB67}.RelWithDebInfo|ARM.ActiveCfg = RelWithDebInfo|x64
		{55DD238A-C24A-3C93-83E2-74085854DB67}.RelWithDebInfo|x64.ActiveCfg = RelWithDebInfo|x64
		{55DD238A-C24A-3C93-83E2-74085854DB67}.RelWithDebInfo|x64.Build.0 = RelWithDebInfo|x64
		{55DD238A-C24A-3C93-83E2-74085854DB67}.RelWithDebInfo|x86.ActiveCfg = RelWithDebInfo|x64
		{799AA1A1-9888-3D65-B40D-6B5C9A774827}.Debug|ARM.ActiveCfg = Debug|x64
		{799AA1A1-9888-3D65-B40D-6B5C9A774827}.Debug|x64.ActiveCfg = Debug|x64
		{799AA1A1-9888-3D65-B40D-6B5C9A774827}.Debug|x64.Build.0 = Debug|x64
		{799AA1A1-9888-3D65-B40D-6B5C9A774827}.Debug|x86.ActiveCfg = Debug|x64
		{799AA1A1-9888-3D65-B40D-6B5C9A774827}.MinSizeRel|ARM.ActiveCfg = MinSizeRel|x64
		{799AA1A1-9888-3D65-B40D-6B5C9A774827}.MinSizeRel|x64.ActiveCfg = MinSizeRel|x64
		{799AA1A1-9888-3D65-B40D-6B5C9A774827}.MinSizeRel|x64.Build.0 = MinSizeRel|x64
		{799AA1A1-9888-3D65-B40D-6B5C9A774827}.MinSizeRel|x86.ActiveCfg = MinSizeRel|x64
		{799AA1A1-9888-3D65-B40D-6B5C9A774827}.Release|ARM.ActiveCfg = Release|x64
		{799AA1A1-9888-3D65-B40D-6B5C9A774827}.Release|x64.ActiveCfg = Release|x64
		{799AA1A1-9888-3D65-B40D-6B5C9A774827}.Release|x64.Build.0 = Release|x64
		{799AA1A1-9888-3D65-B40D-6B5C9A774827}.Release|x86.ActiveCfg = Release|x64
		{799AA1A1-9888-3D65-B40D-6B5C9A774827}.RelWithDebInfo|ARM.ActiveCfg = RelWithDebInfo|x64
		{799AA1A1-9888-3D65-B40D-6B5C9A774827}.RelWithDebInfo|x64.ActiveCfg = RelWithDebInfo|x64
		{799AA1A1-9888-3D65-B40D-6B5C9A774827}.RelWithDebInfo|x64.Build.0 = RelWithDebInfo|x64
		{799AA1A1-9888-3D65-B40D-6B5C9A774827}.RelWithDebInfo|x86.ActiveCfg = RelWithDebInfo|x64
		{F4D0FBA0-EF6A-3F45-AE5A-0E29FC158D67}.Debug|ARM.ActiveCfg = Debug|x64
		{F4D0FBA0-EF6A-3F45-AE5A-0E29FC158D67}.Debug|x64.ActiveCfg = Debug|x64
		{F4D0FBA0-EF6A-3F45-AE5A-0E29FC158D67}.Debug|x64.Build.0 = Debug|x64
		{F4D0FBA0-EF6A-3F45-AE5A-0E29FC158D67}.Debug|x86.ActiveCfg = Debug|x64
		{F4D0FBA0-EF6A-3F45-AE5A-0E29FC158D67}.MinSizeRel|ARM.ActiveCfg = MinSizeRel|x64
		{F4D0FBA0-EF6A-3F45-AE5A-0E29FC158D67}.MinSizeRel|x64.ActiveCfg = MinSizeRel|x64
		{F4D0FBA0-EF6A-3F45-AE5A-0E29FC158D67}.MinSizeRel|x64.Build.0 = MinSizeRel|x64
		{F4D0FBA0-EF6A-3F45-AE5A-0E29FC158D67}.MinSizeRel|x86.ActiveCfg = MinSizeRel|x64
		{F4D0FBA0-EF6A-3F45-AE5A-0E29FC158D67}.Release|ARM.ActiveCfg = Release|x64
		{F4D0FBA0-EF6A-3F45-AE5A-0E29FC158D67}.Release|x64.ActiveCfg = Release|x64
		{F4D0FBA0-EF6A-3F45-AE5A-0E29FC158D67}.Release|x64.Build.0 = Release|x64
		{F4D0FBA0-EF6A-3F45-AE5A-0E29FC158D67}.Release|x86.ActiveCfg = Release|x64
		{F4D0FBA0-EF6A-3F45-AE5A-0E29FC158D67}.RelWithDebInfo|ARM.ActiveCfg = RelWithDebInfo|x64
		{F4D0FBA0-EF6A-3F45-AE5A-0E29FC158D67}.RelWithDebInfo|x64.ActiveCfg = RelWithDebInfo|x64
		{F4D0FBA0-EF6A-3F45-AE5A-0E29FC158D67}.RelWithDebInfo|x64.Build.0 = RelWithDebInfo|x64
		{F4D0FBA0-EF6A-3F45-AE5A-0E29FC158D67}.RelWithDebInfo|x86.ActiveCfg = RelWithDebInfo|x64
		{180E1AC9-810A-3764-92AF-A11B209494DC}.Debug|ARM.ActiveCfg = Debug|x64
		{180E1AC9-810A-3764-92AF-A11B209494DC}.Debug|x64.ActiveCfg = Debug|x64
		{180E1AC9-810A-3764-92AF-A11B209494DC}.Debug|x64.Build.0 = Debug|x64
		{180E1AC9-810A-3764-92AF-A11B209494DC}.Debug|x86.ActiveCfg = Debug|x64
		{180E1AC9-810A-3764-92AF-A11B209494DC}.MinSizeRel|ARM.ActiveCfg = MinSizeRel|x64
		{180E1AC9-810A-3764-92AF-A11B209494DC}.MinSizeRel|x64.ActiveCfg = MinSizeRel|x64
		{180E1AC9-810A-3764-92AF-A11B209494DC}.MinSizeRel|x64.Build.0 = MinSizeRel|x64
		{180E1AC9-810A-3764-92AF-A11B209494DC}.MinSizeRel|x86.ActiveCfg = MinSizeRel|x64
		{180E1AC9-810A-3764-92AF-A11B209494DC}.Release|ARM.ActiveCfg = Release|x64
		{180E1AC9-810A-3764-92AF-A11B209494DC}.Release|x64.ActiveCfg = Release|x64
		{180E1AC9-810A-3764-92AF-A11B209494DC}.Release|x64.Build.0 = Release|x64
		{180E1AC9-810A-3764-92AF-A11B209494DC}.Release|x86.ActiveCfg = Release|x64
		{180E1AC9-810A-3764-92AF-A11B209494DC}.RelWithDebInfo|ARM.ActiveCfg = RelWithDebInfo|x64
		{180E1AC9-810A-3764-92AF-A11B209494DC}.RelWithDebInfo|x64.ActiveCfg = RelWithDebInfo|x64
		{180E1AC9-810A-3764-92AF-A11B209494DC}.RelWithDebInfo|x64.Build.0 = RelWithDebInfo|x64
		{180E1AC9-810A-3764-92AF-A11B209494DC}.RelWithDebInfo|x86.ActiveCfg = RelWithDebInfo|x64
		{6EEE6440-8B2E-3447-9C11-68DC9838B7F4}.Debug|ARM.ActiveCfg = Debug|x64
		{6EEE6440-8B2E-3447-9C11-68DC9838B7F4}.Debug|x64.ActiveCfg = Debug|x64
		{6EEE6440-8B2E-3447-9C11-68DC9838B7F4}.Debug|x64.Build.0 = Debug|x64
		{6EEE6440-8B2E-3447-9C11-68DC9838B7F4}.Debug|x86.ActiveCfg = Debug|x64
		{6EEE6440-8B2E-3447-9C11-68DC9838B7F4}.MinSizeRel|ARM.ActiveCfg = MinSizeRel|x64
		{6EEE6440-8B2E-3447-9C11-68DC9838B7F4}.MinSizeRel|x64.ActiveCfg = MinSizeRel|x64
		{6EEE6440-8B2E-3447-9C11-68DC9838B7F4}.MinSizeRel|x64.Build.0 = MinSizeRel|x64
		{6EEE6440-8B2E-3447-9C11-68DC9838B7F4}.MinSizeRel|x86.ActiveCfg = MinSizeRel|x64
		{6EEE6440-8B2E-3447-9C11-68DC9838B7F4}.Release|ARM.ActiveCfg = Release|x64
		{6EEE6440-8B2E-3447-9C11-68DC9838B7F4}.Release|x64.ActiveCfg = Release|x64
		{6EEE6440-8B2E-3447-9C11-68DC9838B7F4}.Release|x64.Build.0 = Release|x64
		{6EEE6440-8B2E-3447-9C11-68DC9838B7F4}.Release|x86.ActiveCfg = Release|x64
		{6EEE6440-8B2E-3447-9C11-68DC9838B7F4}.RelWithDebInfo|ARM.ActiveCfg = RelWithDebInfo|x64
		{6EEE6440-8B2E-3447-9C11-68DC9838B7F4}.RelWithDebInfo|x64.ActiveCfg = RelWithDebInfo|x64
		{6EEE6440-8B2E-3447-9C11-68DC9838B7F4}.RelWithDebInfo|x64.Build.0 = RelWithDebInfo|x64
		{6EEE6440-8B2E-3447-9C11-68DC9838B7F4}.RelWithDebInfo|x86.ActiveCfg = RelWithDebInfo|x64
		{F873C310-53D5-3F1E-8838-D3C1ED344776}.Debug|ARM.ActiveCfg = Debug|x64
		{F873C310-53D5-3F1E-8838-D3C1ED344776}.Debug|x64.ActiveCfg = Debug|x64
		{F873C310-53D5-3F1E-8838-D3C1ED344776}.Debug|x64.Build.0 = Debug|x64
		{F873C310-53D5-3F1E-8838-D3C1ED344776}.Debug|x86.ActiveCfg = Debug|x64
		{F873C310-53D5-3F1E-8838-D3C1ED344776}.MinSizeRel|ARM.ActiveCfg = MinSizeRel|x64
		{F873C310-53D5-3F1E-8838-D3C1ED344776}.MinSizeRel|x64.ActiveCfg = MinSizeRel|x64
		{F873C310-53D5-3F1E-8838-D3C1ED344776}.MinSizeRel|x64.Build.0 = MinSizeRel|x64
		{F873C310-53D5-3F1E-8838-D3C1ED344776}.MinSizeRel|x86.ActiveCfg = MinSizeRel|x64
		{F873C310-53D5-3F1E-8838-D3C1ED344776}.Release|ARM.ActiveCfg = Release|x64
		{F873C310-53D5-3F1E-8838-D3C1ED344776}.Release|x64.ActiveCfg = Release|x64
		{F873C310-53D5-3F1E-8838-D3C1ED344776}.Release|x64.Build.0 = Release|x64
		{F873C310-53D5-3F1E-8838-D3C1ED344776}.Release|x86.ActiveCfg = Release|x64
		{F873C310-53D5-3F1E-8838-D3C1ED344776}.RelWithDebInfo|ARM.ActiveCfg = RelWithDebInfo|x64
		{F873C310-53D5-3F1E-8838-D3C1ED344776}.RelWithDebInfo|x64.ActiveCfg = RelWithDebInfo|x64
		{F873C310-53D5-3F1E-8838-D3C1ED344776}.RelWithDebInfo|x64.Build.0 = RelWithDebInfo|x64
		{F873C310-53D5-3F1E-8838-D3C1ED344776}.RelWithDebInfo|x86.ActiveCfg = RelWithDebInfo|x64
		{412A07B0-6575-3998-840B-368392FE890D}.Debug|ARM.ActiveCfg = Debug|x64
		{412A07B0-6575-3998-840B-368392FE890D}.Debug|x64.ActiveCfg = Debug|x64
		{412A07B0-6575-3998-840B-368392FE890D}.Debug|x64.Build.0 = Debug|x64
		{412A07B0-6575-3998-840B-368392FE890D}.Debug|x86.ActiveCfg = Debug|x64
		{412A07B0-6575-3998-840B-368392FE890D}.MinSizeRel|ARM.ActiveCfg = MinSizeRel|x64
		{412A07B0-6575-3998-840B-368392FE890D}.MinSizeRel|x64.ActiveCfg = MinSizeRel|x64
		{412A07B0-6575-3998-840B-368392FE890D}.MinSizeRel|x64.Build.0 = MinSizeRel|x64
		{412A07B0-6575-3998-840B-368392FE890D}.MinSizeRel|x86.ActiveCfg = MinSizeRel|x64
		{412A07B0-6575-3998-840B-368392FE890D}.Release|ARM.ActiveCfg = Release|x64
		{412A07B0-6575-3998-840B-368392FE890D}.Release|x64.ActiveCfg = Release|x64
		{412A07B0-6575-3998-840B-368392FE890D}.Release|x64.Build.0 = Release|x64
		{412A07B0-6575-3998-840B-368392FE890D}.Release|x86.ActiveCfg = Release|x64
		{412A07B0-6575-3998-840B-368392FE890D}.RelWithDebInfo|ARM.ActiveCfg = RelWithDebInfo|x64
		{412A07B0-6575-3998-840B-368392FE890D}.RelWithDebInfo|x64.ActiveCfg = RelWithDebInfo|x64
		{412A07B0-6575-3998-840B-368392FE890D}.RelWithDebInfo|x64.Build.0 = RelWithDebInfo|x64
		{412A07B0-6575-3998-840B-368392FE890D}.RelWithDebInfo|x86.ActiveCfg = RelWithDebInfo|x64
		{B2532A04-DBAC-31C0-807E-BE4C81DCF994}.Debug|ARM.ActiveCfg = Debug|x64
		{B2532A04-DBAC-31C0-807E-BE4C81DCF994}.Debug|x64.ActiveCfg = Debug|x64
		{B2532A04-DBAC-31C0-807E-BE4C81DCF994}.Debug|x64.Build.0 = Debug|x64
		{B2532A04-DBAC-31C0-807E-BE4C81DCF994}.Debug|x86.ActiveCfg = Debug|x64
		{B2532A04-DBAC-31C0-807E-BE4C81DCF994}.MinSizeRel|ARM.ActiveCfg = MinSizeRel|x64
		{B2532A04-DBAC-31C0-807E-BE4C81DCF994}.MinSizeRel|x64.ActiveCfg = MinSizeRel|x64
		{B2532A04-DBAC-31C0-807E-BE4C81DCF994}.MinSizeRel|x64.Build.0 = MinSizeRel|x64
		{B2532A04-DBAC-31C0-807E-BE4C81DCF994}.MinSizeRel|x86.ActiveCfg = MinSizeRel|x64
		{B2532A04-DBAC-31C0-807E-BE4C81DCF994}.Release|ARM.ActiveCfg = Release|x64
		{B2532A04-DBAC-31C0-807E-BE4C81DCF994}.Release|x64.ActiveCfg = Release|x64
		{B2532A04-DBAC-31C0-807E-BE4C81DCF994}.Release|x64.Build.0 = Release|x64
		{B2532A04-DBAC-31C0-807E-BE4C81DCF994}.Release|x86.ActiveCfg = Release|x64
		{B2532A04-DBAC-31C0-807E-BE4C81DCF994}.RelWithDebInfo|ARM.ActiveCfg = RelWithDebInfo|x64
		{B2532A04-DBAC-31C0-807E-BE4C81DCF994}.RelWithDebInfo|x64.ActiveCfg = RelWithDebInfo|x64
		{B2532A04-DBAC-31C0-807E-BE4C81DCF994}.RelWithDebInfo|x64.Build.0 = RelWithDebInfo|x64
		{B2532A04-DBAC-31C0-807E-BE4C81DCF994}.RelWithDebInfo|x86.ActiveCfg = RelWithDebInfo|x64
		{3388195F-6F27-315B-BF57-32C18AEA8D39}.Debug|ARM.ActiveCfg = Debug|x64
		{3388195F-6F27-315B-BF57-32C18AEA8D39}.Debug|x64.ActiveCfg = Debug|x64
		{3388195F-6F27-315B-BF57-32C18AEA8D39}.Debug|x64.Build.0 = Debug|x64
		{3388195F-6F27-315B-BF57-32C18AEA8D39}.Debug|x86.ActiveCfg = Debug|x64
		{3388195F-6F27-315B-BF57-32C18AEA8D39}.MinSizeRel|ARM.ActiveCfg = MinSizeRel|x64
		{3388195F-6F27-315B-BF57-32C18AEA8D39}.MinSizeRel|x64.ActiveCfg = MinSizeRel|x64
		{3388195F-6F27-315B-BF57-32C18AEA8D39}.MinSizeRel|x64.Build.0 = MinSizeRel|x64
		{3388195F-6F27-315B-BF57-32C18AEA8D39}.MinSizeRel|x86.ActiveCfg = MinSizeRel|x64
		{3388195F-6F27-315B-BF57-32C18AEA8D39}.Release|ARM.ActiveCfg = Release|x64
		{3388195F-6F27-315B-BF57-32C18AEA8D39}.Release|x64.ActiveCfg = Release|x64
		{3388195F-6F27-315B-BF57-32C18AEA8D39}.Release|x64.Build.0 = Release|x64
		{3388195F-6F27-315B-BF57-32C18AEA8D39}.Release|x86.ActiveCfg = Release|x64
		{3388195F-6F27-315B-BF57-32C18AEA8D39}.RelWithDebInfo|ARM.ActiveCfg = RelWithDebInfo|x64
		{3388195F-6F27-315B-BF57-32C18AEA8D39}.RelWithDebInfo|x64.ActiveCfg = RelWithDebInfo|x64
		{3388195F-6F27-315B-BF57-32C18AEA8D39}.RelWithDebInfo|x64.Build.0 = RelWithDebInfo|x64
		{3388195F-6F27-315B-BF57-32C18AEA8D39}.RelWithDebInfo|x86.ActiveCfg = RelWithDebInfo|x64
		{0422DC6E-67CA-3257-8D9E-F1423EF2B73B}.Debug|ARM.ActiveCfg = Debug|x64
		{0422DC6E-67CA-3257-8D9E-F1423EF2B73B}.Debug|x64.ActiveCfg = Debug|x64
		{0422DC6E-67CA-3257-8D9E-F1423EF2B73B}.Debug|x64.Build.0 = Debug|x64
		{0422DC6E-67CA-3257-8D9E-F1423EF2B73B}.Debug|x86.ActiveCfg = Debug|x64
		{0422DC6E-67CA-3257-8D9E-F1423EF2B73B}.MinSizeRel|ARM.ActiveCfg = MinSizeRel|x64
		{0422DC6E-67CA-3257-8D9E-F1423EF2B73B}.MinSizeRel|x64.ActiveCfg = MinSizeRel|x64
		{0422DC6E-67CA-3257-8D9E-F1423EF2B73B}.MinSizeRel|x64.Build.0 = MinSizeRel|x64
		{0422DC6E-67CA-3257-8D9E-F1423EF2B73B}.MinSizeRel|x86.ActiveCfg = MinSizeRel|x64
		{0422DC6E-67CA-3257-8D9E-F1423EF2B73B}.Release|ARM.ActiveCfg = Release|x64
		{0422DC6E-67CA-3257-8D9E-F1423EF2B73B}.Release|x64.ActiveCfg = Release|x64
		{0422DC6E-67CA-3257-8D9E-F1423EF2B73B}.Release|x64.Build.0 = Release|x64
		{0422DC6E-67CA-3257-8D9E-F1423EF2B73B}.Release|x86.ActiveCfg = Release|x64
		{0422DC6E-67CA-3257-8D9E-F1423EF2B73B}.RelWithDebInfo|ARM.ActiveCfg = RelWithDebInfo|x64
		{0422DC6E-67CA-3257-8D9E-F1423EF2B73B}.RelWithDebInfo|x64.ActiveCfg = RelWithDebInfo|x64
		{0422DC6E-67CA-3257-8D9E-F1423EF2B73B}.RelWithDebInfo|x64.Build.0 = RelWithDebInfo|x64
		{0422DC6E-67CA-3257-8D9E-F1423EF2B73B}.RelWithDebInfo|x86.ActiveCfg = RelWithDebInfo|x64
		{D32E4D4E-2E52-3917-B53C-9EB6A7BA4E49}.Debug|ARM.ActiveCfg = Debug|x64
		{D32E4D4E-2E52-3917-B53C-9EB6A7BA4E49}.Debug|x64.ActiveCfg = Debug|x64
		{D32E4D4E-2E52-3917-B53C-9EB6A7BA4E49}.Debug|x64.Build.0 = Debug|x64
		{D32E4D4E-2E52-3917-B53C-9EB6A7BA4E49}.Debug|x86.ActiveCfg = Debug|x64
		{D32E4D4E-2E52-3917-B53C-9EB6A7BA4E49}.MinSizeRel|ARM.ActiveCfg = MinSizeRel|x64
		{D32E4D4E-2E52-3917-B53C-9EB6A7BA4E49}.MinSizeRel|x64.ActiveCfg = MinSizeRel|x64
		{D32E4D4E-2E52-3917-B53C-9EB6A7BA4E49}.MinSizeRel|x64.Build.0 = MinSizeRel|x64
		{D32E4D4E-2E52-3917-B53C-9EB6A7BA4E49}.MinSizeRel|x86.ActiveCfg = MinSizeRel|x64
		{D32E4D4E-2E52-3917-B53C-9EB6A7BA4E49}.Release|ARM.ActiveCfg = Release|x64
		{D32E4D4E-2E52-3917-B53C-9EB6A7BA4E49}.Release|x64.ActiveCfg = Release|x64
		{D32E4D4E-2E52-3917-B53C-9EB6A7BA4E49}.Release|x64.Build.0 = Release|x64
		{D32E4D4E-2E52-3917-B53C-9EB6A7BA4E49}.Release|x86.ActiveCfg = Release|x64
		{D32E4D4E-2E52-3917-B53C-9EB6A7BA4E49}.RelWithDebInfo|ARM.ActiveCfg = RelWithDebInfo|x64
		{D32E4D4E-2E52-3917-B53C-9EB6A7BA4E49}.RelWithDebInfo|x64.ActiveCfg = RelWithDebInfo|x64
		{D32E4D4E-2E52-3917-B53C-9EB6A7BA4E49}.RelWithDebInfo|x64.Build.0 = RelWithDebInfo|x64
		{D32E4D4E-2E52-3917-B53C-9EB6A7BA4E49}.RelWithDebInfo|x86.ActiveCfg = RelWithDebInfo|x64
		{DDAD438A-B23C-326B-AEC9-BF8ACA814CB3}.Debug|ARM.ActiveCfg = Debug|x64
		{DDAD438A-B23C-326B-AEC9-BF8ACA814CB3}.Debug|x64.ActiveCfg = Debug|x64
		{DDAD438A-B23C-326B-AEC9-BF8ACA814CB3}.Debug|x64.Build.0 = Debug|x64
		{DDAD438A-B23C-326B-AEC9-BF8ACA814CB3}.Debug|x86.ActiveCfg = Debug|x64
		{DDAD438A-B23C-326B-AEC9-BF8ACA814CB3}.MinSizeRel|ARM.ActiveCfg = MinSizeRel|x64
		{DDAD438A-B23C-326B-AEC9-BF8ACA814CB3}.MinSizeRel|x64.ActiveCfg = MinSizeRel|x64
		{DDAD438A-B23C-326B-AEC9-BF8ACA814CB3}.MinSizeRel|x64.Build.0 = MinSizeRel|x64
		{DDAD438A-B23C-326B-AEC9-BF8ACA814CB3}.MinSizeRel|x86.ActiveCfg = MinSizeRel|x64
		{DDAD438A-B23C-326B-AEC9-BF8ACA814CB3}.Release|ARM.ActiveCfg = Release|x64
		{DDAD438A-B23C-326B-AEC9-BF8ACA814CB3}.Release|x64.ActiveCfg = Release|x64
		{DDAD438A-B23C-326B-AEC9-BF8ACA814CB3}.Release|x64.Build.0 = Release|x64
		{DDAD438A-B23C-326B-AEC9-BF8ACA814CB3}.Release|x86.ActiveCfg = Release|x64
		{DDAD438A-B23C-326B-AEC9-BF8ACA814CB3}.RelWithDebInfo|ARM.ActiveCfg = RelWithDebInfo|x64
		{DDAD438A-B23C-326B-AEC9-BF8ACA814CB3}.RelWithDebInfo|x64.ActiveCfg = RelWithDebInfo|x64
		{DDAD438A-B23C-326B-AEC9-BF8ACA814CB3}.RelWithDebInfo|x64.Build.0 = RelWithDebInfo|x64
		{DDAD438A-B23C-326B-AEC9-BF8ACA814CB3}.RelWithDebInfo|x86.ActiveCfg = RelWithDebInfo|x64
		{57B589C4-11C5-3615-BD66-4269AACE5C0A}.Debug|ARM.ActiveCfg = Debug|x64
		{57B589C4-11C5-3615-BD66-4269AACE5C0A}.Debug|x64.ActiveCfg = Debug|x64
		{57B589C4-11C5-3615-BD66-4269AACE5C0A}.Debug|x64.Build.0 = Debug|x64
		{57B589C4-11C5-3615-BD66-4269AACE5C0A}.Debug|x86.ActiveCfg = Debug|x64
		{57B589C4-11C5-3615-BD66-4269AACE5C0A}.MinSizeRel|ARM.ActiveCfg = MinSizeRel|x64
		{57B589C4-11C5-3615-BD66-4269AACE5C0A}.MinSizeRel|x64.ActiveCfg = MinSizeRel|x64
		{57B589C4-11C5-3615-BD66-4269AACE5C0A}.MinSizeRel|x64.Build.0 = MinSizeRel|x64
		{57B589C4-11C5-3615-BD66-4269AACE5C0A}.MinSizeRel|x86.ActiveCfg = MinSizeRel|x64
		{57B589C4-11C5-3615-BD66-4269AACE5C0A}.Release|ARM.ActiveCfg = Release|x64
		{57B589C4-11C5-3615-BD66-4269AACE5C0A}.Release|x64.ActiveCfg = Release|x64
		{57B589C4-11C5-3615-BD66-4269AACE5C0A}.Release|x64.Build.0 = Release|x64
		{57B589C4-11C5-3615-BD66-4269AACE5C0A}.Release|x86.ActiveCfg = Release|x64
		{57B589C4-11C5-3615-BD66-4269AACE5C0A}.RelWithDebInfo|ARM.ActiveCfg = RelWithDebInfo|x64
		{57B589C4-11C5-3615-BD66-4269AACE5C0A}.RelWithDebInfo|x64.ActiveCfg = RelWithDebInfo|x64
		{57B589C4-11C5-3615-BD66-4269AACE5C0A}.RelWithDebInfo|x64.Build.0 = RelWithDebInfo|x64
		{57B589C4-11C5-3615-BD66-4269AACE5C0A}.RelWithDebInfo|x86.ActiveCfg = RelWithDebInfo|x64
		{F311A6C7-C75B-31A5-B656-C2A5332CFB5F}.Debug|ARM.ActiveCfg = Debug|x64
		{F311A6C7-C75B-31A5-B656-C2A5332CFB5F}.Debug|x64.ActiveCfg = Debug|x64
		{F311A6C7-C75B-31A5-B656-C2A5332CFB5F}.Debug|x64.Build.0 = Debug|x64
		{F311A6C7-C75B-31A5-B656-C2A5332CFB5F}.Debug|x86.ActiveCfg = Debug|x64
		{F311A6C7-C75B-31A5-B656-C2A5332CFB5F}.MinSizeRel|ARM.ActiveCfg = MinSizeRel|x64
		{F311A6C7-C75B-31A5-B656-C2A5332CFB5F}.MinSizeRel|x64.ActiveCfg = MinSizeRel|x64
		{F311A6C7-C75B-31A5-B656-C2A5332CFB5F}.MinSizeRel|x64.Build.0 = MinSizeRel|x64
		{F311A6C7-C75B-31A5-B656-C2A5332CFB5F}.MinSizeRel|x86.ActiveCfg = MinSizeRel|x64
		{F311A6C7-C75B-31A5-B656-C2A5332CFB5F}.Release|ARM.ActiveCfg = Release|x64
		{F311A6C7-C75B-31A5-B656-C2A5332CFB5F}.Release|x64.ActiveCfg = Release|x64
		{F311A6C7-C75B-31A5-B656-C2A5332CFB5F}.Release|x64.Build.0 = Release|x64
		{F311A6C7-C75B-31A5-B656-C2A5332CFB5F}.Release|x86.ActiveCfg = Release|x64
		{F311A6C7-C75B-31A5-B656-C2A5332CFB5F}.RelWithDebInfo|ARM.ActiveCfg = RelWithDebInfo|x64
		{F311A6C7-C75B-31A5-B656-C2A5332CFB5F}.RelWithDebInfo|x64.ActiveCfg = RelWithDebInfo|x64
		{F311A6C7-C75B-31A5-B656-C2A5332CFB5F}.RelWithDebInfo|x64.Build.0 = RelWithDebInfo|x64
		{F311A6C7-C75B-31A5-B656-C2A5332CFB5F}.RelWithDebInfo|x86.ActiveCfg = RelWithDebInfo|x64
		{648667DC-EE7C-3019-A2DD-00DDF2768877}.Debug|ARM.ActiveCfg = Debug|x64
		{648667DC-EE7C-3019-A2DD-00DDF2768877}.Debug|x64.ActiveCfg = Debug|x64
		{648667DC-EE7C-3019-A2DD-00DDF2768877}.Debug|x64.Build.0 = Debug|x64
		{648667DC-EE7C-3019-A2DD-00DDF2768877}.Debug|x86.ActiveCfg = Debug|x64
		{648667DC-EE7C-3019-A2DD-00DDF2768877}.MinSizeRel|ARM.ActiveCfg = MinSizeRel|x64
		{648667DC-EE7C-3019-A2DD-00DDF2768877}.MinSizeRel|x64.ActiveCfg = MinSizeRel|x64
		{648667DC-EE7C-3019-A2DD-00DDF2768877}.MinSizeRel|x64.Build.0 = MinSizeRel|x64
		{648667DC-EE7C-3019-A2DD-00DDF2768877}.MinSizeRel|x86.ActiveCfg = MinSizeRel|x64
		{648667DC-EE7C-3019-A2DD-00DDF2768877}.Release|ARM.ActiveCfg = Release|x64
		{648667DC-EE7C-3019-A2DD-00DDF2768877}.Release|x64.ActiveCfg = Release|x64
		{648667DC-EE7C-3019-A2DD-00DDF2768877}.Release|x64.Build.0 = Release|x64
		{648667DC-EE7C-3019-A2DD-00DDF2768877}.Release|x86.ActiveCfg = Release|x64
		{648667DC-EE7C-3019-A2DD-00DDF2768877}.RelWithDebInfo|ARM.ActiveCfg = RelWithDebInfo|x64
		{648667DC-EE7C-3019-A2DD-00DDF2768877}.RelWithDebInfo|x64.ActiveCfg = RelWithDebInfo|x64
		{648667DC-EE7C-3019-A2DD-00DDF2768877}.RelWithDebInfo|x64.Build.0 = RelWithDebInfo|x64
		{648667DC-EE7C-3019-A2DD-00DDF2768877}.RelWithDebInfo|x86.ActiveCfg = RelWithDebInfo|x64
		{749D552B-5B9A-3813-A66A-16AE69232573}.Debug|ARM.ActiveCfg = Debug|x64
		{749D552B-5B9A-3813-A66A-16AE69232573}.Debug|x64.ActiveCfg = Debug|x64
		{749D552B-5B9A-3813-A66A-16AE69232573}.Debug|x64.Build.0 = Debug|x64
		{749D552B-5B9A-3813-A66A-16AE69232573}.Debug|x86.ActiveCfg = Debug|x64
		{749D552B-5B9A-3813-A66A-16AE69232573}.MinSizeRel|ARM.ActiveCfg = MinSizeRel|x64
		{749D552B-5B9A-3813-A66A-16AE69232573}.MinSizeRel|x64.ActiveCfg = MinSizeRel|x64
		{749D552B-5B9A-3813-A66A-16AE69232573}.MinSizeRel|x64.Build.0 = MinSizeRel|x64
		{749D552B-5B9A-3813-A66A-16AE69232573}.MinSizeRel|x86.ActiveCfg = MinSizeRel|x64
		{749D552B-5B9A-3813-A66A-16AE69232573}.Release|ARM.ActiveCfg = Release|x64
		{749D552B-5B9A-3813-A66A-16AE69232573}.Release|x64.ActiveCfg = Release|x64
		{749D552B-5B9A-3813-A66A-16AE69232573}.Release|x64.Build.0 = Release|x64
		{749D552B-5B9A-3813-A66A-16AE69232573}.Release|x86.ActiveCfg = Release|x64
		{749D552B-5B9A-3813-A66A-16AE69232573}.RelWithDebInfo|ARM.ActiveCfg = RelWithDebInfo|x64
		{749D552B-5B9A-3813-A66A-16AE69232573}.RelWithDebInfo|x64.ActiveCfg = RelWithDebInfo|x64
		{749D552B-5B9A-3813-A66A-16AE69232573}.RelWithDebInfo|x64.Build.0 = RelWithDebInfo|x64
		{749D552B-5B9A-3813-A66A-16AE69232573}.RelWithDebInfo|x86.ActiveCfg = RelWithDebInfo|x64
		{E115383E-B94E-3D02-932E-AF68E2FD6944}.Debug|ARM.ActiveCfg = Debug|x64
		{E115383E-B94E-3D02-932E-AF68E2FD6944}.Debug|x64.ActiveCfg = Debug|x64
		{E115383E-B94E-3D02-932E-AF68E2FD6944}.Debug|x64.Build.0 = Debug|x64
		{E115383E-B94E-3D02-932E-AF68E2FD6944}.Debug|x86.ActiveCfg = Debug|x64
		{E115383E-B94E-3D02-932E-AF68E2FD6944}.MinSizeRel|ARM.ActiveCfg = MinSizeRel|x64
		{E115383E-B94E-3D02-932E-AF68E2FD6944}.MinSizeRel|x64.ActiveCfg = MinSizeRel|x64
		{E115383E-B94E-3D02-932E-AF68E2FD6944}.MinSizeRel|x64.Build.0 = MinSizeRel|x64
		{E115383E-B94E-3D02-932E-AF68E2FD6944}.MinSizeRel|x86.ActiveCfg = MinSizeRel|x64
		{E115383E-B94E-3D02-932E-AF68E2FD6944}.Release|ARM.ActiveCfg = Release|x64
		{E115383E-B94E-3D02-932E-AF68E2FD6944}.Release|x64.ActiveCfg = Release|x64
		{E115383E-B94E-3D02-932E-AF68E2FD6944}.Release|x64.Build.0 = Release|x64
		{E115383E-B94E-3D02-932E-AF68E2FD6944}.Release|x86.ActiveCfg = Release|x64
		{E115383E-B94E-3D02-932E-AF68E2FD6944}.RelWithDebInfo|ARM.ActiveCfg = RelWithDebInfo|x64
		{E115383E-B94E-3D02-932E-AF68E2FD6944}.RelWithDebInfo|x64.ActiveCfg = RelWithDebInfo|x64
		{E115383E-B94E-3D02-932E-AF68E2FD6944}.RelWithDebInfo|x64.Build.0 = RelWithDebInfo|x64
		{E115383E-B94E-3D02-932E-AF68E2FD6944}.RelWithDebInfo|x86.ActiveCfg = RelWithDebInfo|x64
		{89633FF0-7CB8-394F-ABCB-C3E76398EA92}.Debug|ARM.ActiveCfg = Debug|x64
		{89633FF0-7CB8-394F-ABCB-C3E76398EA92}.Debug|x64.ActiveCfg = Debug|x64
		{89633FF0-7CB8-394F-ABCB-C3E76398EA92}.Debug|x64.Build.0 = Debug|x64
		{89633FF0-7CB8-394F-ABCB-C3E76398EA92}.Debug|x86.ActiveCfg = Debug|x64
		{89633FF0-7CB8-394F-ABCB-C3E76398EA92}.MinSizeRel|ARM.ActiveCfg = MinSizeRel|x64
		{89633FF0-7CB8-394F-ABCB-C3E76398EA92}.MinSizeRel|x64.ActiveCfg = MinSizeRel|x64
		{89633FF0-7CB8-394F-ABCB-C3E76398EA92}.MinSizeRel|x64.Build.0 = MinSizeRel|x64
		{89633FF0-7CB8-394F-ABCB-C3E76398EA92}.MinSizeRel|x86.ActiveCfg = MinSizeRel|x64
		{89633FF0-7CB8-394F-ABCB-C3E76398EA92}.Release|ARM.ActiveCfg = Release|x64
		{89633FF0-7CB8-394F-ABCB-C3E76398EA92}.Release|x64.ActiveCfg = Release|x64
		{89633FF0-7CB8-394F-ABCB-C3E76398EA92}.Release|x64.Build.0 = Release|x64
		{89633FF0-7CB8-394F-ABCB-C3E76398EA92}.Release|x86.ActiveCfg = Release|x64
		{89633FF0-7CB8-394F-ABCB-C3E76398EA92}.RelWithDebInfo|ARM.ActiveCfg = RelWithDebInfo|x64
		{89633FF0-7CB8-394F-ABCB-C3E76398EA92}.RelWithDebInfo|x64.ActiveCfg = RelWithDebInfo|x64
		{89633FF0-7CB8-394F-ABCB-C3E76398EA92}.RelWithDebInfo|x64.Build.0 = RelWithDebInfo|x64
		{89633FF0-7CB8-394F-ABCB-C3E76398EA92}.RelWithDebInfo|x86.ActiveCfg = RelWithDebInfo|x64
		{C46CFCB5-B59C-38DE-8243-F5718505BE9D}.Debug|ARM.ActiveCfg = Debug|x64
		{C46CFCB5-B59C-38DE-8243-F5718505BE9D}.Debug|x64.ActiveCfg = Debug|x64
		{C46CFCB5-B59C-38DE-8243-F5718505BE9D}.Debug|x64.Build.0 = Debug|x64
		{C46CFCB5-B59C-38DE-8243-F5718505BE9D}.Debug|x86.ActiveCfg = Debug|x64
		{C46CFCB5-B59C-38DE-8243-F5718505BE9D}.MinSizeRel|ARM.ActiveCfg = MinSizeRel|x64
		{C46CFCB5-B59C-38DE-8243-F5718505BE9D}.MinSizeRel|x64.ActiveCfg = MinSizeRel|x64
		{C46CFCB5-B59C-38DE-8243-F5718505BE9D}.MinSizeRel|x64.Build.0 = MinSizeRel|x64
		{C46CFCB5-B59C-38DE-8243-F5718505BE9D}.MinSizeRel|x86.ActiveCfg = MinSizeRel|x64
		{C46CFCB5-B59C-38DE-8243-F5718505BE9D}.Release|ARM.ActiveCfg = Release|x64
		{C46CFCB5-B59C-38DE-8243-F5718505BE9D}.Release|x64.ActiveCfg = Release|x64
		{C46CFCB5-B59C-38DE-8243-F5718505BE9D}.Release|x64.Build.0 = Release|x64
		{C46CFCB5-B59C-38DE-8243-F5718505BE9D}.Release|x86.ActiveCfg = Release|x64
		{C46CFCB5-B59C-38DE-8243-F5718505BE9D}.RelWithDebInfo|ARM.ActiveCfg = RelWithDebInfo|x64
		{C46CFCB5-B59C-38DE-8243-F5718505BE9D}.RelWithDebInfo|x64.ActiveCfg = RelWithDebInfo|x64
		{C46CFCB5-B59C-38DE-8243-F5718505BE9D}.RelWithDebInfo|x64.Build.0 = RelWithDebInfo|x64
		{C46CFCB5-B59C-38DE-8243-F5718505BE9D}.RelWithDebInfo|x86.ActiveCfg = RelWithDebInfo|x64
		{C0B466FB-CB21-37AE-B3B9-7CA1CF521B8E}.Debug|ARM.ActiveCfg = Debug|x64
		{C0B466FB-CB21-37AE-B3B9-7CA1CF521B8E}.Debug|x64.ActiveCfg = Debug|x64
		{C0B466FB-CB21-37AE-B3B9-7CA1CF521B8E}.Debug|x64.Build.0 = Debug|x64
		{C0B466FB-CB21-37AE-B3B9-7CA1CF521B8E}.Debug|x86.ActiveCfg = Debug|x64
		{C0B466FB-CB21-37AE-B3B9-7CA1CF521B8E}.MinSizeRel|ARM.ActiveCfg = MinSizeRel|x64
		{C0B466FB-CB21-37AE-B3B9-7CA1CF521B8E}.MinSizeRel|x64.ActiveCfg = MinSizeRel|x64
		{C0B466FB-CB21-37AE-B3B9-7CA1CF521B8E}.MinSizeRel|x64.Build.0 = MinSizeRel|x64
		{C0B466FB-CB21-37AE-B3B9-7CA1CF521B8E}.MinSizeRel|x86.ActiveCfg = MinSizeRel|x64
		{C0B466FB-CB21-37AE-B3B9-7CA1CF521B8E}.Release|ARM.ActiveCfg = Release|x64
		{C0B466FB-CB21-37AE-B3B9-7CA1CF521B8E}.Release|x64.ActiveCfg = Release|x64
		{C0B466FB-CB21-37AE-B3B9-7CA1CF521B8E}.Release|x64.Build.0 = Release|x64
		{C0B466FB-CB21-37AE-B3B9-7CA1CF521B8E}.Release|x86.ActiveCfg = Release|x64
		{C0B466FB-CB21-37AE-B3B9-7CA1CF521B8E}.RelWithDebInfo|ARM.ActiveCfg = RelWithDebInfo|x64
		{C0B466FB-CB21-37AE-B3B9-7CA1CF521B8E}.RelWithDebInfo|x64.ActiveCfg = RelWithDebInfo|x64
		{C0B466FB-CB21-37AE-B3B9-7CA1CF521B8E}.RelWithDebInfo|x64.Build.0 = RelWithDebInfo|x64
		{C0B466FB-CB21-37AE-B3B9-7CA1CF521B8E}.RelWithDebInfo|x86.ActiveCfg = RelWithDebInfo|x64
		{B514E174-F61C-3C60-B51F-8755B7DC28A1}.Debug|ARM.ActiveCfg = Debug|x64
		{B514E174-F61C-3C60-B51F-8755B7DC28A1}.Debug|x64.ActiveCfg = Debug|x64
		{B514E174-F61C-3C60-B51F-8755B7DC28A1}.Debug|x64.Build.0 = Debug|x64
		{B514E174-F61C-3C60-B51F-8755B7DC28A1}.Debug|x86.ActiveCfg = Debug|x64
		{B514E174-F61C-3C60-B51F-8755B7DC28A1}.MinSizeRel|ARM.ActiveCfg = MinSizeRel|x64
		{B514E174-F61C-3C60-B51F-8755B7DC28A1}.MinSizeRel|x64.ActiveCfg = MinSizeRel|x64
		{B514E174-F61C-3C60-B51F-8755B7DC28A1}.MinSizeRel|x64.Build.0 = MinSizeRel|x64
		{B514E174-F61C-3C60-B51F-8755B7DC28A1}.MinSizeRel|x86.ActiveCfg = MinSizeRel|x64
		{B514E174-F61C-3C60-B51F-8755B7DC28A1}.Release|ARM.ActiveCfg = Release|x64
		{B514E174-F61C-3C60-B51F-8755B7DC28A1}.Release|x64.ActiveCfg = Release|x64
		{B514E174-F61C-3C60-B51F-8755B7DC28A1}.Release|x64.Build.0 = Release|x64
		{B514E174-F61C-3C60-B51F-8755B7DC28A1}.Release|x86.ActiveCfg = Release|x64
		{B514E174-F61C-3C60-B51F-8755B7DC28A1}.RelWithDebInfo|ARM.ActiveCfg = RelWithDebInfo|x64
		{B514E174-F61C-3C60-B51F-8755B7DC28A1}.RelWithDebInfo|x64.ActiveCfg = RelWithDebInfo|x64
		{B514E174-F61C-3C60-B51F-8755B7DC28A1}.RelWithDebInfo|x64.Build.0 = RelWithDebInfo|x64
		{B514E174-F61C-3C60-B51F-8755B7DC28A1}.RelWithDebInfo|x86.ActiveCfg = RelWithDebInfo|x64
		{D23D9D5C-9FD9-35B9-8955-67DCFE2307A2}.Debug|ARM.ActiveCfg = Debug|x64
		{D23D9D5C-9FD9-35B9-8955-67DCFE2307A2}.Debug|x64.ActiveCfg = Debug|x64
		{D23D9D5C-9FD9-35B9-8955-67DCFE2307A2}.Debug|x64.Build.0 = Debug|x64
		{D23D9D5C-9FD9-35B9-8955-67DCFE2307A2}.Debug|x86.ActiveCfg = Debug|x64
		{D23D9D5C-9FD9-35B9-8955-67DCFE2307A2}.MinSizeRel|ARM.ActiveCfg = MinSizeRel|x64
		{D23D9D5C-9FD9-35B9-8955-67DCFE2307A2}.MinSizeRel|x64.ActiveCfg = MinSizeRel|x64
		{D23D9D5C-9FD9-35B9-8955-67DCFE2307A2}.MinSizeRel|x64.Build.0 = MinSizeRel|x64
		{D23D9D5C-9FD9-35B9-8955-67DCFE2307A2}.MinSizeRel|x86.ActiveCfg = MinSizeRel|x64
		{D23D9D5C-9FD9-35B9-8955-67DCFE2307A2}.Release|ARM.ActiveCfg = Release|x64
		{D23D9D5C-9FD9-35B9-8955-67DCFE2307A2}.Release|x64.ActiveCfg = Release|x64
		{D23D9D5C-9FD9-35B9-8955-67DCFE2307A2}.Release|x64.Build.0 = Release|x64
		{D23D9D5C-9FD9-35B9-8955-67DCFE2307A2}.Release|x86.ActiveCfg = Release|x64
		{D23D9D5C-9FD9-35B9-8955-67DCFE2307A2}.RelWithDebInfo|ARM.ActiveCfg = RelWithDebInfo|x64
		{D23D9D5C-9FD9-35B9-8955-67DCFE2307A2}.RelWithDebInfo|x64.ActiveCfg = RelWithDebInfo|x64
		{D23D9D5C-9FD9-35B9-8955-67DCFE2307A2}.RelWithDebInfo|x64.Build.0 = RelWithDebInfo|x64
		{D23D9D5C-9FD9-35B9-8955-67DCFE2307A2}.RelWithDebInfo|x86.ActiveCfg = RelWithDebInfo|x64
		{D47F138C-BAEC-3EAE-B78C-6EF06A106A64}.Debug|ARM.ActiveCfg = Debug|x64
		{D47F138C-BAEC-3EAE-B78C-6EF06A106A64}.Debug|x64.ActiveCfg = Debug|x64
		{D47F138C-BAEC-3EAE-B78C-6EF06A106A64}.Debug|x64.Build.0 = Debug|x64
		{D47F138C-BAEC-3EAE-B78C-6EF06A106A64}.Debug|x86.ActiveCfg = Debug|x64
		{D47F138C-BAEC-3EAE-B78C-6EF06A106A64}.MinSizeRel|ARM.ActiveCfg = MinSizeRel|x64
		{D47F138C-BAEC-3EAE-B78C-6EF06A106A64}.MinSizeRel|x64.ActiveCfg = MinSizeRel|x64
		{D47F138C-BAEC-3EAE-B78C-6EF06A106A64}.MinSizeRel|x64.Build.0 = MinSizeRel|x64
		{D47F138C-BAEC-3EAE-B78C-6EF06A106A64}.MinSizeRel|x86.ActiveCfg = MinSizeRel|x64
		{D47F138C-BAEC-3EAE-B78C-6EF06A106A64}.Release|ARM.ActiveCfg = Release|x64
		{D47F138C-BAEC-3EAE-B78C-6EF06A106A64}.Release|x64.ActiveCfg = Release|x64
		{D47F138C-BAEC-3EAE-B78C-6EF06A106A64}.Release|x64.Build.0 = Release|x64
		{D47F138C-BAEC-3EAE-B78C-6EF06A106A64}.Release|x86.ActiveCfg = Release|x64
		{D47F138C-BAEC-3EAE-B78C-6EF06A106A64}.RelWithDebInfo|ARM.ActiveCfg = RelWithDebInfo|x64
		{D47F138C-BAEC-3EAE-B78C-6EF06A106A64}.RelWithDebInfo|x64.ActiveCfg = RelWithDebInfo|x64
		{D47F138C-BAEC-3EAE-B78C-6EF06A106A64}.RelWithDebInfo|x64.Build.0 = RelWithDebInfo|x64
		{D47F138C-BAEC-3EAE-B78C-6EF06A106A64}.RelWithDebInfo|x86.ActiveCfg = RelWithDebInfo|x64
		{AC61DAF5-41D2-3CEC-A656-F3B5EA94004A}.Debug|ARM.ActiveCfg = Debug|x64
		{AC61DAF5-41D2-3CEC-A656-F3B5EA94004A}.Debug|x64.ActiveCfg = Debug|x64
		{AC61DAF5-41D2-3CEC-A656-F3B5EA94004A}.Debug|x64.Build.0 = Debug|x64
		{AC61DAF5-41D2-3CEC-A656-F3B5EA94004A}.Debug|x86.ActiveCfg = Debug|x64
		{AC61DAF5-41D2-3CEC-A656-F3B5EA94004A}.MinSizeRel|ARM.ActiveCfg = MinSizeRel|x64
		{AC61DAF5-41D2-3CEC-A656-F3B5EA94004A}.MinSizeRel|x64.ActiveCfg = MinSizeRel|x64
		{AC61DAF5-41D2-3CEC-A656-F3B5EA94004A}.MinSizeRel|x64.Build.0 = MinSizeRel|x64
		{AC61DAF5-41D2-3CEC-A656-F3B5EA94004A}.MinSizeRel|x86.ActiveCfg = MinSizeRel|x64
		{AC61DAF5-41D2-3CEC-A656-F3B5EA94004A}.Release|ARM.ActiveCfg = Release|x64
		{AC61DAF5-41D2-3CEC-A656-F3B5EA94004A}.Release|x64.ActiveCfg = Release|x64
		{AC61DAF5-41D2-3CEC-A656-F3B5EA94004A}.Release|x64.Build.0 = Release|x64
		{AC61DAF5-41D2-3CEC-A656-F3B5EA94004A}.Release|x86.ActiveCfg = Release|x64
		{AC61DAF5-41D2-3CEC-A656-F3B5EA94004A}.RelWithDebInfo|ARM.ActiveCfg = RelWithDebInfo|x64
		{AC61DAF5-41D2-3CEC-A656-F3B5EA94004A}.RelWithDebInfo|x64.ActiveCfg = RelWithDebInfo|x64
		{AC61DAF5-41D2-3CEC-A656-F3B5EA94004A}.RelWithDebInfo|x64.Build.0 = RelWithDebInfo|x64
		{AC61DAF5-41D2-3CEC-A656-F3B5EA94004A}.RelWithDebInfo|x86.ActiveCfg = RelWithDebInfo|x64
		{4E5FE487-8282-3C98-8061-6D82ECAAA22C}.Debug|ARM.ActiveCfg = Debug|x64
		{4E5FE487-8282-3C98-8061-6D82ECAAA22C}.Debug|x64.ActiveCfg = Debug|x64
		{4E5FE487-8282-3C98-8061-6D82ECAAA22C}.Debug|x64.Build.0 = Debug|x64
		{4E5FE487-8282-3C98-8061-6D82ECAAA22C}.Debug|x86.ActiveCfg = Debug|x64
		{4E5FE487-8282-3C98-8061-6D82ECAAA22C}.MinSizeRel|ARM.ActiveCfg = MinSizeRel|x64
		{4E5FE487-8282-3C98-8061-6D82ECAAA22C}.MinSizeRel|x64.ActiveCfg = MinSizeRel|x64
		{4E5FE487-8282-3C98-8061-6D82ECAAA22C}.MinSizeRel|x64.Build.0 = MinSizeRel|x64
		{4E5FE487-8282-3C98-8061-6D82ECAAA22C}.MinSizeRel|x86.ActiveCfg = MinSizeRel|x64
		{4E5FE487-8282-3C98-8061-6D82ECAAA22C}.Release|ARM.ActiveCfg = Release|x64
		{4E5FE487-8282-3C98-8061-6D82ECAAA22C}.Release|x64.ActiveCfg = Release|x64
		{4E5FE487-8282-3C98-8061-6D82ECAAA22C}.Release|x64.Build.0 = Release|x64
		{4E5FE487-8282-3C98-8061-6D82ECAAA22C}.Release|x86.ActiveCfg = Release|x64
		{4E5FE487-8282-3C98-8061-6D82ECAAA22C}.RelWithDebInfo|ARM.ActiveCfg = RelWithDebInfo|x64
		{4E5FE487-8282-3C98-8061-6D82ECAAA22C}.RelWithDebInfo|x64.ActiveCfg = RelWithDebInfo|x64
		{4E5FE487-8282-3C98-8061-6D82ECAAA22C}.RelWithDebInfo|x64.Build.0 = RelWithDebInfo|x64
		{4E5FE487-8282-3C98-8061-6D82ECAAA22C}.RelWithDebInfo|x86.ActiveCfg = RelWithDebInfo|x64
		{91FFFFD8-CA4D-3E0B-879C-EA5EB2A04C8F}.Debug|ARM.ActiveCfg = Debug|x64
		{91FFFFD8-CA4D-3E0B-879C-EA5EB2A04C8F}.Debug|x64.ActiveCfg = Debug|x64
		{91FFFFD8-CA4D-3E0B-879C-EA5EB2A04C8F}.Debug|x64.Build.0 = Debug|x64
		{91FFFFD8-CA4D-3E0B-879C-EA5EB2A04C8F}.Debug|x86.ActiveCfg = Debug|x64
		{91FFFFD8-CA4D-3E0B-879C-EA5EB2A04C8F}.MinSizeRel|ARM.ActiveCfg = MinSizeRel|x64
		{91FFFFD8-CA4D-3E0B-879C-EA5EB2A04C8F}.MinSizeRel|x64.ActiveCfg = MinSizeRel|x64
		{91FFFFD8-CA4D-3E0B-879C-EA5EB2A04C8F}.MinSizeRel|x64.Build.0 = MinSizeRel|x64
		{91FFFFD8-CA4D-3E0B-879C-EA5EB2A04C8F}.MinSizeRel|x86.ActiveCfg = MinSizeRel|x64
		{91FFFFD8-CA4D-3E0B-879C-EA5EB2A04C8F}.Release|ARM.ActiveCfg = Release|x64
		{91FFFFD8-CA4D-3E0B-879C-EA5EB2A04C8F}.Release|x64.ActiveCfg = Release|x64
		{91FFFFD8-CA4D-3E0B-879C-EA5EB2A04C8F}.Release|x64.Build.0 = Release|x64
		{91FFFFD8-CA4D-3E0B-879C-EA5EB2A04C8F}.Release|x86.ActiveCfg = Release|x64
		{91FFFFD8-CA4D-3E0B-879C-EA5EB2A04C8F}.RelWithDebInfo|ARM.ActiveCfg = RelWithDebInfo|x64
		{91FFFFD8-CA4D-3E0B-879C-EA5EB2A04C8F}.RelWithDebInfo|x64.ActiveCfg = RelWithDebInfo|x64
		{91FFFFD8-CA4D-3E0B-879C-EA5EB2A04C8F}.RelWithDebInfo|x64.Build.0 = RelWithDebInfo|x64
		{91FFFFD8-CA4D-3E0B-879C-EA5EB2A04C8F}.RelWithDebInfo|x86.ActiveCfg = RelWithDebInfo|x64
		{A54F0751-BD23-3457-BCE3-79EBB55EDFEB}.Debug|ARM.ActiveCfg = Debug|x64
		{A54F0751-BD23-3457-BCE3-79EBB55EDFEB}.Debug|x64.ActiveCfg = Debug|x64
		{A54F0751-BD23-3457-BCE3-79EBB55EDFEB}.Debug|x64.Build.0 = Debug|x64
		{A54F0751-BD23-3457-BCE3-79EBB55EDFEB}.Debug|x86.ActiveCfg = Debug|x64
		{A54F0751-BD23-3457-BCE3-79EBB55EDFEB}.MinSizeRel|ARM.ActiveCfg = MinSizeRel|x64
		{A54F0751-BD23-3457-BCE3-79EBB55EDFEB}.MinSizeRel|x64.ActiveCfg = MinSizeRel|x64
		{A54F0751-BD23-3457-BCE3-79EBB55EDFEB}.MinSizeRel|x64.Build.0 = MinSizeRel|x64
		{A54F0751-BD23-3457-BCE3-79EBB55EDFEB}.MinSizeRel|x86.ActiveCfg = MinSizeRel|x64
		{A54F0751-BD23-3457-BCE3-79EBB55EDFEB}.Release|ARM.ActiveCfg = Release|x64
		{A54F0751-BD23-3457-BCE3-79EBB55EDFEB}.Release|x64.ActiveCfg = Release|x64
		{A54F0751-BD23-3457-BCE3-79EBB55EDFEB}.Release|x64.Build.0 = Release|x64
		{A54F0751-BD23-3457-BCE3-79EBB55EDFEB}.Release|x86.ActiveCfg = Release|x64
		{A54F0751-BD23-3457-BCE3-79EBB55EDFEB}.RelWithDebInfo|ARM.ActiveCfg = RelWithDebInfo|x64
		{A54F0751-BD23-3457-BCE3-79EBB55EDFEB}.RelWithDebInfo|x64.ActiveCfg = RelWithDebInfo|x64
		{A54F0751-BD23-3457-BCE3-79EBB55EDFEB}.RelWithDebInfo|x64.Build.0 = RelWithDebInfo|x64
		{A54F0751-BD23-3457-BCE3-79EBB55EDFEB}.RelWithDebInfo|x86.ActiveCfg = RelWithDebInfo|x64
	EndGlobalSection
	GlobalSection(SolutionProperties) = preSolution
		HideSolutionNode = FALSE
	EndGlobalSection
	GlobalSection(ExtensibilityGlobals) = postSolution
		SolutionGuid = {394BFBF1-3AFB-4F9E-8267-0F01DBCD81CC}
	EndGlobalSection
EndGlobal
