// !$*UTF8*$!
{
	archiveVersion = 1;
	classes = {
	};
	objectVersion = 46;
	objects = {

/* Begin PBXBuildFile section */
		070667411B47C2FF000FAF97 /* data in Resources */ = {isa = PBXBuildFile; fileRef = 070667401B47C2FF000FAF97 /* data */; };
		070667431B491645000FAF97 /* libapp.a in Frameworks */ = {isa = PBXBuildFile; fileRef = 070667421B491645000FAF97 /* libapp.a */; };
		0713692B1B2D2BB70065FAC7 /* libmapfile.a in Frameworks */ = {isa = PBXBuildFile; fileRef = 0713692A1B2D2BB70065FAC7 /* libmapfile.a */; };
		0749F8901B75CE610067358B /* libaudio.a in Frameworks */ = {isa = PBXBuildFile; fileRef = 0749F88F1B75CE610067358B /* libaudio.a */; };
		0749F8921B75CE820067358B /* OpenAL.framework in Frameworks */ = {isa = PBXBuildFile; fileRef = 0749F8911B75CE820067358B /* OpenAL.framework */; };
		0749F8941B75CE910067358B /* liboggvorbis.a in Frameworks */ = {isa = PBXBuildFile; fileRef = 0749F8931B75CE910067358B /* liboggvorbis.a */; };
		075602451C3FB3EC00287F77 /* GameView.mm in Sources */ = {isa = PBXBuildFile; fileRef = 075602441C3FB3EC00287F77 /* GameView.mm */; };
		07705C561B328956008ED733 /* libvideo.a in Frameworks */ = {isa = PBXBuildFile; fileRef = 07705C551B328956008ED733 /* libvideo.a */; };
		07705C581B3289B2008ED733 /* librender.a in Frameworks */ = {isa = PBXBuildFile; fileRef = 07705C571B3289B2008ED733 /* librender.a */; };
		0775001C1C1CDEC200A325C8 /* CocoaTouchWindow.mm in Sources */ = {isa = PBXBuildFile; fileRef = 0775001B1C1CDEC200A325C8 /* CocoaTouchWindow.mm */; };
		077500231C1CE32A00A325C8 /* libas.a in Frameworks */ = {isa = PBXBuildFile; fileRef = 0775001D1C1CE32A00A325C8 /* libas.a */; };
		077500241C1CE32A00A325C8 /* libctx.a in Frameworks */ = {isa = PBXBuildFile; fileRef = 0775001E1C1CE32A00A325C8 /* libctx.a */; };
		077500251C1CE32A00A325C8 /* libgv.a in Frameworks */ = {isa = PBXBuildFile; fileRef = 0775001F1C1CE32A00A325C8 /* libgv.a */; };
		077500261C1CE32A00A325C8 /* libshell.a in Frameworks */ = {isa = PBXBuildFile; fileRef = 077500201C1CE32A00A325C8 /* libshell.a */; };
		077500271C1CE32A00A325C8 /* libui.a in Frameworks */ = {isa = PBXBuildFile; fileRef = 077500211C1CE32A00A325C8 /* libui.a */; };
		077500281C1CE32A00A325C8 /* libzlib.a in Frameworks */ = {isa = PBXBuildFile; fileRef = 077500221C1CE32A00A325C8 /* libzlib.a */; };
		077AC91E1B2D24FC00E3B120 /* libgc.a in Frameworks */ = {isa = PBXBuildFile; fileRef = 077AC91D1B2D24FC00E3B120 /* libgc.a */; };
		07AD8F271B5F667F00FC2911 /* libai.a in Frameworks */ = {isa = PBXBuildFile; fileRef = 07AD8F241B5F667F00FC2911 /* libai.a */; };
		07AD8F281B5F667F00FC2911 /* libloc.a in Frameworks */ = {isa = PBXBuildFile; fileRef = 07AD8F251B5F667F00FC2911 /* libloc.a */; };
		07AD8F291B5F667F00FC2911 /* libscript.a in Frameworks */ = {isa = PBXBuildFile; fileRef = 07AD8F261B5F667F00FC2911 /* libscript.a */; };
		07AD8F2B1B5F669E00FC2911 /* libgclua.a in Frameworks */ = {isa = PBXBuildFile; fileRef = 07AD8F2A1B5F669E00FC2911 /* libgclua.a */; };
		07AD8F2E1B5F66B700FC2911 /* libconfig.a in Frameworks */ = {isa = PBXBuildFile; fileRef = 07AD8F2C1B5F66B700FC2911 /* libconfig.a */; };
		07AD8F2F1B5F66B700FC2911 /* libpluto.a in Frameworks */ = {isa = PBXBuildFile; fileRef = 07AD8F2D1B5F66B700FC2911 /* libpluto.a */; };
		07CAF7A71B33F4E2008A60CA /* GLKit.framework in Frameworks */ = {isa = PBXBuildFile; fileRef = 07CAF7A61B33F4E2008A60CA /* GLKit.framework */; };
		07CAF7A91B393A3C008A60CA /* liblua.a in Frameworks */ = {isa = PBXBuildFile; fileRef = 07CAF7A81B393A3C008A60CA /* liblua.a */; };
		07CAF7AB1B3BA782008A60CA /* libfilesystem.a in Frameworks */ = {isa = PBXBuildFile; fileRef = 07CAF7AA1B3BA782008A60CA /* libfilesystem.a */; };
		07CAF7AD1B3BBE04008A60CA /* OpenGLES.framework in Frameworks */ = {isa = PBXBuildFile; fileRef = 07CAF7AC1B3BBE04008A60CA /* OpenGLES.framework */; };
		07CAF7AF1B3BBE71008A60CA /* UIKit.framework in Frameworks */ = {isa = PBXBuildFile; fileRef = 07CAF7AE1B3BBE71008A60CA /* UIKit.framework */; };
		07FAF2751B1C26D900BFDD5F /* main.mm in Sources */ = {isa = PBXBuildFile; fileRef = 07FAF2741B1C26D900BFDD5F /* main.mm */; };
		07FAF2781B1C26DA00BFDD5F /* AppDelegate.mm in Sources */ = {isa = PBXBuildFile; fileRef = 07FAF2771B1C26DA00BFDD5F /* AppDelegate.mm */; };
		07FAF27F1B1C26DA00BFDD5F /* GameViewController.mm in Sources */ = {isa = PBXBuildFile; fileRef = 07FAF27E1B1C26DA00BFDD5F /* GameViewController.mm */; };
		07FAF2821B1C26DA00BFDD5F /* Main.storyboard in Resources */ = {isa = PBXBuildFile; fileRef = 07FAF2801B1C26DA00BFDD5F /* Main.storyboard */; };
		07FAF2841B1C26DA00BFDD5F /* Images.xcassets in Resources */ = {isa = PBXBuildFile; fileRef = 07FAF2831B1C26DA00BFDD5F /* Images.xcassets */; };
		07FAF2871B1C26DA00BFDD5F /* LaunchScreen.xib in Resources */ = {isa = PBXBuildFile; fileRef = 07FAF2851B1C26DA00BFDD5F /* LaunchScreen.xib */; };
		07FAF2931B1C26DA00BFDD5F /* itzodTests.m in Sources */ = {isa = PBXBuildFile; fileRef = 07FAF2921B1C26DA00BFDD5F /* itzodTests.m */; };
/* End PBXBuildFile section */

/* Begin PBXContainerItemProxy section */
		07FAF28D1B1C26DA00BFDD5F /* PBXContainerItemProxy */ = {
			isa = PBXContainerItemProxy;
			containerPortal = 07FAF2671B1C26D900BFDD5F /* Project object */;
			proxyType = 1;
			remoteGlobalIDString = 07FAF26E1B1C26D900BFDD5F;
			remoteInfo = itzod;
		};
/* End PBXContainerItemProxy section */

/* Begin PBXFileReference section */
		070667401B47C2FF000FAF97 /* data */ = {isa = PBXFileReference; lastKnownFileType = folder; name = data; path = ../../../data; sourceTree = "<group>"; };
		070667421B491645000FAF97 /* libapp.a */ = {isa = PBXFileReference; lastKnownFileType = archive.ar; name = libapp.a; path = "../_build/app/Debug-iphonesimulator/libapp.a"; sourceTree = "<group>"; };
		0713692A1B2D2BB70065FAC7 /* libmapfile.a */ = {isa = PBXFileReference; lastKnownFileType = archive.ar; name = libmapfile.a; path = "../../../../../Library/Developer/Xcode/DerivedData/itzod_xcode-eaiqmrhnqpqizpcxhhrkgggzpnem/Build/Products/Debug-iphonesimulator/libmapfile.a"; sourceTree = "<group>"; };
		0749F88F1B75CE610067358B /* libaudio.a */ = {isa = PBXFileReference; lastKnownFileType = archive.ar; name = libaudio.a; path = "../_build/audio/Debug-iphonesimulator/libaudio.a"; sourceTree = "<group>"; };
		0749F8911B75CE820067358B /* OpenAL.framework */ = {isa = PBXFileReference; lastKnownFileType = wrapper.framework; name = OpenAL.framework; path = System/Library/Frameworks/OpenAL.framework; sourceTree = SDKROOT; };
		0749F8931B75CE910067358B /* liboggvorbis.a */ = {isa = PBXFileReference; lastKnownFileType = archive.ar; name = liboggvorbis.a; path = "../../../../../Library/Developer/Xcode/DerivedData/itzod_xcode-eaiqmrhnqpqizpcxhhrkgggzpnem/Build/Products/Debug-iphonesimulator/liboggvorbis.a"; sourceTree = "<group>"; };
		075602431C3FB3EC00287F77 /* GameView.h */ = {isa = PBXFileReference; fileEncoding = 4; lastKnownFileType = sourcecode.c.h; path = GameView.h; sourceTree = "<group>"; };
		075602441C3FB3EC00287F77 /* GameView.mm */ = {isa = PBXFileReference; fileEncoding = 4; lastKnownFileType = sourcecode.cpp.objcpp; path = GameView.mm; sourceTree = "<group>"; };
		07705C551B328956008ED733 /* libvideo.a */ = {isa = PBXFileReference; lastKnownFileType = archive.ar; name = libvideo.a; path = "../_build/video/Debug-iphonesimulator/libvideo.a"; sourceTree = "<group>"; };
		07705C571B3289B2008ED733 /* librender.a */ = {isa = PBXFileReference; lastKnownFileType = archive.ar; name = librender.a; path = "../_build/render/Debug-iphonesimulator/librender.a"; sourceTree = "<group>"; };
		0775001A1C1CDEC200A325C8 /* CocoaTouchWindow.h */ = {isa = PBXFileReference; fileEncoding = 4; lastKnownFileType = sourcecode.c.h; path = CocoaTouchWindow.h; sourceTree = "<group>"; };
		0775001B1C1CDEC200A325C8 /* CocoaTouchWindow.mm */ = {isa = PBXFileReference; fileEncoding = 4; lastKnownFileType = sourcecode.cpp.objcpp; path = CocoaTouchWindow.mm; sourceTree = "<group>"; };
		0775001D1C1CE32A00A325C8 /* libas.a */ = {isa = PBXFileReference; lastKnownFileType = archive.ar; name = libas.a; path = "../../../../../Library/Developer/Xcode/DerivedData/itzod_xcode-eaiqmrhnqpqizpcxhhrkgggzpnem/Build/Products/Release-iphoneos/libas.a"; sourceTree = "<group>"; };
		0775001E1C1CE32A00A325C8 /* libctx.a */ = {isa = PBXFileReference; lastKnownFileType = archive.ar; name = libctx.a; path = "../../../../../Library/Developer/Xcode/DerivedData/itzod_xcode-eaiqmrhnqpqizpcxhhrkgggzpnem/Build/Products/Release-iphoneos/libctx.a"; sourceTree = "<group>"; };
		0775001F1C1CE32A00A325C8 /* libgv.a */ = {isa = PBXFileReference; lastKnownFileType = archive.ar; name = libgv.a; path = "../../../../../Library/Developer/Xcode/DerivedData/itzod_xcode-eaiqmrhnqpqizpcxhhrkgggzpnem/Build/Products/Release-iphoneos/libgv.a"; sourceTree = "<group>"; };
		077500201C1CE32A00A325C8 /* libshell.a */ = {isa = PBXFileReference; lastKnownFileType = archive.ar; name = libshell.a; path = "../_build/shell/Debug-iphoneos/libshell.a"; sourceTree = "<group>"; };
		077500211C1CE32A00A325C8 /* libui.a */ = {isa = PBXFileReference; lastKnownFileType = archive.ar; name = libui.a; path = "../../../../../Library/Developer/Xcode/DerivedData/itzod_xcode-eaiqmrhnqpqizpcxhhrkgggzpnem/Build/Products/Release-iphoneos/libui.a"; sourceTree = "<group>"; };
		077500221C1CE32A00A325C8 /* libzlib.a */ = {isa = PBXFileReference; lastKnownFileType = archive.ar; name = libzlib.a; path = "../_build/external/zlib/Debug-iphoneos/libzlib.a"; sourceTree = "<group>"; };
		077AC91D1B2D24FC00E3B120 /* libgc.a */ = {isa = PBXFileReference; lastKnownFileType = archive.ar; name = libgc.a; path = "../_build/gc/Debug-iphonesimulator/libgc.a"; sourceTree = "<group>"; };
		07AD8F241B5F667F00FC2911 /* libai.a */ = {isa = PBXFileReference; lastKnownFileType = archive.ar; name = libai.a; path = "../../../../../Library/Developer/Xcode/DerivedData/itzod_xcode-eaiqmrhnqpqizpcxhhrkgggzpnem/Build/Products/Debug-iphonesimulator/libai.a"; sourceTree = "<group>"; };
		07AD8F251B5F667F00FC2911 /* libloc.a */ = {isa = PBXFileReference; lastKnownFileType = archive.ar; name = libloc.a; path = "../../../../../Library/Developer/Xcode/DerivedData/itzod_xcode-eaiqmrhnqpqizpcxhhrkgggzpnem/Build/Products/Debug-iphonesimulator/libloc.a"; sourceTree = "<group>"; };
		07AD8F261B5F667F00FC2911 /* libscript.a */ = {isa = PBXFileReference; lastKnownFileType = archive.ar; name = libscript.a; path = "../../../../../Library/Developer/Xcode/DerivedData/itzod_xcode-eaiqmrhnqpqizpcxhhrkgggzpnem/Build/Products/Debug-iphonesimulator/libscript.a"; sourceTree = "<group>"; };
		07AD8F2A1B5F669E00FC2911 /* libgclua.a */ = {isa = PBXFileReference; lastKnownFileType = archive.ar; name = libgclua.a; path = "../../../../../Library/Developer/Xcode/DerivedData/itzod_xcode-eaiqmrhnqpqizpcxhhrkgggzpnem/Build/Products/Debug-iphonesimulator/libgclua.a"; sourceTree = "<group>"; };
		07AD8F2C1B5F66B700FC2911 /* libconfig.a */ = {isa = PBXFileReference; lastKnownFileType = archive.ar; name = libconfig.a; path = "../../../../../Library/Developer/Xcode/DerivedData/itzod_xcode-eaiqmrhnqpqizpcxhhrkgggzpnem/Build/Products/Debug-iphonesimulator/libconfig.a"; sourceTree = "<group>"; };
		07AD8F2D1B5F66B700FC2911 /* libpluto.a */ = {isa = PBXFileReference; lastKnownFileType = archive.ar; name = libpluto.a; path = "../../../../../Library/Developer/Xcode/DerivedData/itzod_xcode-eaiqmrhnqpqizpcxhhrkgggzpnem/Build/Products/Debug-iphonesimulator/libpluto.a"; sourceTree = "<group>"; };
		07CAF7A61B33F4E2008A60CA /* GLKit.framework */ = {isa = PBXFileReference; lastKnownFileType = wrapper.framework; name = GLKit.framework; path = System/Library/Frameworks/GLKit.framework; sourceTree = SDKROOT; };
		07CAF7A81B393A3C008A60CA /* liblua.a */ = {isa = PBXFileReference; lastKnownFileType = archive.ar; name = liblua.a; path = "../../../../../Library/Developer/Xcode/DerivedData/itzod_xcode-eaiqmrhnqpqizpcxhhrkgggzpnem/Build/Products/Debug-iphonesimulator/liblua.a"; sourceTree = "<group>"; };
		07CAF7AA1B3BA782008A60CA /* libfilesystem.a */ = {isa = PBXFileReference; lastKnownFileType = archive.ar; name = libfilesystem.a; path = "../../../../../Library/Developer/Xcode/DerivedData/itzod_xcode-eaiqmrhnqpqizpcxhhrkgggzpnem/Build/Products/Debug-iphonesimulator/libfilesystem.a"; sourceTree = "<group>"; };
		07CAF7AC1B3BBE04008A60CA /* OpenGLES.framework */ = {isa = PBXFileReference; lastKnownFileType = wrapper.framework; name = OpenGLES.framework; path = System/Library/Frameworks/OpenGLES.framework; sourceTree = SDKROOT; };
		07CAF7AE1B3BBE71008A60CA /* UIKit.framework */ = {isa = PBXFileReference; lastKnownFileType = wrapper.framework; name = UIKit.framework; path = System/Library/Frameworks/UIKit.framework; sourceTree = SDKROOT; };
		07FAF26F1B1C26D900BFDD5F /* itzod.app */ = {isa = PBXFileReference; explicitFileType = wrapper.application; includeInIndex = 0; path = itzod.app; sourceTree = BUILT_PRODUCTS_DIR; };
		07FAF2731B1C26D900BFDD5F /* Info.plist */ = {isa = PBXFileReference; lastKnownFileType = text.plist.xml; path = Info.plist; sourceTree = "<group>"; };
		07FAF2741B1C26D900BFDD5F /* main.mm */ = {isa = PBXFileReference; lastKnownFileType = sourcecode.cpp.objcpp; path = main.mm; sourceTree = "<group>"; };
		07FAF2761B1C26D900BFDD5F /* AppDelegate.h */ = {isa = PBXFileReference; lastKnownFileType = sourcecode.c.h; path = AppDelegate.h; sourceTree = "<group>"; };
		07FAF2771B1C26DA00BFDD5F /* AppDelegate.mm */ = {isa = PBXFileReference; lastKnownFileType = sourcecode.cpp.objcpp; path = AppDelegate.mm; sourceTree = "<group>"; };
		07FAF27D1B1C26DA00BFDD5F /* GameViewController.h */ = {isa = PBXFileReference; lastKnownFileType = sourcecode.c.h; path = GameViewController.h; sourceTree = "<group>"; };
		07FAF27E1B1C26DA00BFDD5F /* GameViewController.mm */ = {isa = PBXFileReference; lastKnownFileType = sourcecode.cpp.objcpp; path = GameViewController.mm; sourceTree = "<group>"; };
		07FAF2811B1C26DA00BFDD5F /* Base */ = {isa = PBXFileReference; lastKnownFileType = file.storyboard; name = Base; path = Base.lproj/Main.storyboard; sourceTree = "<group>"; };
		07FAF2831B1C26DA00BFDD5F /* Images.xcassets */ = {isa = PBXFileReference; lastKnownFileType = folder.assetcatalog; path = Images.xcassets; sourceTree = "<group>"; };
		07FAF2861B1C26DA00BFDD5F /* Base */ = {isa = PBXFileReference; lastKnownFileType = file.xib; name = Base; path = Base.lproj/LaunchScreen.xib; sourceTree = "<group>"; };
		07FAF28C1B1C26DA00BFDD5F /* itzodTests.xctest */ = {isa = PBXFileReference; explicitFileType = wrapper.cfbundle; includeInIndex = 0; path = itzodTests.xctest; sourceTree = BUILT_PRODUCTS_DIR; };
		07FAF2911B1C26DA00BFDD5F /* Info.plist */ = {isa = PBXFileReference; lastKnownFileType = text.plist.xml; path = Info.plist; sourceTree = "<group>"; };
		07FAF2921B1C26DA00BFDD5F /* itzodTests.m */ = {isa = PBXFileReference; lastKnownFileType = sourcecode.c.objc; path = itzodTests.m; sourceTree = "<group>"; };
/* End PBXFileReference section */

/* Begin PBXFrameworksBuildPhase section */
		07FAF26C1B1C26D900BFDD5F /* Frameworks */ = {
			isa = PBXFrameworksBuildPhase;
			buildActionMask = 2147483647;
			files = (
				077500231C1CE32A00A325C8 /* libas.a in Frameworks */,
				077500241C1CE32A00A325C8 /* libctx.a in Frameworks */,
				077500251C1CE32A00A325C8 /* libgv.a in Frameworks */,
				077500261C1CE32A00A325C8 /* libshell.a in Frameworks */,
				077500271C1CE32A00A325C8 /* libui.a in Frameworks */,
				077500281C1CE32A00A325C8 /* libzlib.a in Frameworks */,
				0749F8941B75CE910067358B /* liboggvorbis.a in Frameworks */,
				0749F8921B75CE820067358B /* OpenAL.framework in Frameworks */,
				0749F8901B75CE610067358B /* libaudio.a in Frameworks */,
				07AD8F2E1B5F66B700FC2911 /* libconfig.a in Frameworks */,
				07AD8F2F1B5F66B700FC2911 /* libpluto.a in Frameworks */,
				07AD8F2B1B5F669E00FC2911 /* libgclua.a in Frameworks */,
				07AD8F271B5F667F00FC2911 /* libai.a in Frameworks */,
				07AD8F281B5F667F00FC2911 /* libloc.a in Frameworks */,
				07AD8F291B5F667F00FC2911 /* libscript.a in Frameworks */,
				070667431B491645000FAF97 /* libapp.a in Frameworks */,
				07CAF7AF1B3BBE71008A60CA /* UIKit.framework in Frameworks */,
				07CAF7AD1B3BBE04008A60CA /* OpenGLES.framework in Frameworks */,
				07CAF7AB1B3BA782008A60CA /* libfilesystem.a in Frameworks */,
				07CAF7A91B393A3C008A60CA /* liblua.a in Frameworks */,
				07CAF7A71B33F4E2008A60CA /* GLKit.framework in Frameworks */,
				07705C581B3289B2008ED733 /* librender.a in Frameworks */,
				07705C561B328956008ED733 /* libvideo.a in Frameworks */,
				0713692B1B2D2BB70065FAC7 /* libmapfile.a in Frameworks */,
				077AC91E1B2D24FC00E3B120 /* libgc.a in Frameworks */,
			);
			runOnlyForDeploymentPostprocessing = 0;
		};
		07FAF2891B1C26DA00BFDD5F /* Frameworks */ = {
			isa = PBXFrameworksBuildPhase;
			buildActionMask = 2147483647;
			files = (
			);
			runOnlyForDeploymentPostprocessing = 0;
		};
/* End PBXFrameworksBuildPhase section */

/* Begin PBXGroup section */
		07F8658D1C385A1D0027DA89 /* tzod libs */ = {
			isa = PBXGroup;
			children = (
				07705C551B328956008ED733 /* libvideo.a */,
				0713692A1B2D2BB70065FAC7 /* libmapfile.a */,
				077AC91D1B2D24FC00E3B120 /* libgc.a */,
				07705C571B3289B2008ED733 /* librender.a */,
				07CAF7AA1B3BA782008A60CA /* libfilesystem.a */,
				070667421B491645000FAF97 /* libapp.a */,
				07AD8F261B5F667F00FC2911 /* libscript.a */,
				07AD8F251B5F667F00FC2911 /* libloc.a */,
				07AD8F241B5F667F00FC2911 /* libai.a */,
				07AD8F2A1B5F669E00FC2911 /* libgclua.a */,
				07AD8F2C1B5F66B700FC2911 /* libconfig.a */,
				0749F88F1B75CE610067358B /* libaudio.a */,
				077500211C1CE32A00A325C8 /* libui.a */,
				077500201C1CE32A00A325C8 /* libshell.a */,
				0775001F1C1CE32A00A325C8 /* libgv.a */,
				0775001E1C1CE32A00A325C8 /* libctx.a */,
				0775001D1C1CE32A00A325C8 /* libas.a */,
			);
			name = "tzod libs";
			sourceTree = "<group>";
		};
		07F8658E1C385A7E0027DA89 /* Frameworks */ = {
			isa = PBXGroup;
			children = (
				07CAF7A61B33F4E2008A60CA /* GLKit.framework */,
				07CAF7AC1B3BBE04008A60CA /* OpenGLES.framework */,
				07CAF7AE1B3BBE71008A60CA /* UIKit.framework */,
				0749F8911B75CE820067358B /* OpenAL.framework */,
			);
			name = Frameworks;
			sourceTree = "<group>";
		};
		07F8658F1C385A9C0027DA89 /* libs */ = {
			isa = PBXGroup;
			children = (
				07CAF7A81B393A3C008A60CA /* liblua.a */,
				07AD8F2D1B5F66B700FC2911 /* libpluto.a */,
				0749F8931B75CE910067358B /* liboggvorbis.a */,
				077500221C1CE32A00A325C8 /* libzlib.a */,
			);
			name = libs;
			sourceTree = "<group>";
		};
		07FAF2661B1C26D900BFDD5F = {
			isa = PBXGroup;
			children = (
				07F8658F1C385A9C0027DA89 /* libs */,
				07F8658E1C385A7E0027DA89 /* Frameworks */,
				07F8658D1C385A1D0027DA89 /* tzod libs */,
				07FAF2711B1C26D900BFDD5F /* itzod */,
				07FAF28F1B1C26DA00BFDD5F /* itzodTests */,
				07FAF2701B1C26D900BFDD5F /* Products */,
			);
			sourceTree = "<group>";
		};
		07FAF2701B1C26D900BFDD5F /* Products */ = {
			isa = PBXGroup;
			children = (
				07FAF26F1B1C26D900BFDD5F /* itzod.app */,
				07FAF28C1B1C26DA00BFDD5F /* itzodTests.xctest */,
			);
			name = Products;
			sourceTree = "<group>";
		};
		07FAF2711B1C26D900BFDD5F /* itzod */ = {
			isa = PBXGroup;
			children = (
				0775001A1C1CDEC200A325C8 /* CocoaTouchWindow.h */,
				0775001B1C1CDEC200A325C8 /* CocoaTouchWindow.mm */,
				070667401B47C2FF000FAF97 /* data */,
				07FAF2761B1C26D900BFDD5F /* AppDelegate.h */,
				07FAF2771B1C26DA00BFDD5F /* AppDelegate.mm */,
				075602431C3FB3EC00287F77 /* GameView.h */,
				075602441C3FB3EC00287F77 /* GameView.mm */,
				07FAF27D1B1C26DA00BFDD5F /* GameViewController.h */,
				07FAF27E1B1C26DA00BFDD5F /* GameViewController.mm */,
				07FAF2801B1C26DA00BFDD5F /* Main.storyboard */,
				07FAF2831B1C26DA00BFDD5F /* Images.xcassets */,
				07FAF2851B1C26DA00BFDD5F /* LaunchScreen.xib */,
				07FAF2721B1C26D900BFDD5F /* Supporting Files */,
			);
			path = itzod;
			sourceTree = "<group>";
		};
		07FAF2721B1C26D900BFDD5F /* Supporting Files */ = {
			isa = PBXGroup;
			children = (
				07FAF2731B1C26D900BFDD5F /* Info.plist */,
				07FAF2741B1C26D900BFDD5F /* main.mm */,
			);
			name = "Supporting Files";
			sourceTree = "<group>";
		};
		07FAF28F1B1C26DA00BFDD5F /* itzodTests */ = {
			isa = PBXGroup;
			children = (
				07FAF2921B1C26DA00BFDD5F /* itzodTests.m */,
				07FAF2901B1C26DA00BFDD5F /* Supporting Files */,
			);
			path = itzodTests;
			sourceTree = "<group>";
		};
		07FAF2901B1C26DA00BFDD5F /* Supporting Files */ = {
			isa = PBXGroup;
			children = (
				07FAF2911B1C26DA00BFDD5F /* Info.plist */,
			);
			name = "Supporting Files";
			sourceTree = "<group>";
		};
/* End PBXGroup section */

/* Begin PBXNativeTarget section */
		07FAF26E1B1C26D900BFDD5F /* itzod */ = {
			isa = PBXNativeTarget;
			buildConfigurationList = 07FAF2961B1C26DA00BFDD5F /* Build configuration list for PBXNativeTarget "itzod" */;
			buildPhases = (
				07FAF26B1B1C26D900BFDD5F /* Sources */,
				07FAF26C1B1C26D900BFDD5F /* Frameworks */,
				07FAF26D1B1C26D900BFDD5F /* Resources */,
			);
			buildRules = (
			);
			dependencies = (
			);
			name = itzod;
			productName = itzod;
			productReference = 07FAF26F1B1C26D900BFDD5F /* itzod.app */;
			productType = "com.apple.product-type.application";
		};
		07FAF28B1B1C26DA00BFDD5F /* itzodTests */ = {
			isa = PBXNativeTarget;
			buildConfigurationList = 07FAF2991B1C26DA00BFDD5F /* Build configuration list for PBXNativeTarget "itzodTests" */;
			buildPhases = (
				07FAF2881B1C26DA00BFDD5F /* Sources */,
				07FAF2891B1C26DA00BFDD5F /* Frameworks */,
				07FAF28A1B1C26DA00BFDD5F /* Resources */,
			);
			buildRules = (
			);
			dependencies = (
				07FAF28E1B1C26DA00BFDD5F /* PBXTargetDependency */,
			);
			name = itzodTests;
			productName = itzodTests;
			productReference = 07FAF28C1B1C26DA00BFDD5F /* itzodTests.xctest */;
			productType = "com.apple.product-type.bundle.unit-test";
		};
/* End PBXNativeTarget section */

/* Begin PBXProject section */
		07FAF2671B1C26D900BFDD5F /* Project object */ = {
			isa = PBXProject;
			attributes = {
				LastUpgradeCheck = 0710;
				ORGANIZATIONNAME = "Andrei Aristarkhov";
				TargetAttributes = {
					07FAF26E1B1C26D900BFDD5F = {
						CreatedOnToolsVersion = 6.3.1;
						DevelopmentTeam = 9NEPQS7BB4;
					};
					07FAF28B1B1C26DA00BFDD5F = {
						CreatedOnToolsVersion = 6.3.1;
						TestTargetID = 07FAF26E1B1C26D900BFDD5F;
					};
				};
			};
			buildConfigurationList = 07FAF26A1B1C26D900BFDD5F /* Build configuration list for PBXProject "itzod" */;
			compatibilityVersion = "Xcode 3.2";
			developmentRegion = English;
			hasScannedForEncodings = 0;
			knownRegions = (
				en,
				Base,
			);
			mainGroup = 07FAF2661B1C26D900BFDD5F;
			productRefGroup = 07FAF2701B1C26D900BFDD5F /* Products */;
			projectDirPath = "";
			projectRoot = "";
			targets = (
				07FAF26E1B1C26D900BFDD5F /* itzod */,
				07FAF28B1B1C26DA00BFDD5F /* itzodTests */,
			);
		};
/* End PBXProject section */

/* Begin PBXResourcesBuildPhase section */
		07FAF26D1B1C26D900BFDD5F /* Resources */ = {
			isa = PBXResourcesBuildPhase;
			buildActionMask = 2147483647;
			files = (
				07FAF2871B1C26DA00BFDD5F /* LaunchScreen.xib in Resources */,
				07FAF2821B1C26DA00BFDD5F /* Main.storyboard in Resources */,
				07FAF2841B1C26DA00BFDD5F /* Images.xcassets in Resources */,
				070667411B47C2FF000FAF97 /* data in Resources */,
			);
			runOnlyForDeploymentPostprocessing = 0;
		};
		07FAF28A1B1C26DA00BFDD5F /* Resources */ = {
			isa = PBXResourcesBuildPhase;
			buildActionMask = 2147483647;
			files = (
			);
			runOnlyForDeploymentPostprocessing = 0;
		};
/* End PBXResourcesBuildPhase section */

/* Begin PBXSourcesBuildPhase section */
		07FAF26B1B1C26D900BFDD5F /* Sources */ = {
			isa = PBXSourcesBuildPhase;
			buildActionMask = 2147483647;
			files = (
				07FAF2781B1C26DA00BFDD5F /* AppDelegate.mm in Sources */,
				075602451C3FB3EC00287F77 /* GameView.mm in Sources */,
				07FAF27F1B1C26DA00BFDD5F /* GameViewController.mm in Sources */,
				07FAF2751B1C26D900BFDD5F /* main.mm in Sources */,
				0775001C1C1CDEC200A325C8 /* CocoaTouchWindow.mm in Sources */,
			);
			runOnlyForDeploymentPostprocessing = 0;
		};
		07FAF2881B1C26DA00BFDD5F /* Sources */ = {
			isa = PBXSourcesBuildPhase;
			buildActionMask = 2147483647;
			files = (
				07FAF2931B1C26DA00BFDD5F /* itzodTests.m in Sources */,
			);
			runOnlyForDeploymentPostprocessing = 0;
		};
/* End PBXSourcesBuildPhase section */

/* Begin PBXTargetDependency section */
		07FAF28E1B1C26DA00BFDD5F /* PBXTargetDependency */ = {
			isa = PBXTargetDependency;
			target = 07FAF26E1B1C26D900BFDD5F /* itzod */;
			targetProxy = 07FAF28D1B1C26DA00BFDD5F /* PBXContainerItemProxy */;
		};
/* End PBXTargetDependency section */

/* Begin PBXVariantGroup section */
		07FAF2801B1C26DA00BFDD5F /* Main.storyboard */ = {
			isa = PBXVariantGroup;
			children = (
				07FAF2811B1C26DA00BFDD5F /* Base */,
			);
			name = Main.storyboard;
			sourceTree = "<group>";
		};
		07FAF2851B1C26DA00BFDD5F /* LaunchScreen.xib */ = {
			isa = PBXVariantGroup;
			children = (
				07FAF2861B1C26DA00BFDD5F /* Base */,
			);
			name = LaunchScreen.xib;
			sourceTree = "<group>";
		};
/* End PBXVariantGroup section */

/* Begin XCBuildConfiguration section */
		07FAF2941B1C26DA00BFDD5F /* Debug */ = {
			isa = XCBuildConfiguration;
			buildSettings = {
				ALWAYS_SEARCH_USER_PATHS = NO;
				CLANG_CXX_LANGUAGE_STANDARD = "gnu++0x";
				CLANG_CXX_LIBRARY = "libc++";
				CLANG_ENABLE_MODULES = YES;
				CLANG_ENABLE_OBJC_ARC = YES;
				CLANG_WARN_BOOL_CONVERSION = YES;
				CLANG_WARN_CONSTANT_CONVERSION = YES;
				CLANG_WARN_DIRECT_OBJC_ISA_USAGE = YES_ERROR;
				CLANG_WARN_EMPTY_BODY = YES;
				CLANG_WARN_ENUM_CONVERSION = YES;
				CLANG_WARN_INT_CONVERSION = YES;
				CLANG_WARN_OBJC_ROOT_CLASS = YES_ERROR;
				CLANG_WARN_UNREACHABLE_CODE = YES;
				CLANG_WARN__DUPLICATE_METHOD_MATCH = YES;
				"CODE_SIGN_IDENTITY[sdk=iphoneos*]" = "iPhone Developer";
				COPY_PHASE_STRIP = NO;
				DEBUG_INFORMATION_FORMAT = "dwarf-with-dsym";
				ENABLE_STRICT_OBJC_MSGSEND = YES;
				ENABLE_TESTABILITY = YES;
				GCC_C_LANGUAGE_STANDARD = gnu99;
				GCC_DYNAMIC_NO_PIC = NO;
				GCC_NO_COMMON_BLOCKS = YES;
				GCC_OPTIMIZATION_LEVEL = 0;
				GCC_PREPROCESSOR_DEFINITIONS = (
					"DEBUG=1",
					"$(inherited)",
				);
				GCC_SYMBOLS_PRIVATE_EXTERN = NO;
				GCC_WARN_64_TO_32_BIT_CONVERSION = YES;
				GCC_WARN_ABOUT_RETURN_TYPE = YES_ERROR;
				GCC_WARN_UNDECLARED_SELECTOR = YES;
				GCC_WARN_UNINITIALIZED_AUTOS = YES_AGGRESSIVE;
				GCC_WARN_UNUSED_FUNCTION = YES;
				GCC_WARN_UNUSED_VARIABLE = YES;
				IPHONEOS_DEPLOYMENT_TARGET = 9.2;
				MTL_ENABLE_DEBUG_INFO = YES;
				ONLY_ACTIVE_ARCH = YES;
				SDKROOT = iphoneos;
				TARGETED_DEVICE_FAMILY = 2;
			};
			name = Debug;
		};
		07FAF2951B1C26DA00BFDD5F /* Release */ = {
			isa = XCBuildConfiguration;
			buildSettings = {
				ALWAYS_SEARCH_USER_PATHS = NO;
				CLANG_CXX_LANGUAGE_STANDARD = "gnu++0x";
				CLANG_CXX_LIBRARY = "libc++";
				CLANG_ENABLE_MODULES = YES;
				CLANG_ENABLE_OBJC_ARC = YES;
				CLANG_WARN_BOOL_CONVERSION = YES;
				CLANG_WARN_CONSTANT_CONVERSION = YES;
				CLANG_WARN_DIRECT_OBJC_ISA_USAGE = YES_ERROR;
				CLANG_WARN_EMPTY_BODY = YES;
				CLANG_WARN_ENUM_CONVERSION = YES;
				CLANG_WARN_INT_CONVERSION = YES;
				CLANG_WARN_OBJC_ROOT_CLASS = YES_ERROR;
				CLANG_WARN_UNREACHABLE_CODE = YES;
				CLANG_WARN__DUPLICATE_METHOD_MATCH = YES;
				"CODE_SIGN_IDENTITY[sdk=iphoneos*]" = "iPhone Developer";
				COPY_PHASE_STRIP = NO;
				DEBUG_INFORMATION_FORMAT = "dwarf-with-dsym";
				ENABLE_NS_ASSERTIONS = NO;
				ENABLE_STRICT_OBJC_MSGSEND = YES;
				GCC_C_LANGUAGE_STANDARD = gnu99;
				GCC_NO_COMMON_BLOCKS = YES;
				GCC_WARN_64_TO_32_BIT_CONVERSION = YES;
				GCC_WARN_ABOUT_RETURN_TYPE = YES_ERROR;
				GCC_WARN_UNDECLARED_SELECTOR = YES;
				GCC_WARN_UNINITIALIZED_AUTOS = YES_AGGRESSIVE;
				GCC_WARN_UNUSED_FUNCTION = YES;
				GCC_WARN_UNUSED_VARIABLE = YES;
				IPHONEOS_DEPLOYMENT_TARGET = 9.2;
				MTL_ENABLE_DEBUG_INFO = NO;
				SDKROOT = iphoneos;
				TARGETED_DEVICE_FAMILY = 2;
				VALIDATE_PRODUCT = YES;
			};
			name = Release;
		};
		07FAF2971B1C26DA00BFDD5F /* Debug */ = {
			isa = XCBuildConfiguration;
			buildSettings = {
				ASSETCATALOG_COMPILER_APPICON_NAME = AppIcon;
				CODE_SIGN_IDENTITY = "iPhone Developer";
				"CODE_SIGN_IDENTITY[sdk=iphoneos*]" = "iPhone Developer";
				HEADER_SEARCH_PATHS = (
					"$(inherited)",
					../../src/gc/inc,
					../../src/math/inc,
					../../src/video/inc,
					../../src/render/inc,
					../../src/fs/inc,
					../../src/app/inc,
					../../src/script/inc,
					../../src/audio/inc,
					../../src/libui/inc,
				);
				INFOPLIST_FILE = itzod/Info.plist;
				IPHONEOS_DEPLOYMENT_TARGET = 9.2;
				LD_RUNPATH_SEARCH_PATHS = "$(inherited) @executable_path/Frameworks";
				LIBRARY_SEARCH_PATHS = (
					"$(inherited)",
					"$(USER_LIBRARY_DIR)/Developer/Xcode/DerivedData/itzod_xcode-eaiqmrhnqpqizpcxhhrkgggzpnem/Build/Products/Debug-iphonesimulator",
					"/Users/andrar/git/tzod/game/iOS/_build/app/Debug-iphonesimulator",
					"/Users/andrar/git/tzod/game/iOS/_build/audio/Debug-iphonesimulator",
				);
				PRODUCT_BUNDLE_IDENTIFIER = "lshome.$(PRODUCT_NAME:rfc1034identifier)";
				PRODUCT_NAME = "$(TARGET_NAME)";
				PROVISIONING_PROFILE = "";
				TARGETED_DEVICE_FAMILY = "1,2";
			};
			name = Debug;
		};
		07FAF2981B1C26DA00BFDD5F /* Release */ = {
			isa = XCBuildConfiguration;
			buildSettings = {
				ASSETCATALOG_COMPILER_APPICON_NAME = AppIcon;
				CODE_SIGN_IDENTITY = "iPhone Developer";
				"CODE_SIGN_IDENTITY[sdk=iphoneos*]" = "iPhone Developer";
				HEADER_SEARCH_PATHS = (
					"$(inherited)",
					../../src/gc/inc,
					../../src/math/inc,
					../../src/video/inc,
					../../src/render/inc,
					../../src/fs/inc,
					../../src/app/inc,
					../../src/script/inc,
					../../src/audio/inc,
					../../src/libui/inc,
				);
				INFOPLIST_FILE = itzod/Info.plist;
				IPHONEOS_DEPLOYMENT_TARGET = 9.2;
				LD_RUNPATH_SEARCH_PATHS = "$(inherited) @executable_path/Frameworks";
				LIBRARY_SEARCH_PATHS = (
					"$(inherited)",
					"$(USER_LIBRARY_DIR)/Developer/Xcode/DerivedData/itzod_xcode-eaiqmrhnqpqizpcxhhrkgggzpnem/Build/Products/Debug-iphonesimulator",
					"/Users/andrar/git/tzod/game/iOS/_build/app/Debug-iphonesimulator",
					"/Users/andrar/git/tzod/game/iOS/_build/audio/Debug-iphonesimulator",
				);
				PRODUCT_BUNDLE_IDENTIFIER = "lshome.$(PRODUCT_NAME:rfc1034identifier)";
				PRODUCT_NAME = "$(TARGET_NAME)";
				PROVISIONING_PROFILE = "";
				TARGETED_DEVICE_FAMILY = "1,2";
			};
			name = Release;
		};
		07FAF29A1B1C26DA00BFDD5F /* Debug */ = {
			isa = XCBuildConfiguration;
			buildSettings = {
				BUNDLE_LOADER = "$(TEST_HOST)";
				FRAMEWORK_SEARCH_PATHS = (
					"$(SDKROOT)/Developer/Library/Frameworks",
					"$(inherited)",
				);
				GCC_PREPROCESSOR_DEFINITIONS = (
					"DEBUG=1",
					"$(inherited)",
				);
				INFOPLIST_FILE = itzodTests/Info.plist;
				LD_RUNPATH_SEARCH_PATHS = "$(inherited) @executable_path/Frameworks @loader_path/Frameworks";
				PRODUCT_BUNDLE_IDENTIFIER = "lshome.$(PRODUCT_NAME:rfc1034identifier)";
				PRODUCT_NAME = "$(TARGET_NAME)";
				TEST_HOST = "$(BUILT_PRODUCTS_DIR)/itzod.app/itzod";
			};
			name = Debug;
		};
		07FAF29B1B1C26DA00BFDD5F /* Release */ = {
			isa = XCBuildConfiguration;
			buildSettings = {
				BUNDLE_LOADER = "$(TEST_HOST)";
				FRAMEWORK_SEARCH_PATHS = (
					"$(SDKROOT)/Developer/Library/Frameworks",
					"$(inherited)",
				);
				INFOPLIST_FILE = itzodTests/Info.plist;
				LD_RUNPATH_SEARCH_PATHS = "$(inherited) @executable_path/Frameworks @loader_path/Frameworks";
				PRODUCT_BUNDLE_IDENTIFIER = "lshome.$(PRODUCT_NAME:rfc1034identifier)";
				PRODUCT_NAME = "$(TARGET_NAME)";
				TEST_HOST = "$(BUILT_PRODUCTS_DIR)/itzod.app/itzod";
			};
			name = Release;
		};
/* End XCBuildConfiguration section */

/* Begin XCConfigurationList section */
		07FAF26A1B1C26D900BFDD5F /* Build configuration list for PBXProject "itzod" */ = {
			isa = XCConfigurationList;
			buildConfigurations = (
				07FAF2941B1C26DA00BFDD5F /* Debug */,
				07FAF2951B1C26DA00BFDD5F /* Release */,
			);
			defaultConfigurationIsVisible = 0;
			defaultConfigurationName = Release;
		};
		07FAF2961B1C26DA00BFDD5F /* Build configuration list for PBXNativeTarget "itzod" */ = {
			isa = XCConfigurationList;
			buildConfigurations = (
				07FAF2971B1C26DA00BFDD5F /* Debug */,
				07FAF2981B1C26DA00BFDD5F /* Release */,
			);
			defaultConfigurationIsVisible = 0;
			defaultConfigurationName = Release;
		};
		07FAF2991B1C26DA00BFDD5F /* Build configuration list for PBXNativeTarget "itzodTests" */ = {
			isa = XCConfigurationList;
			buildConfigurations = (
				07FAF29A1B1C26DA00BFDD5F /* Debug */,
				07FAF29B1B1C26DA00BFDD5F /* Release */,
			);
			defaultConfigurationIsVisible = 0;
			defaultConfigurationName = Release;
		};
/* End XCConfigurationList section */
	};
	rootObject = 07FAF2671B1C26D900BFDD5F /* Project object */;
}
