
Microsoft Visual Studio Solution File, Format Version 12.00
# Visual Studio 14
VisualStudioVersion = 14.0.24720.0
MinimumVisualStudioVersion = 10.0.40219.1
Project("{8BC9CEB8-8B4A-11D0-8D11-00A0C91BC942}") = "wtzod", "wtzod\wtzod.vcxproj", "{6508C136-731E-4579-B847-4767C7C3D6F2}"
	ProjectSection(ProjectDependencies) = postProject
		{CE8A94EE-B4FB-43A4-97C1-852B74327FBA} = {CE8A94EE-B4FB-43A4-97C1-852B74327FBA}
	EndProjectSection
EndProject
Project("{8BC9CEB8-8B4A-11D0-8D11-00A0C91BC942}") = "ALL_BUILD", "_build\ALL_BUILD.vcxproj", "{EA6AEFC8-7008-430F-A8E9-1B1AF36B7ECC}"
EndProject
Project("{8BC9CEB8-8B4A-11D0-8D11-00A0C91BC942}") = "ai", "_build\src\ai\ai.vcxproj", "{673F3969-D830-40BA-BD71-93A8C3561DBC}"
EndProject
Project("{8BC9CEB8-8B4A-11D0-8D11-00A0C91BC942}") = "gc", "_build\src\gc\gc.vcxproj", "{291F1E5A-81BE-4141-9F1B-7BD1DE556D80}"
EndProject
Project("{8BC9CEB8-8B4A-11D0-8D11-00A0C91BC942}") = "app", "_build\src\app\app.vcxproj", "{CE8A94EE-B4FB-43A4-97C1-852B74327FBA}"
EndProject
Project("{8BC9CEB8-8B4A-11D0-8D11-00A0C91BC942}") = "filesystem", "_build\src\fs\filesystem.vcxproj", "{1E51CA76-9F97-4DD9-B79D-12F353B15FBA}"
EndProject
Project("{8BC9CEB8-8B4A-11D0-8D11-00A0C91BC942}") = "gclua", "_build\src\gclua\gclua.vcxproj", "{C800042C-C09C-4503-8117-D0909F565E82}"
EndProject
Project("{8BC9CEB8-8B4A-11D0-8D11-00A0C91BC942}") = "loc", "_build\src\loc\loc.vcxproj", "{CAF54BE0-A367-4A15-937F-D03B77749712}"
EndProject
Project("{8BC9CEB8-8B4A-11D0-8D11-00A0C91BC942}") = "mapfile", "_build\src\mf\mapfile.vcxproj", "{7677FB68-DDA1-4D51-819D-CEF8F3832D3D}"
EndProject
Project("{8BC9CEB8-8B4A-11D0-8D11-00A0C91BC942}") = "render", "_build\src\render\render.vcxproj", "{017F19D7-6FD3-4673-916A-6B28BD58DE14}"
EndProject
Project("{8BC9CEB8-8B4A-11D0-8D11-00A0C91BC942}") = "script", "_build\src\script\script.vcxproj", "{F6623D13-EF2C-455B-ADB1-192352C04BC6}"
EndProject
Project("{8BC9CEB8-8B4A-11D0-8D11-00A0C91BC942}") = "video", "_build\src\video\video.vcxproj", "{F4FC238A-2101-48F5-BD30-FE8A63127431}"
EndProject
Project("{8BC9CEB8-8B4A-11D0-8D11-00A0C91BC942}") = "lua", "_build\src\external\lua\lua.vcxproj", "{902C5E02-FBEC-3DDE-904F-42220B14491A}"
EndProject
Project("{8BC9CEB8-8B4A-11D0-8D11-00A0C91BC942}") = "config", "_build\src\config\config.vcxproj", "{D42358DE-8530-3DC6-AF7A-C9587690EAE9}"
EndProject
Project("{8BC9CEB8-8B4A-11D0-8D11-00A0C91BC942}") = "pluto", "_build\src\external\pluto\pluto.vcxproj", "{400EE59E-CE16-3933-98DA-017A02CFF25C}"
EndProject
Project("{8BC9CEB8-8B4A-11D0-8D11-00A0C91BC942}") = "ctx", "_build\src\ctx\ctx.vcxproj", "{330B2D64-94ED-393F-867C-B4D49617BD47}"
EndProject
Project("{8BC9CEB8-8B4A-11D0-8D11-00A0C91BC942}") = "as", "_build\src\as\as.vcxproj", "{1FAE1081-3BDE-3BF6-8FD4-52A3A47AD016}"
EndProject
Project("{8BC9CEB8-8B4A-11D0-8D11-00A0C91BC942}") = "gv", "_build\src\gv\gv.vcxproj", "{135E9F93-6EEF-3350-B65B-06489A738645}"
EndProject
Project("{8BC9CEB8-8B4A-11D0-8D11-00A0C91BC942}") = "ui", "_build\src\libui\ui.vcxproj", "{1EF23813-D8D6-37DB-9C0C-D2DCB193A9D5}"
EndProject
Project("{8BC9CEB8-8B4A-11D0-8D11-00A0C91BC942}") = "shell", "_build\src\shell\shell.vcxproj", "{38AE85E6-6A3F-3B1B-837B-9CC192054995}"
EndProject
Project("{8BC9CEB8-8B4A-11D0-8D11-00A0C91BC942}") = "StoreData", "_build\data\StoreData.vcxproj", "{3CB044A1-9611-3227-8F13-60B58C6D043A}"
EndProject
Project("{8BC9CEB8-8B4A-11D0-8D11-00A0C91BC942}") = "audio", "_build\src\audio\audio.vcxproj", "{F3862BA7-C578-3329-82EA-52E1C5622FBD}"
EndProject
Project("{8BC9CEB8-8B4A-11D0-8D11-00A0C91BC942}") = "oggvorbis", "_build\src\external\oggvorbis\oggvorbis.vcxproj", "{488C5DF8-0989-327E-BA58-0BCC59C3B3C5}"
EndProject
Global
	GlobalSection(SolutionConfigurationPlatforms) = preSolution
		Debug|ARM = Debug|ARM
		Debug|x64 = Debug|x64
		Debug|x86 = Debug|x86
		Release|ARM = Release|ARM
		Release|x64 = Release|x64
		Release|x86 = Release|x86
	EndGlobalSection
	GlobalSection(ProjectConfigurationPlatforms) = postSolution
		{6508C136-731E-4579-B847-4767C7C3D6F2}.Debug|ARM.ActiveCfg = Debug|ARM
		{6508C136-731E-4579-B847-4767C7C3D6F2}.Debug|ARM.Build.0 = Debug|ARM
		{6508C136-731E-4579-B847-4767C7C3D6F2}.Debug|ARM.Deploy.0 = Debug|ARM
		{6508C136-731E-4579-B847-4767C7C3D6F2}.Debug|x64.ActiveCfg = Debug|x64
		{6508C136-731E-4579-B847-4767C7C3D6F2}.Debug|x64.Build.0 = Debug|x64
		{6508C136-731E-4579-B847-4767C7C3D6F2}.Debug|x64.Deploy.0 = Debug|x64
		{6508C136-731E-4579-B847-4767C7C3D6F2}.Debug|x86.ActiveCfg = Debug|Win32
		{6508C136-731E-4579-B847-4767C7C3D6F2}.Debug|x86.Build.0 = Debug|Win32
		{6508C136-731E-4579-B847-4767C7C3D6F2}.Debug|x86.Deploy.0 = Debug|Win32
		{6508C136-731E-4579-B847-4767C7C3D6F2}.Release|ARM.ActiveCfg = Release|ARM
		{6508C136-731E-4579-B847-4767C7C3D6F2}.Release|ARM.Build.0 = Release|ARM
		{6508C136-731E-4579-B847-4767C7C3D6F2}.Release|ARM.Deploy.0 = Release|ARM
		{6508C136-731E-4579-B847-4767C7C3D6F2}.Release|x64.ActiveCfg = Release|x64
		{6508C136-731E-4579-B847-4767C7C3D6F2}.Release|x64.Build.0 = Release|x64
		{6508C136-731E-4579-B847-4767C7C3D6F2}.Release|x64.Deploy.0 = Release|x64
		{6508C136-731E-4579-B847-4767C7C3D6F2}.Release|x86.ActiveCfg = Release|Win32
		{6508C136-731E-4579-B847-4767C7C3D6F2}.Release|x86.Build.0 = Release|Win32
		{6508C136-731E-4579-B847-4767C7C3D6F2}.Release|x86.Deploy.0 = Release|Win32
		{EA6AEFC8-7008-430F-A8E9-1B1AF36B7ECC}.Debug|ARM.ActiveCfg = Debug|Win32
		{EA6AEFC8-7008-430F-A8E9-1B1AF36B7ECC}.Debug|x64.ActiveCfg = Debug|Win32
		{EA6AEFC8-7008-430F-A8E9-1B1AF36B7ECC}.Debug|x86.ActiveCfg = Debug|Win32
		{EA6AEFC8-7008-430F-A8E9-1B1AF36B7ECC}.Debug|x86.Build.0 = Debug|Win32
		{EA6AEFC8-7008-430F-A8E9-1B1AF36B7ECC}.Release|ARM.ActiveCfg = Release|Win32
		{EA6AEFC8-7008-430F-A8E9-1B1AF36B7ECC}.Release|x64.ActiveCfg = Release|Win32
		{EA6AEFC8-7008-430F-A8E9-1B1AF36B7ECC}.Release|x86.ActiveCfg = Release|Win32
		{EA6AEFC8-7008-430F-A8E9-1B1AF36B7ECC}.Release|x86.Build.0 = Release|Win32
		{673F3969-D830-40BA-BD71-93A8C3561DBC}.Debug|ARM.ActiveCfg = Debug|Win32
		{673F3969-D830-40BA-BD71-93A8C3561DBC}.Debug|x64.ActiveCfg = Debug|Win32
		{673F3969-D830-40BA-BD71-93A8C3561DBC}.Debug|x86.ActiveCfg = Debug|Win32
		{673F3969-D830-40BA-BD71-93A8C3561DBC}.Debug|x86.Build.0 = Debug|Win32
		{673F3969-D830-40BA-BD71-93A8C3561DBC}.Release|ARM.ActiveCfg = Release|Win32
		{673F3969-D830-40BA-BD71-93A8C3561DBC}.Release|x64.ActiveCfg = Release|Win32
		{673F3969-D830-40BA-BD71-93A8C3561DBC}.Release|x86.ActiveCfg = Release|Win32
		{673F3969-D830-40BA-BD71-93A8C3561DBC}.Release|x86.Build.0 = Release|Win32
		{291F1E5A-81BE-4141-9F1B-7BD1DE556D80}.Debug|ARM.ActiveCfg = Debug|Win32
		{291F1E5A-81BE-4141-9F1B-7BD1DE556D80}.Debug|x64.ActiveCfg = Debug|Win32
		{291F1E5A-81BE-4141-9F1B-7BD1DE556D80}.Debug|x86.ActiveCfg = Debug|Win32
		{291F1E5A-81BE-4141-9F1B-7BD1DE556D80}.Debug|x86.Build.0 = Debug|Win32
		{291F1E5A-81BE-4141-9F1B-7BD1DE556D80}.Release|ARM.ActiveCfg = Release|Win32
		{291F1E5A-81BE-4141-9F1B-7BD1DE556D80}.Release|x64.ActiveCfg = Release|Win32
		{291F1E5A-81BE-4141-9F1B-7BD1DE556D80}.Release|x86.ActiveCfg = Release|Win32
		{291F1E5A-81BE-4141-9F1B-7BD1DE556D80}.Release|x86.Build.0 = Release|Win32
		{CE8A94EE-B4FB-43A4-97C1-852B74327FBA}.Debug|ARM.ActiveCfg = Debug|Win32
		{CE8A94EE-B4FB-43A4-97C1-852B74327FBA}.Debug|x64.ActiveCfg = Debug|Win32
		{CE8A94EE-B4FB-43A4-97C1-852B74327FBA}.Debug|x86.ActiveCfg = Debug|Win32
		{CE8A94EE-B4FB-43A4-97C1-852B74327FBA}.Debug|x86.Build.0 = Debug|Win32
		{CE8A94EE-B4FB-43A4-97C1-852B74327FBA}.Release|ARM.ActiveCfg = Release|Win32
		{CE8A94EE-B4FB-43A4-97C1-852B74327FBA}.Release|x64.ActiveCfg = Release|Win32
		{CE8A94EE-B4FB-43A4-97C1-852B74327FBA}.Release|x86.ActiveCfg = Release|Win32
		{CE8A94EE-B4FB-43A4-97C1-852B74327FBA}.Release|x86.Build.0 = Release|Win32
		{1E51CA76-9F97-4DD9-B79D-12F353B15FBA}.Debug|ARM.ActiveCfg = Debug|Win32
		{1E51CA76-9F97-4DD9-B79D-12F353B15FBA}.Debug|x64.ActiveCfg = Debug|Win32
		{1E51CA76-9F97-4DD9-B79D-12F353B15FBA}.Debug|x86.ActiveCfg = Debug|Win32
		{1E51CA76-9F97-4DD9-B79D-12F353B15FBA}.Debug|x86.Build.0 = Debug|Win32
		{1E51CA76-9F97-4DD9-B79D-12F353B15FBA}.Release|ARM.ActiveCfg = Release|Win32
		{1E51CA76-9F97-4DD9-B79D-12F353B15FBA}.Release|x64.ActiveCfg = Release|Win32
		{1E51CA76-9F97-4DD9-B79D-12F353B15FBA}.Release|x86.ActiveCfg = Release|Win32
		{1E51CA76-9F97-4DD9-B79D-12F353B15FBA}.Release|x86.Build.0 = Release|Win32
		{C800042C-C09C-4503-8117-D0909F565E82}.Debug|ARM.ActiveCfg = Debug|Win32
		{C800042C-C09C-4503-8117-D0909F565E82}.Debug|x64.ActiveCfg = Debug|Win32
		{C800042C-C09C-4503-8117-D0909F565E82}.Debug|x86.ActiveCfg = Debug|Win32
		{C800042C-C09C-4503-8117-D0909F565E82}.Debug|x86.Build.0 = Debug|Win32
		{C800042C-C09C-4503-8117-D0909F565E82}.Release|ARM.ActiveCfg = Release|Win32
		{C800042C-C09C-4503-8117-D0909F565E82}.Release|x64.ActiveCfg = Release|Win32
		{C800042C-C09C-4503-8117-D0909F565E82}.Release|x86.ActiveCfg = Release|Win32
		{C800042C-C09C-4503-8117-D0909F565E82}.Release|x86.Build.0 = Release|Win32
		{CAF54BE0-A367-4A15-937F-D03B77749712}.Debug|ARM.ActiveCfg = Debug|Win32
		{CAF54BE0-A367-4A15-937F-D03B77749712}.Debug|x64.ActiveCfg = Debug|Win32
		{CAF54BE0-A367-4A15-937F-D03B77749712}.Debug|x86.ActiveCfg = Debug|Win32
		{CAF54BE0-A367-4A15-937F-D03B77749712}.Debug|x86.Build.0 = Debug|Win32
		{CAF54BE0-A367-4A15-937F-D03B77749712}.Release|ARM.ActiveCfg = Release|Win32
		{CAF54BE0-A367-4A15-937F-D03B77749712}.Release|x64.ActiveCfg = Release|Win32
		{CAF54BE0-A367-4A15-937F-D03B77749712}.Release|x86.ActiveCfg = Release|Win32
		{CAF54BE0-A367-4A15-937F-D03B77749712}.Release|x86.Build.0 = Release|Win32
		{7677FB68-DDA1-4D51-819D-CEF8F3832D3D}.Debug|ARM.ActiveCfg = Debug|Win32
		{7677FB68-DDA1-4D51-819D-CEF8F3832D3D}.Debug|x64.ActiveCfg = Debug|Win32
		{7677FB68-DDA1-4D51-819D-CEF8F3832D3D}.Debug|x86.ActiveCfg = Debug|Win32
		{7677FB68-DDA1-4D51-819D-CEF8F3832D3D}.Debug|x86.Build.0 = Debug|Win32
		{7677FB68-DDA1-4D51-819D-CEF8F3832D3D}.Release|ARM.ActiveCfg = Release|Win32
		{7677FB68-DDA1-4D51-819D-CEF8F3832D3D}.Release|x64.ActiveCfg = Release|Win32
		{7677FB68-DDA1-4D51-819D-CEF8F3832D3D}.Release|x86.ActiveCfg = Release|Win32
		{7677FB68-DDA1-4D51-819D-CEF8F3832D3D}.Release|x86.Build.0 = Release|Win32
		{017F19D7-6FD3-4673-916A-6B28BD58DE14}.Debug|ARM.ActiveCfg = Debug|Win32
		{017F19D7-6FD3-4673-916A-6B28BD58DE14}.Debug|x64.ActiveCfg = Debug|Win32
		{017F19D7-6FD3-4673-916A-6B28BD58DE14}.Debug|x86.ActiveCfg = Debug|Win32
		{017F19D7-6FD3-4673-916A-6B28BD58DE14}.Debug|x86.Build.0 = Debug|Win32
		{017F19D7-6FD3-4673-916A-6B28BD58DE14}.Release|ARM.ActiveCfg = Release|Win32
		{017F19D7-6FD3-4673-916A-6B28BD58DE14}.Release|x64.ActiveCfg = Release|Win32
		{017F19D7-6FD3-4673-916A-6B28BD58DE14}.Release|x86.ActiveCfg = Release|Win32
		{017F19D7-6FD3-4673-916A-6B28BD58DE14}.Release|x86.Build.0 = Release|Win32
		{F6623D13-EF2C-455B-ADB1-192352C04BC6}.Debug|ARM.ActiveCfg = Debug|Win32
		{F6623D13-EF2C-455B-ADB1-192352C04BC6}.Debug|x64.ActiveCfg = Debug|Win32
		{F6623D13-EF2C-455B-ADB1-192352C04BC6}.Debug|x86.ActiveCfg = Debug|Win32
		{F6623D13-EF2C-455B-ADB1-192352C04BC6}.Debug|x86.Build.0 = Debug|Win32
		{F6623D13-EF2C-455B-ADB1-192352C04BC6}.Release|ARM.ActiveCfg = Release|Win32
		{F6623D13-EF2C-455B-ADB1-192352C04BC6}.Release|x64.ActiveCfg = Release|Win32
		{F6623D13-EF2C-455B-ADB1-192352C04BC6}.Release|x86.ActiveCfg = Release|Win32
		{F6623D13-EF2C-455B-ADB1-192352C04BC6}.Release|x86.Build.0 = Release|Win32
		{F4FC238A-2101-48F5-BD30-FE8A63127431}.Debug|ARM.ActiveCfg = Debug|Win32
		{F4FC238A-2101-48F5-BD30-FE8A63127431}.Debug|x64.ActiveCfg = Debug|Win32
		{F4FC238A-2101-48F5-BD30-FE8A63127431}.Debug|x86.ActiveCfg = Debug|Win32
		{F4FC238A-2101-48F5-BD30-FE8A63127431}.Debug|x86.Build.0 = Debug|Win32
		{F4FC238A-2101-48F5-BD30-FE8A63127431}.Release|ARM.ActiveCfg = Release|Win32
		{F4FC238A-2101-48F5-BD30-FE8A63127431}.Release|x64.ActiveCfg = Release|Win32
		{F4FC238A-2101-48F5-BD30-FE8A63127431}.Release|x86.ActiveCfg = Release|Win32
		{F4FC238A-2101-48F5-BD30-FE8A63127431}.Release|x86.Build.0 = Release|Win32
		{902C5E02-FBEC-3DDE-904F-42220B14491A}.Debug|ARM.ActiveCfg = Debug|Win32
		{902C5E02-FBEC-3DDE-904F-42220B14491A}.Debug|x64.ActiveCfg = Debug|Win32
		{902C5E02-FBEC-3DDE-904F-42220B14491A}.Debug|x86.ActiveCfg = Debug|Win32
		{902C5E02-FBEC-3DDE-904F-42220B14491A}.Debug|x86.Build.0 = Debug|Win32
		{902C5E02-FBEC-3DDE-904F-42220B14491A}.Release|ARM.ActiveCfg = Release|Win32
		{902C5E02-FBEC-3DDE-904F-42220B14491A}.Release|x64.ActiveCfg = Release|Win32
		{902C5E02-FBEC-3DDE-904F-42220B14491A}.Release|x86.ActiveCfg = Release|Win32
		{902C5E02-FBEC-3DDE-904F-42220B14491A}.Release|x86.Build.0 = Release|Win32
		{D42358DE-8530-3DC6-AF7A-C9587690EAE9}.Debug|ARM.ActiveCfg = Debug|Win32
		{D42358DE-8530-3DC6-AF7A-C9587690EAE9}.Debug|x64.ActiveCfg = Debug|Win32
		{D42358DE-8530-3DC6-AF7A-C9587690EAE9}.Debug|x86.ActiveCfg = Debug|Win32
		{D42358DE-8530-3DC6-AF7A-C9587690EAE9}.Debug|x86.Build.0 = Debug|Win32
		{D42358DE-8530-3DC6-AF7A-C9587690EAE9}.Release|ARM.ActiveCfg = Release|Win32
		{D42358DE-8530-3DC6-AF7A-C9587690EAE9}.Release|x64.ActiveCfg = Release|Win32
		{D42358DE-8530-3DC6-AF7A-C9587690EAE9}.Release|x86.ActiveCfg = Release|Win32
		{D42358DE-8530-3DC6-AF7A-C9587690EAE9}.Release|x86.Build.0 = Release|Win32
		{400EE59E-CE16-3933-98DA-017A02CFF25C}.Debug|ARM.ActiveCfg = Debug|Win32
		{400EE59E-CE16-3933-98DA-017A02CFF25C}.Debug|x64.ActiveCfg = Debug|Win32
		{400EE59E-CE16-3933-98DA-017A02CFF25C}.Debug|x86.ActiveCfg = Debug|Win32
		{400EE59E-CE16-3933-98DA-017A02CFF25C}.Debug|x86.Build.0 = Debug|Win32
		{400EE59E-CE16-3933-98DA-017A02CFF25C}.Release|ARM.ActiveCfg = Release|Win32
		{400EE59E-CE16-3933-98DA-017A02CFF25C}.Release|x64.ActiveCfg = Release|Win32
		{400EE59E-CE16-3933-98DA-017A02CFF25C}.Release|x86.ActiveCfg = Release|Win32
		{400EE59E-CE16-3933-98DA-017A02CFF25C}.Release|x86.Build.0 = Release|Win32
		{330B2D64-94ED-393F-867C-B4D49617BD47}.Debug|ARM.ActiveCfg = Debug|Win32
		{330B2D64-94ED-393F-867C-B4D49617BD47}.Debug|x64.ActiveCfg = Debug|Win32
		{330B2D64-94ED-393F-867C-B4D49617BD47}.Debug|x86.ActiveCfg = Debug|Win32
		{330B2D64-94ED-393F-867C-B4D49617BD47}.Debug|x86.Build.0 = Debug|Win32
		{330B2D64-94ED-393F-867C-B4D49617BD47}.Release|ARM.ActiveCfg = Release|Win32
		{330B2D64-94ED-393F-867C-B4D49617BD47}.Release|x64.ActiveCfg = Release|Win32
		{330B2D64-94ED-393F-867C-B4D49617BD47}.Release|x86.ActiveCfg = Release|Win32
		{330B2D64-94ED-393F-867C-B4D49617BD47}.Release|x86.Build.0 = Release|Win32
		{1FAE1081-3BDE-3BF6-8FD4-52A3A47AD016}.Debug|ARM.ActiveCfg = Debug|Win32
		{1FAE1081-3BDE-3BF6-8FD4-52A3A47AD016}.Debug|x64.ActiveCfg = Debug|Win32
		{1FAE1081-3BDE-3BF6-8FD4-52A3A47AD016}.Debug|x86.ActiveCfg = Debug|Win32
		{1FAE1081-3BDE-3BF6-8FD4-52A3A47AD016}.Debug|x86.Build.0 = Debug|Win32
		{1FAE1081-3BDE-3BF6-8FD4-52A3A47AD016}.Release|ARM.ActiveCfg = Release|Win32
		{1FAE1081-3BDE-3BF6-8FD4-52A3A47AD016}.Release|x64.ActiveCfg = Release|Win32
		{1FAE1081-3BDE-3BF6-8FD4-52A3A47AD016}.Release|x86.ActiveCfg = Release|Win32
		{1FAE1081-3BDE-3BF6-8FD4-52A3A47AD016}.Release|x86.Build.0 = Release|Win32
		{135E9F93-6EEF-3350-B65B-06489A738645}.Debug|ARM.ActiveCfg = Debug|Win32
		{135E9F93-6EEF-3350-B65B-06489A738645}.Debug|x64.ActiveCfg = Debug|Win32
		{135E9F93-6EEF-3350-B65B-06489A738645}.Debug|x86.ActiveCfg = Debug|Win32
		{135E9F93-6EEF-3350-B65B-06489A738645}.Debug|x86.Build.0 = Debug|Win32
		{135E9F93-6EEF-3350-B65B-06489A738645}.Release|ARM.ActiveCfg = Release|Win32
		{135E9F93-6EEF-3350-B65B-06489A738645}.Release|x64.ActiveCfg = Release|Win32
		{135E9F93-6EEF-3350-B65B-06489A738645}.Release|x86.ActiveCfg = Release|Win32
		{135E9F93-6EEF-3350-B65B-06489A738645}.Release|x86.Build.0 = Release|Win32
		{1EF23813-D8D6-37DB-9C0C-D2DCB193A9D5}.Debug|ARM.ActiveCfg = Debug|Win32
		{1EF23813-D8D6-37DB-9C0C-D2DCB193A9D5}.Debug|x64.ActiveCfg = Debug|Win32
		{1EF23813-D8D6-37DB-9C0C-D2DCB193A9D5}.Debug|x86.ActiveCfg = Debug|Win32
		{1EF23813-D8D6-37DB-9C0C-D2DCB193A9D5}.Debug|x86.Build.0 = Debug|Win32
		{1EF23813-D8D6-37DB-9C0C-D2DCB193A9D5}.Release|ARM.ActiveCfg = Release|Win32
		{1EF23813-D8D6-37DB-9C0C-D2DCB193A9D5}.Release|x64.ActiveCfg = Release|Win32
		{1EF23813-D8D6-37DB-9C0C-D2DCB193A9D5}.Release|x86.ActiveCfg = Release|Win32
		{1EF23813-D8D6-37DB-9C0C-D2DCB193A9D5}.Release|x86.Build.0 = Release|Win32
		{38AE85E6-6A3F-3B1B-837B-9CC192054995}.Debug|ARM.ActiveCfg = Debug|Win32
		{38AE85E6-6A3F-3B1B-837B-9CC192054995}.Debug|x64.ActiveCfg = Debug|Win32
		{38AE85E6-6A3F-3B1B-837B-9CC192054995}.Debug|x86.ActiveCfg = Debug|Win32
		{38AE85E6-6A3F-3B1B-837B-9CC192054995}.Debug|x86.Build.0 = Debug|Win32
		{38AE85E6-6A3F-3B1B-837B-9CC192054995}.Release|ARM.ActiveCfg = Release|Win32
		{38AE85E6-6A3F-3B1B-837B-9CC192054995}.Release|x64.ActiveCfg = Release|Win32
		{38AE85E6-6A3F-3B1B-837B-9CC192054995}.Release|x86.ActiveCfg = Release|Win32
		{38AE85E6-6A3F-3B1B-837B-9CC192054995}.Release|x86.Build.0 = Release|Win32
		{3CB044A1-9611-3227-8F13-60B58C6D043A}.Debug|ARM.ActiveCfg = Debug|Win32
		{3CB044A1-9611-3227-8F13-60B58C6D043A}.Debug|x64.ActiveCfg = Debug|Win32
		{3CB044A1-9611-3227-8F13-60B58C6D043A}.Debug|x86.ActiveCfg = Debug|Win32
		{3CB044A1-9611-3227-8F13-60B58C6D043A}.Debug|x86.Build.0 = Debug|Win32
		{3CB044A1-9611-3227-8F13-60B58C6D043A}.Release|ARM.ActiveCfg = Release|Win32
		{3CB044A1-9611-3227-8F13-60B58C6D043A}.Release|x64.ActiveCfg = Release|Win32
		{3CB044A1-9611-3227-8F13-60B58C6D043A}.Release|x86.ActiveCfg = Release|Win32
		{3CB044A1-9611-3227-8F13-60B58C6D043A}.Release|x86.Build.0 = Release|Win32
		{F3862BA7-C578-3329-82EA-52E1C5622FBD}.Debug|ARM.ActiveCfg = Debug|Win32
		{F3862BA7-C578-3329-82EA-52E1C5622FBD}.Debug|x64.ActiveCfg = Debug|Win32
		{F3862BA7-C578-3329-82EA-52E1C5622FBD}.Debug|x86.ActiveCfg = Debug|Win32
		{F3862BA7-C578-3329-82EA-52E1C5622FBD}.Debug|x86.Build.0 = Debug|Win32
		{F3862BA7-C578-3329-82EA-52E1C5622FBD}.Release|ARM.ActiveCfg = Release|Win32
		{F3862BA7-C578-3329-82EA-52E1C5622FBD}.Release|x64.ActiveCfg = Release|Win32
		{F3862BA7-C578-3329-82EA-52E1C5622FBD}.Release|x86.ActiveCfg = Release|Win32
		{F3862BA7-C578-3329-82EA-52E1C5622FBD}.Release|x86.Build.0 = Release|Win32
		{488C5DF8-0989-327E-BA58-0BCC59C3B3C5}.Debug|ARM.ActiveCfg = Debug|Win32
		{488C5DF8-0989-327E-BA58-0BCC59C3B3C5}.Debug|x64.ActiveCfg = Debug|Win32
		{488C5DF8-0989-327E-BA58-0BCC59C3B3C5}.Debug|x86.ActiveCfg = Debug|Win32
		{488C5DF8-0989-327E-BA58-0BCC59C3B3C5}.Debug|x86.Build.0 = Debug|Win32
		{488C5DF8-0989-327E-BA58-0BCC59C3B3C5}.Release|ARM.ActiveCfg = Release|Win32
		{488C5DF8-0989-327E-BA58-0BCC59C3B3C5}.Release|x64.ActiveCfg = Release|Win32
		{488C5DF8-0989-327E-BA58-0BCC59C3B3C5}.Release|x86.ActiveCfg = Release|Win32
		{488C5DF8-0989-327E-BA58-0BCC59C3B3C5}.Release|x86.Build.0 = Release|Win32
	EndGlobalSection
	GlobalSection(SolutionProperties) = preSolution
		HideSolutionNode = FALSE
	EndGlobalSection
EndGlobal
