
Microsoft Visual Studio Solution File, Format Version 12.00
# Visual Studio 14
VisualStudioVersion = 14.0.23107.0
MinimumVisualStudioVersion = 10.0.40219.1
Project("{8BC9CEB8-8B4A-11D0-8D11-00A0C91BC942}") = "wtzod", "wtzod\wtzod.vcxproj", "{6508C136-731E-4579-B847-4767C7C3D6F2}"
	ProjectSection(ProjectDependencies) = postProject
		{CE8A94EE-B4FB-43A4-97C1-852B74327FBA} = {CE8A94EE-B4FB-43A4-97C1-852B74327FBA}
	EndProjectSection
EndProject
Project("{8BC9CEB8-8B4A-11D0-8D11-00A0C91BC942}") = "ALL_BUILD", "_build\ALL_BUILD.vcxproj", "{EA6AEFC8-7008-430F-A8E9-1B1AF36B7ECC}"
EndProject
Project("{8BC9CEB8-8B4A-11D0-8D11-00A0C91BC942}") = "ai", "_build\ai\ai.vcxproj", "{673F3969-D830-40BA-BD71-93A8C3561DBC}"
EndProject
Project("{8BC9CEB8-8B4A-11D0-8D11-00A0C91BC942}") = "gc", "_build\gc\gc.vcxproj", "{291F1E5A-81BE-4141-9F1B-7BD1DE556D80}"
EndProject
Project("{8BC9CEB8-8B4A-11D0-8D11-00A0C91BC942}") = "app", "_build\app\app.vcxproj", "{CE8A94EE-B4FB-43A4-97C1-852B74327FBA}"
EndProject
Project("{8BC9CEB8-8B4A-11D0-8D11-00A0C91BC942}") = "filesystem", "_build\fs\filesystem.vcxproj", "{1E51CA76-9F97-4DD9-B79D-12F353B15FBA}"
EndProject
Project("{8BC9CEB8-8B4A-11D0-8D11-00A0C91BC942}") = "gclua", "_build\gclua\gclua.vcxproj", "{C800042C-C09C-4503-8117-D0909F565E82}"
EndProject
Project("{8BC9CEB8-8B4A-11D0-8D11-00A0C91BC942}") = "loc", "_build\loc\loc.vcxproj", "{CAF54BE0-A367-4A15-937F-D03B77749712}"
EndProject
Project("{8BC9CEB8-8B4A-11D0-8D11-00A0C91BC942}") = "mapfile", "_build\mf\mapfile.vcxproj", "{7677FB68-DDA1-4D51-819D-CEF8F3832D3D}"
EndProject
Project("{8BC9CEB8-8B4A-11D0-8D11-00A0C91BC942}") = "render", "_build\render\render.vcxproj", "{017F19D7-6FD3-4673-916A-6B28BD58DE14}"
EndProject
Project("{8BC9CEB8-8B4A-11D0-8D11-00A0C91BC942}") = "script", "_build\script\script.vcxproj", "{F6623D13-EF2C-455B-ADB1-192352C04BC6}"
EndProject
Project("{8BC9CEB8-8B4A-11D0-8D11-00A0C91BC942}") = "video", "_build\video\video.vcxproj", "{F4FC238A-2101-48F5-BD30-FE8A63127431}"
EndProject
Project("{8BC9CEB8-8B4A-11D0-8D11-00A0C91BC942}") = "lua", "_build\external\lua\lua.vcxproj", "{902C5E02-FBEC-3DDE-904F-42220B14491A}"
EndProject
Global
	GlobalSection(SolutionConfigurationPlatforms) = preSolution
		Debug|ARM = Debug|ARM
		Debug|x64 = Debug|x64
		Debug|x86 = Debug|x86
		Release|ARM = Release|ARM
		Release|x64 = Release|x64
		Release|x86 = Release|x86
	EndGlobalSection
	GlobalSection(ProjectConfigurationPlatforms) = postSolution
		{6508C136-731E-4579-B847-4767C7C3D6F2}.Debug|ARM.ActiveCfg = Debug|ARM
		{6508C136-731E-4579-B847-4767C7C3D6F2}.Debug|ARM.Build.0 = Debug|ARM
		{6508C136-731E-4579-B847-4767C7C3D6F2}.Debug|ARM.Deploy.0 = Debug|ARM
		{6508C136-731E-4579-B847-4767C7C3D6F2}.Debug|x64.ActiveCfg = Debug|x64
		{6508C136-731E-4579-B847-4767C7C3D6F2}.Debug|x64.Build.0 = Debug|x64
		{6508C136-731E-4579-B847-4767C7C3D6F2}.Debug|x64.Deploy.0 = Debug|x64
		{6508C136-731E-4579-B847-4767C7C3D6F2}.Debug|x86.ActiveCfg = Debug|Win32
		{6508C136-731E-4579-B847-4767C7C3D6F2}.Debug|x86.Build.0 = Debug|Win32
		{6508C136-731E-4579-B847-4767C7C3D6F2}.Debug|x86.Deploy.0 = Debug|Win32
		{6508C136-731E-4579-B847-4767C7C3D6F2}.Release|ARM.ActiveCfg = Release|ARM
		{6508C136-731E-4579-B847-4767C7C3D6F2}.Release|ARM.Build.0 = Release|ARM
		{6508C136-731E-4579-B847-4767C7C3D6F2}.Release|ARM.Deploy.0 = Release|ARM
		{6508C136-731E-4579-B847-4767C7C3D6F2}.Release|x64.ActiveCfg = Release|x64
		{6508C136-731E-4579-B847-4767C7C3D6F2}.Release|x64.Build.0 = Release|x64
		{6508C136-731E-4579-B847-4767C7C3D6F2}.Release|x64.Deploy.0 = Release|x64
		{6508C136-731E-4579-B847-4767C7C3D6F2}.Release|x86.ActiveCfg = Release|Win32
		{6508C136-731E-4579-B847-4767C7C3D6F2}.Release|x86.Build.0 = Release|Win32
		{6508C136-731E-4579-B847-4767C7C3D6F2}.Release|x86.Deploy.0 = Release|Win32
		{EA6AEFC8-7008-430F-A8E9-1B1AF36B7ECC}.Debug|ARM.ActiveCfg = Debug|Win32
		{EA6AEFC8-7008-430F-A8E9-1B1AF36B7ECC}.Debug|x64.ActiveCfg = Debug|Win32
		{EA6AEFC8-7008-430F-A8E9-1B1AF36B7ECC}.Debug|x86.ActiveCfg = Debug|Win32
		{EA6AEFC8-7008-430F-A8E9-1B1AF36B7ECC}.Debug|x86.Build.0 = Debug|Win32
		{EA6AEFC8-7008-430F-A8E9-1B1AF36B7ECC}.Release|ARM.ActiveCfg = Release|Win32
		{EA6AEFC8-7008-430F-A8E9-1B1AF36B7ECC}.Release|x64.ActiveCfg = Release|Win32
		{EA6AEFC8-7008-430F-A8E9-1B1AF36B7ECC}.Release|x86.ActiveCfg = Release|Win32
		{EA6AEFC8-7008-430F-A8E9-1B1AF36B7ECC}.Release|x86.Build.0 = Release|Win32
		{673F3969-D830-40BA-BD71-93A8C3561DBC}.Debug|ARM.ActiveCfg = Debug|Win32
		{673F3969-D830-40BA-BD71-93A8C3561DBC}.Debug|x64.ActiveCfg = Debug|Win32
		{673F3969-D830-40BA-BD71-93A8C3561DBC}.Debug|x86.ActiveCfg = Debug|Win32
		{673F3969-D830-40BA-BD71-93A8C3561DBC}.Debug|x86.Build.0 = Debug|Win32
		{673F3969-D830-40BA-BD71-93A8C3561DBC}.Release|ARM.ActiveCfg = Release|Win32
		{673F3969-D830-40BA-BD71-93A8C3561DBC}.Release|x64.ActiveCfg = Release|Win32
		{673F3969-D830-40BA-BD71-93A8C3561DBC}.Release|x86.ActiveCfg = Release|Win32
		{673F3969-D830-40BA-BD71-93A8C3561DBC}.Release|x86.Build.0 = Release|Win32
		{291F1E5A-81BE-4141-9F1B-7BD1DE556D80}.Debug|ARM.ActiveCfg = Debug|Win32
		{291F1E5A-81BE-4141-9F1B-7BD1DE556D80}.Debug|x64.ActiveCfg = Debug|Win32
		{291F1E5A-81BE-4141-9F1B-7BD1DE556D80}.Debug|x86.ActiveCfg = Debug|Win32
		{291F1E5A-81BE-4141-9F1B-7BD1DE556D80}.Debug|x86.Build.0 = Debug|Win32
		{291F1E5A-81BE-4141-9F1B-7BD1DE556D80}.Release|ARM.ActiveCfg = Release|Win32
		{291F1E5A-81BE-4141-9F1B-7BD1DE556D80}.Release|x64.ActiveCfg = Release|Win32
		{291F1E5A-81BE-4141-9F1B-7BD1DE556D80}.Release|x86.ActiveCfg = Release|Win32
		{291F1E5A-81BE-4141-9F1B-7BD1DE556D80}.Release|x86.Build.0 = Release|Win32
		{CE8A94EE-B4FB-43A4-97C1-852B74327FBA}.Debug|ARM.ActiveCfg = Debug|Win32
		{CE8A94EE-B4FB-43A4-97C1-852B74327FBA}.Debug|x64.ActiveCfg = Debug|Win32
		{CE8A94EE-B4FB-43A4-97C1-852B74327FBA}.Debug|x86.ActiveCfg = Debug|Win32
		{CE8A94EE-B4FB-43A4-97C1-852B74327FBA}.Debug|x86.Build.0 = Debug|Win32
		{CE8A94EE-B4FB-43A4-97C1-852B74327FBA}.Release|ARM.ActiveCfg = Release|Win32
		{CE8A94EE-B4FB-43A4-97C1-852B74327FBA}.Release|x64.ActiveCfg = Release|Win32
		{CE8A94EE-B4FB-43A4-97C1-852B74327FBA}.Release|x86.ActiveCfg = Release|Win32
		{CE8A94EE-B4FB-43A4-97C1-852B74327FBA}.Release|x86.Build.0 = Release|Win32
		{1E51CA76-9F97-4DD9-B79D-12F353B15FBA}.Debug|ARM.ActiveCfg = Debug|Win32
		{1E51CA76-9F97-4DD9-B79D-12F353B15FBA}.Debug|x64.ActiveCfg = Debug|Win32
		{1E51CA76-9F97-4DD9-B79D-12F353B15FBA}.Debug|x86.ActiveCfg = Debug|Win32
		{1E51CA76-9F97-4DD9-B79D-12F353B15FBA}.Debug|x86.Build.0 = Debug|Win32
		{1E51CA76-9F97-4DD9-B79D-12F353B15FBA}.Release|ARM.ActiveCfg = Release|Win32
		{1E51CA76-9F97-4DD9-B79D-12F353B15FBA}.Release|x64.ActiveCfg = Release|Win32
		{1E51CA76-9F97-4DD9-B79D-12F353B15FBA}.Release|x86.ActiveCfg = Release|Win32
		{1E51CA76-9F97-4DD9-B79D-12F353B15FBA}.Release|x86.Build.0 = Release|Win32
		{C800042C-C09C-4503-8117-D0909F565E82}.Debug|ARM.ActiveCfg = Debug|Win32
		{C800042C-C09C-4503-8117-D0909F565E82}.Debug|x64.ActiveCfg = Debug|Win32
		{C800042C-C09C-4503-8117-D0909F565E82}.Debug|x86.ActiveCfg = Debug|Win32
		{C800042C-C09C-4503-8117-D0909F565E82}.Debug|x86.Build.0 = Debug|Win32
		{C800042C-C09C-4503-8117-D0909F565E82}.Release|ARM.ActiveCfg = Release|Win32
		{C800042C-C09C-4503-8117-D0909F565E82}.Release|x64.ActiveCfg = Release|Win32
		{C800042C-C09C-4503-8117-D0909F565E82}.Release|x86.ActiveCfg = Release|Win32
		{C800042C-C09C-4503-8117-D0909F565E82}.Release|x86.Build.0 = Release|Win32
		{CAF54BE0-A367-4A15-937F-D03B77749712}.Debug|ARM.ActiveCfg = Debug|Win32
		{CAF54BE0-A367-4A15-937F-D03B77749712}.Debug|x64.ActiveCfg = Debug|Win32
		{CAF54BE0-A367-4A15-937F-D03B77749712}.Debug|x86.ActiveCfg = Debug|Win32
		{CAF54BE0-A367-4A15-937F-D03B77749712}.Debug|x86.Build.0 = Debug|Win32
		{CAF54BE0-A367-4A15-937F-D03B77749712}.Release|ARM.ActiveCfg = Release|Win32
		{CAF54BE0-A367-4A15-937F-D03B77749712}.Release|x64.ActiveCfg = Release|Win32
		{CAF54BE0-A367-4A15-937F-D03B77749712}.Release|x86.ActiveCfg = Release|Win32
		{CAF54BE0-A367-4A15-937F-D03B77749712}.Release|x86.Build.0 = Release|Win32
		{7677FB68-DDA1-4D51-819D-CEF8F3832D3D}.Debug|ARM.ActiveCfg = Debug|Win32
		{7677FB68-DDA1-4D51-819D-CEF8F3832D3D}.Debug|x64.ActiveCfg = Debug|Win32
		{7677FB68-DDA1-4D51-819D-CEF8F3832D3D}.Debug|x86.ActiveCfg = Debug|Win32
		{7677FB68-DDA1-4D51-819D-CEF8F3832D3D}.Debug|x86.Build.0 = Debug|Win32
		{7677FB68-DDA1-4D51-819D-CEF8F3832D3D}.Release|ARM.ActiveCfg = Release|Win32
		{7677FB68-DDA1-4D51-819D-CEF8F3832D3D}.Release|x64.ActiveCfg = Release|Win32
		{7677FB68-DDA1-4D51-819D-CEF8F3832D3D}.Release|x86.ActiveCfg = Release|Win32
		{7677FB68-DDA1-4D51-819D-CEF8F3832D3D}.Release|x86.Build.0 = Release|Win32
		{017F19D7-6FD3-4673-916A-6B28BD58DE14}.Debug|ARM.ActiveCfg = Debug|Win32
		{017F19D7-6FD3-4673-916A-6B28BD58DE14}.Debug|x64.ActiveCfg = Debug|Win32
		{017F19D7-6FD3-4673-916A-6B28BD58DE14}.Debug|x86.ActiveCfg = Debug|Win32
		{017F19D7-6FD3-4673-916A-6B28BD58DE14}.Debug|x86.Build.0 = Debug|Win32
		{017F19D7-6FD3-4673-916A-6B28BD58DE14}.Release|ARM.ActiveCfg = Release|Win32
		{017F19D7-6FD3-4673-916A-6B28BD58DE14}.Release|x64.ActiveCfg = Release|Win32
		{017F19D7-6FD3-4673-916A-6B28BD58DE14}.Release|x86.ActiveCfg = Release|Win32
		{017F19D7-6FD3-4673-916A-6B28BD58DE14}.Release|x86.Build.0 = Release|Win32
		{F6623D13-EF2C-455B-ADB1-192352C04BC6}.Debug|ARM.ActiveCfg = Debug|Win32
		{F6623D13-EF2C-455B-ADB1-192352C04BC6}.Debug|x64.ActiveCfg = Debug|Win32
		{F6623D13-EF2C-455B-ADB1-192352C04BC6}.Debug|x86.ActiveCfg = Debug|Win32
		{F6623D13-EF2C-455B-ADB1-192352C04BC6}.Debug|x86.Build.0 = Debug|Win32
		{F6623D13-EF2C-455B-ADB1-192352C04BC6}.Release|ARM.ActiveCfg = Release|Win32
		{F6623D13-EF2C-455B-ADB1-192352C04BC6}.Release|x64.ActiveCfg = Release|Win32
		{F6623D13-EF2C-455B-ADB1-192352C04BC6}.Release|x86.ActiveCfg = Release|Win32
		{F6623D13-EF2C-455B-ADB1-192352C04BC6}.Release|x86.Build.0 = Release|Win32
		{F4FC238A-2101-48F5-BD30-FE8A63127431}.Debug|ARM.ActiveCfg = Debug|Win32
		{F4FC238A-2101-48F5-BD30-FE8A63127431}.Debug|x64.ActiveCfg = Debug|Win32
		{F4FC238A-2101-48F5-BD30-FE8A63127431}.Debug|x86.ActiveCfg = Debug|Win32
		{F4FC238A-2101-48F5-BD30-FE8A63127431}.Debug|x86.Build.0 = Debug|Win32
		{F4FC238A-2101-48F5-BD30-FE8A63127431}.Release|ARM.ActiveCfg = Release|Win32
		{F4FC238A-2101-48F5-BD30-FE8A63127431}.Release|x64.ActiveCfg = Release|Win32
		{F4FC238A-2101-48F5-BD30-FE8A63127431}.Release|x86.ActiveCfg = Release|Win32
		{F4FC238A-2101-48F5-BD30-FE8A63127431}.Release|x86.Build.0 = Release|Win32
		{902C5E02-FBEC-3DDE-904F-42220B14491A}.Debug|ARM.ActiveCfg = Debug|Win32
		{902C5E02-FBEC-3DDE-904F-42220B14491A}.Debug|x64.ActiveCfg = Debug|Win32
		{902C5E02-FBEC-3DDE-904F-42220B14491A}.Debug|x86.ActiveCfg = Debug|Win32
		{902C5E02-FBEC-3DDE-904F-42220B14491A}.Debug|x86.Build.0 = Debug|Win32
		{902C5E02-FBEC-3DDE-904F-42220B14491A}.Release|ARM.ActiveCfg = Release|Win32
		{902C5E02-FBEC-3DDE-904F-42220B14491A}.Release|x64.ActiveCfg = Release|Win32
		{902C5E02-FBEC-3DDE-904F-42220B14491A}.Release|x86.ActiveCfg = Release|Win32
		{902C5E02-FBEC-3DDE-904F-42220B14491A}.Release|x86.Build.0 = Release|Win32
	EndGlobalSection
	GlobalSection(SolutionProperties) = preSolution
		HideSolutionNode = FALSE
	EndGlobalSection
EndGlobal
