
Microsoft Visual Studio Solution File, Format Version 12.00
# Visual Studio 15
VisualStudioVersion = 15.0.26430.12
MinimumVisualStudioVersion = 10.0.40219.1
Project("{8BC9CEB8-8B4A-11D0-8D11-00A0C91BC942}") = "wtzod", "wtzod\wtzod.vcxproj", "{6508C136-731E-4579-B847-4767C7C3D6F2}"
	ProjectSection(ProjectDependencies) = postProject
		{4E20EE6D-2AEA-3B5B-8F05-6160CFAC6842} = {4E20EE6D-2AEA-3B5B-8F05-6160CFAC6842}
	EndProjectSection
EndProject
Project("{8BC9CEB8-8B4A-11D0-8D11-00A0C91BC942}") = "ALL_BUILD", "_build\ALL_BUILD.vcxproj", "{A1A3E405-E420-30F1-88FD-4744035C1DBC}"
EndProject
Project("{8BC9CEB8-8B4A-11D0-8D11-00A0C91BC942}") = "ai", "_build\src\ai\ai.vcxproj", "{0F735F8F-EE12-395B-A552-85F90BFEEB21}"
EndProject
Project("{8BC9CEB8-8B4A-11D0-8D11-00A0C91BC942}") = "gc", "_build\src\gc\gc.vcxproj", "{5E9268B5-27B3-30DF-8711-D9B42B44A897}"
EndProject
Project("{8BC9CEB8-8B4A-11D0-8D11-00A0C91BC942}") = "app", "_build\src\app\app.vcxproj", "{4E20EE6D-2AEA-3B5B-8F05-6160CFAC6842}"
EndProject
Project("{8BC9CEB8-8B4A-11D0-8D11-00A0C91BC942}") = "filesystem", "_build\src\fs\filesystem.vcxproj", "{B3AC3DC6-9CCB-33B0-A45E-B7F167AD0DAA}"
EndProject
Project("{8BC9CEB8-8B4A-11D0-8D11-00A0C91BC942}") = "gclua", "_build\src\gclua\gclua.vcxproj", "{881B5A5D-FB31-3FFF-9283-B90921A09637}"
EndProject
Project("{8BC9CEB8-8B4A-11D0-8D11-00A0C91BC942}") = "loc", "_build\src\loc\loc.vcxproj", "{7CACA807-B7AE-3AAC-8649-C3BE95973639}"
EndProject
Project("{8BC9CEB8-8B4A-11D0-8D11-00A0C91BC942}") = "mapfile", "_build\src\mf\mapfile.vcxproj", "{6CD1CD96-592F-3FCD-9D9F-2DB3B198593A}"
EndProject
Project("{8BC9CEB8-8B4A-11D0-8D11-00A0C91BC942}") = "render", "_build\src\render\render.vcxproj", "{DF67BF70-BFAC-3920-A6C9-E9B98891E825}"
EndProject
Project("{8BC9CEB8-8B4A-11D0-8D11-00A0C91BC942}") = "script", "_build\src\script\script.vcxproj", "{C182E625-6658-3E58-83E1-F0DECA8481F7}"
EndProject
Project("{8BC9CEB8-8B4A-11D0-8D11-00A0C91BC942}") = "video", "_build\src\video\video.vcxproj", "{10DBB4FE-7E06-3C60-A6F4-22FB91D4CC8D}"
EndProject
Project("{8BC9CEB8-8B4A-11D0-8D11-00A0C91BC942}") = "lua", "_build\src\external\lua\lua.vcxproj", "{902C5E02-FBEC-3DDE-904F-42220B14491A}"
EndProject
Project("{8BC9CEB8-8B4A-11D0-8D11-00A0C91BC942}") = "config", "_build\src\config\config.vcxproj", "{D42358DE-8530-3DC6-AF7A-C9587690EAE9}"
EndProject
Project("{8BC9CEB8-8B4A-11D0-8D11-00A0C91BC942}") = "pluto", "_build\src\external\pluto\pluto.vcxproj", "{400EE59E-CE16-3933-98DA-017A02CFF25C}"
EndProject
Project("{8BC9CEB8-8B4A-11D0-8D11-00A0C91BC942}") = "ctx", "_build\src\ctx\ctx.vcxproj", "{330B2D64-94ED-393F-867C-B4D49617BD47}"
EndProject
Project("{8BC9CEB8-8B4A-11D0-8D11-00A0C91BC942}") = "as", "_build\src\as\as.vcxproj", "{1FAE1081-3BDE-3BF6-8FD4-52A3A47AD016}"
EndProject
Project("{8BC9CEB8-8B4A-11D0-8D11-00A0C91BC942}") = "gv", "_build\src\gv\gv.vcxproj", "{135E9F93-6EEF-3350-B65B-06489A738645}"
EndProject
Project("{8BC9CEB8-8B4A-11D0-8D11-00A0C91BC942}") = "ui", "_build\src\libui\ui.vcxproj", "{1EF23813-D8D6-37DB-9C0C-D2DCB193A9D5}"
EndProject
Project("{8BC9CEB8-8B4A-11D0-8D11-00A0C91BC942}") = "shell", "_build\src\shell\shell.vcxproj", "{38AE85E6-6A3F-3B1B-837B-9CC192054995}"
EndProject
Project("{8BC9CEB8-8B4A-11D0-8D11-00A0C91BC942}") = "StoreData", "_build\data\StoreData.vcxproj", "{3CB044A1-9611-3227-8F13-60B58C6D043A}"
EndProject
Project("{8BC9CEB8-8B4A-11D0-8D11-00A0C91BC942}") = "audio", "_build\src\audio\audio.vcxproj", "{F3862BA7-C578-3329-82EA-52E1C5622FBD}"
EndProject
Project("{8BC9CEB8-8B4A-11D0-8D11-00A0C91BC942}") = "oggvorbis", "_build\src\external\oggvorbis\oggvorbis.vcxproj", "{488C5DF8-0989-327E-BA58-0BCC59C3B3C5}"
EndProject
Project("{8BC9CEB8-8B4A-11D0-8D11-00A0C91BC942}") = "luaetc", "_build\src\luaetc\luaetc.vcxproj", "{9FF9B0DD-199D-3F01-B43B-33737CEAC92F}"
EndProject
Project("{8BC9CEB8-8B4A-11D0-8D11-00A0C91BC942}") = "cbind", "_build\src\cbind\cbind.vcxproj", "{D97466E2-1007-35F6-9DF6-ACBECD8569CE}"
EndProject
Project("{8BC9CEB8-8B4A-11D0-8D11-00A0C91BC942}") = "editor", "_build\src\editor\editor.vcxproj", "{650B2CE1-7973-3F1E-8905-6AA68F153E67}"
EndProject
Global
	GlobalSection(SolutionConfigurationPlatforms) = preSolution
		Debug|ARM = Debug|ARM
		Debug|x64 = Debug|x64
		Debug|x86 = Debug|x86
		Release|ARM = Release|ARM
		Release|x64 = Release|x64
		Release|x86 = Release|x86
	EndGlobalSection
	GlobalSection(ProjectConfigurationPlatforms) = postSolution
		{6508C136-731E-4579-B847-4767C7C3D6F2}.Debug|ARM.ActiveCfg = Debug|ARM
		{6508C136-731E-4579-B847-4767C7C3D6F2}.Debug|ARM.Build.0 = Debug|ARM
		{6508C136-731E-4579-B847-4767C7C3D6F2}.Debug|ARM.Deploy.0 = Debug|ARM
		{6508C136-731E-4579-B847-4767C7C3D6F2}.Debug|x64.ActiveCfg = Debug|x64
		{6508C136-731E-4579-B847-4767C7C3D6F2}.Debug|x64.Build.0 = Debug|x64
		{6508C136-731E-4579-B847-4767C7C3D6F2}.Debug|x64.Deploy.0 = Debug|x64
		{6508C136-731E-4579-B847-4767C7C3D6F2}.Debug|x86.ActiveCfg = Debug|Win32
		{6508C136-731E-4579-B847-4767C7C3D6F2}.Debug|x86.Build.0 = Debug|Win32
		{6508C136-731E-4579-B847-4767C7C3D6F2}.Debug|x86.Deploy.0 = Debug|Win32
		{6508C136-731E-4579-B847-4767C7C3D6F2}.Release|ARM.ActiveCfg = Release|ARM
		{6508C136-731E-4579-B847-4767C7C3D6F2}.Release|ARM.Build.0 = Release|ARM
		{6508C136-731E-4579-B847-4767C7C3D6F2}.Release|ARM.Deploy.0 = Release|ARM
		{6508C136-731E-4579-B847-4767C7C3D6F2}.Release|x64.ActiveCfg = Release|x64
		{6508C136-731E-4579-B847-4767C7C3D6F2}.Release|x64.Build.0 = Release|x64
		{6508C136-731E-4579-B847-4767C7C3D6F2}.Release|x64.Deploy.0 = Release|x64
		{6508C136-731E-4579-B847-4767C7C3D6F2}.Release|x86.ActiveCfg = Release|Win32
		{6508C136-731E-4579-B847-4767C7C3D6F2}.Release|x86.Build.0 = Release|Win32
		{6508C136-731E-4579-B847-4767C7C3D6F2}.Release|x86.Deploy.0 = Release|Win32
		{A1A3E405-E420-30F1-88FD-4744035C1DBC}.Debug|ARM.ActiveCfg = Debug|Win32
		{A1A3E405-E420-30F1-88FD-4744035C1DBC}.Debug|x64.ActiveCfg = Debug|Win32
		{A1A3E405-E420-30F1-88FD-4744035C1DBC}.Debug|x86.ActiveCfg = Debug|Win32
		{A1A3E405-E420-30F1-88FD-4744035C1DBC}.Debug|x86.Build.0 = Debug|Win32
		{A1A3E405-E420-30F1-88FD-4744035C1DBC}.Release|ARM.ActiveCfg = Release|Win32
		{A1A3E405-E420-30F1-88FD-4744035C1DBC}.Release|x64.ActiveCfg = Release|Win32
		{A1A3E405-E420-30F1-88FD-4744035C1DBC}.Release|x86.ActiveCfg = Release|Win32
		{A1A3E405-E420-30F1-88FD-4744035C1DBC}.Release|x86.Build.0 = Release|Win32
		{0F735F8F-EE12-395B-A552-85F90BFEEB21}.Debug|ARM.ActiveCfg = Debug|Win32
		{0F735F8F-EE12-395B-A552-85F90BFEEB21}.Debug|x64.ActiveCfg = Debug|Win32
		{0F735F8F-EE12-395B-A552-85F90BFEEB21}.Debug|x86.ActiveCfg = Debug|Win32
		{0F735F8F-EE12-395B-A552-85F90BFEEB21}.Debug|x86.Build.0 = Debug|Win32
		{0F735F8F-EE12-395B-A552-85F90BFEEB21}.Release|ARM.ActiveCfg = Release|Win32
		{0F735F8F-EE12-395B-A552-85F90BFEEB21}.Release|x64.ActiveCfg = Release|Win32
		{0F735F8F-EE12-395B-A552-85F90BFEEB21}.Release|x86.ActiveCfg = Release|Win32
		{0F735F8F-EE12-395B-A552-85F90BFEEB21}.Release|x86.Build.0 = Release|Win32
		{5E9268B5-27B3-30DF-8711-D9B42B44A897}.Debug|ARM.ActiveCfg = Debug|Win32
		{5E9268B5-27B3-30DF-8711-D9B42B44A897}.Debug|x64.ActiveCfg = Debug|Win32
		{5E9268B5-27B3-30DF-8711-D9B42B44A897}.Debug|x86.ActiveCfg = Debug|Win32
		{5E9268B5-27B3-30DF-8711-D9B42B44A897}.Debug|x86.Build.0 = Debug|Win32
		{5E9268B5-27B3-30DF-8711-D9B42B44A897}.Release|ARM.ActiveCfg = Release|Win32
		{5E9268B5-27B3-30DF-8711-D9B42B44A897}.Release|x64.ActiveCfg = Release|Win32
		{5E9268B5-27B3-30DF-8711-D9B42B44A897}.Release|x86.ActiveCfg = Release|Win32
		{5E9268B5-27B3-30DF-8711-D9B42B44A897}.Release|x86.Build.0 = Release|Win32
		{4E20EE6D-2AEA-3B5B-8F05-6160CFAC6842}.Debug|ARM.ActiveCfg = Debug|Win32
		{4E20EE6D-2AEA-3B5B-8F05-6160CFAC6842}.Debug|x64.ActiveCfg = Debug|Win32
		{4E20EE6D-2AEA-3B5B-8F05-6160CFAC6842}.Debug|x86.ActiveCfg = Debug|Win32
		{4E20EE6D-2AEA-3B5B-8F05-6160CFAC6842}.Debug|x86.Build.0 = Debug|Win32
		{4E20EE6D-2AEA-3B5B-8F05-6160CFAC6842}.Release|ARM.ActiveCfg = Release|Win32
		{4E20EE6D-2AEA-3B5B-8F05-6160CFAC6842}.Release|x64.ActiveCfg = Release|Win32
		{4E20EE6D-2AEA-3B5B-8F05-6160CFAC6842}.Release|x86.ActiveCfg = Release|Win32
		{4E20EE6D-2AEA-3B5B-8F05-6160CFAC6842}.Release|x86.Build.0 = Release|Win32
		{B3AC3DC6-9CCB-33B0-A45E-B7F167AD0DAA}.Debug|ARM.ActiveCfg = Debug|Win32
		{B3AC3DC6-9CCB-33B0-A45E-B7F167AD0DAA}.Debug|x64.ActiveCfg = Debug|Win32
		{B3AC3DC6-9CCB-33B0-A45E-B7F167AD0DAA}.Debug|x86.ActiveCfg = Debug|Win32
		{B3AC3DC6-9CCB-33B0-A45E-B7F167AD0DAA}.Debug|x86.Build.0 = Debug|Win32
		{B3AC3DC6-9CCB-33B0-A45E-B7F167AD0DAA}.Release|ARM.ActiveCfg = Release|Win32
		{B3AC3DC6-9CCB-33B0-A45E-B7F167AD0DAA}.Release|x64.ActiveCfg = Release|Win32
		{B3AC3DC6-9CCB-33B0-A45E-B7F167AD0DAA}.Release|x86.ActiveCfg = Release|Win32
		{B3AC3DC6-9CCB-33B0-A45E-B7F167AD0DAA}.Release|x86.Build.0 = Release|Win32
		{881B5A5D-FB31-3FFF-9283-B90921A09637}.Debug|ARM.ActiveCfg = Debug|Win32
		{881B5A5D-FB31-3FFF-9283-B90921A09637}.Debug|x64.ActiveCfg = Debug|Win32
		{881B5A5D-FB31-3FFF-9283-B90921A09637}.Debug|x86.ActiveCfg = Debug|Win32
		{881B5A5D-FB31-3FFF-9283-B90921A09637}.Debug|x86.Build.0 = Debug|Win32
		{881B5A5D-FB31-3FFF-9283-B90921A09637}.Release|ARM.ActiveCfg = Release|Win32
		{881B5A5D-FB31-3FFF-9283-B90921A09637}.Release|x64.ActiveCfg = Release|Win32
		{881B5A5D-FB31-3FFF-9283-B90921A09637}.Release|x86.ActiveCfg = Release|Win32
		{881B5A5D-FB31-3FFF-9283-B90921A09637}.Release|x86.Build.0 = Release|Win32
		{7CACA807-B7AE-3AAC-8649-C3BE95973639}.Debug|ARM.ActiveCfg = Debug|Win32
		{7CACA807-B7AE-3AAC-8649-C3BE95973639}.Debug|x64.ActiveCfg = Debug|Win32
		{7CACA807-B7AE-3AAC-8649-C3BE95973639}.Debug|x86.ActiveCfg = Debug|Win32
		{7CACA807-B7AE-3AAC-8649-C3BE95973639}.Debug|x86.Build.0 = Debug|Win32
		{7CACA807-B7AE-3AAC-8649-C3BE95973639}.Release|ARM.ActiveCfg = Release|Win32
		{7CACA807-B7AE-3AAC-8649-C3BE95973639}.Release|x64.ActiveCfg = Release|Win32
		{7CACA807-B7AE-3AAC-8649-C3BE95973639}.Release|x86.ActiveCfg = Release|Win32
		{7CACA807-B7AE-3AAC-8649-C3BE95973639}.Release|x86.Build.0 = Release|Win32
		{6CD1CD96-592F-3FCD-9D9F-2DB3B198593A}.Debug|ARM.ActiveCfg = Debug|Win32
		{6CD1CD96-592F-3FCD-9D9F-2DB3B198593A}.Debug|x64.ActiveCfg = Debug|Win32
		{6CD1CD96-592F-3FCD-9D9F-2DB3B198593A}.Debug|x86.ActiveCfg = Debug|Win32
		{6CD1CD96-592F-3FCD-9D9F-2DB3B198593A}.Debug|x86.Build.0 = Debug|Win32
		{6CD1CD96-592F-3FCD-9D9F-2DB3B198593A}.Release|ARM.ActiveCfg = Release|Win32
		{6CD1CD96-592F-3FCD-9D9F-2DB3B198593A}.Release|x64.ActiveCfg = Release|Win32
		{6CD1CD96-592F-3FCD-9D9F-2DB3B198593A}.Release|x86.ActiveCfg = Release|Win32
		{6CD1CD96-592F-3FCD-9D9F-2DB3B198593A}.Release|x86.Build.0 = Release|Win32
		{DF67BF70-BFAC-3920-A6C9-E9B98891E825}.Debug|ARM.ActiveCfg = Debug|Win32
		{DF67BF70-BFAC-3920-A6C9-E9B98891E825}.Debug|x64.ActiveCfg = Debug|Win32
		{DF67BF70-BFAC-3920-A6C9-E9B98891E825}.Debug|x86.ActiveCfg = Debug|Win32
		{DF67BF70-BFAC-3920-A6C9-E9B98891E825}.Debug|x86.Build.0 = Debug|Win32
		{DF67BF70-BFAC-3920-A6C9-E9B98891E825}.Release|ARM.ActiveCfg = Release|Win32
		{DF67BF70-BFAC-3920-A6C9-E9B98891E825}.Release|x64.ActiveCfg = Release|Win32
		{DF67BF70-BFAC-3920-A6C9-E9B98891E825}.Release|x86.ActiveCfg = Release|Win32
		{DF67BF70-BFAC-3920-A6C9-E9B98891E825}.Release|x86.Build.0 = Release|Win32
		{C182E625-6658-3E58-83E1-F0DECA8481F7}.Debug|ARM.ActiveCfg = Debug|Win32
		{C182E625-6658-3E58-83E1-F0DECA8481F7}.Debug|x64.ActiveCfg = Debug|Win32
		{C182E625-6658-3E58-83E1-F0DECA8481F7}.Debug|x86.ActiveCfg = Debug|Win32
		{C182E625-6658-3E58-83E1-F0DECA8481F7}.Debug|x86.Build.0 = Debug|Win32
		{C182E625-6658-3E58-83E1-F0DECA8481F7}.Release|ARM.ActiveCfg = Release|Win32
		{C182E625-6658-3E58-83E1-F0DECA8481F7}.Release|x64.ActiveCfg = Release|Win32
		{C182E625-6658-3E58-83E1-F0DECA8481F7}.Release|x86.ActiveCfg = Release|Win32
		{C182E625-6658-3E58-83E1-F0DECA8481F7}.Release|x86.Build.0 = Release|Win32
		{10DBB4FE-7E06-3C60-A6F4-22FB91D4CC8D}.Debug|ARM.ActiveCfg = Debug|Win32
		{10DBB4FE-7E06-3C60-A6F4-22FB91D4CC8D}.Debug|x64.ActiveCfg = Debug|Win32
		{10DBB4FE-7E06-3C60-A6F4-22FB91D4CC8D}.Debug|x86.ActiveCfg = Debug|Win32
		{10DBB4FE-7E06-3C60-A6F4-22FB91D4CC8D}.Debug|x86.Build.0 = Debug|Win32
		{10DBB4FE-7E06-3C60-A6F4-22FB91D4CC8D}.Release|ARM.ActiveCfg = Release|Win32
		{10DBB4FE-7E06-3C60-A6F4-22FB91D4CC8D}.Release|x64.ActiveCfg = Release|Win32
		{10DBB4FE-7E06-3C60-A6F4-22FB91D4CC8D}.Release|x86.ActiveCfg = Release|Win32
		{10DBB4FE-7E06-3C60-A6F4-22FB91D4CC8D}.Release|x86.Build.0 = Release|Win32
		{902C5E02-FBEC-3DDE-904F-42220B14491A}.Debug|ARM.ActiveCfg = Debug|Win32
		{902C5E02-FBEC-3DDE-904F-42220B14491A}.Debug|x64.ActiveCfg = Debug|Win32
		{902C5E02-FBEC-3DDE-904F-42220B14491A}.Debug|x86.ActiveCfg = Debug|Win32
		{902C5E02-FBEC-3DDE-904F-42220B14491A}.Debug|x86.Build.0 = Debug|Win32
		{902C5E02-FBEC-3DDE-904F-42220B14491A}.Release|ARM.ActiveCfg = Release|Win32
		{902C5E02-FBEC-3DDE-904F-42220B14491A}.Release|x64.ActiveCfg = Release|Win32
		{902C5E02-FBEC-3DDE-904F-42220B14491A}.Release|x86.ActiveCfg = Release|Win32
		{902C5E02-FBEC-3DDE-904F-42220B14491A}.Release|x86.Build.0 = Release|Win32
		{D42358DE-8530-3DC6-AF7A-C9587690EAE9}.Debug|ARM.ActiveCfg = Debug|Win32
		{D42358DE-8530-3DC6-AF7A-C9587690EAE9}.Debug|x64.ActiveCfg = Debug|Win32
		{D42358DE-8530-3DC6-AF7A-C9587690EAE9}.Debug|x86.ActiveCfg = Debug|Win32
		{D42358DE-8530-3DC6-AF7A-C9587690EAE9}.Debug|x86.Build.0 = Debug|Win32
		{D42358DE-8530-3DC6-AF7A-C9587690EAE9}.Release|ARM.ActiveCfg = Release|Win32
		{D42358DE-8530-3DC6-AF7A-C9587690EAE9}.Release|x64.ActiveCfg = Release|Win32
		{D42358DE-8530-3DC6-AF7A-C9587690EAE9}.Release|x86.ActiveCfg = Release|Win32
		{D42358DE-8530-3DC6-AF7A-C9587690EAE9}.Release|x86.Build.0 = Release|Win32
		{400EE59E-CE16-3933-98DA-017A02CFF25C}.Debug|ARM.ActiveCfg = Debug|Win32
		{400EE59E-CE16-3933-98DA-017A02CFF25C}.Debug|x64.ActiveCfg = Debug|Win32
		{400EE59E-CE16-3933-98DA-017A02CFF25C}.Debug|x86.ActiveCfg = Debug|Win32
		{400EE59E-CE16-3933-98DA-017A02CFF25C}.Debug|x86.Build.0 = Debug|Win32
		{400EE59E-CE16-3933-98DA-017A02CFF25C}.Release|ARM.ActiveCfg = Release|Win32
		{400EE59E-CE16-3933-98DA-017A02CFF25C}.Release|x64.ActiveCfg = Release|Win32
		{400EE59E-CE16-3933-98DA-017A02CFF25C}.Release|x86.ActiveCfg = Release|Win32
		{400EE59E-CE16-3933-98DA-017A02CFF25C}.Release|x86.Build.0 = Release|Win32
		{330B2D64-94ED-393F-867C-B4D49617BD47}.Debug|ARM.ActiveCfg = Debug|Win32
		{330B2D64-94ED-393F-867C-B4D49617BD47}.Debug|x64.ActiveCfg = Debug|Win32
		{330B2D64-94ED-393F-867C-B4D49617BD47}.Debug|x86.ActiveCfg = Debug|Win32
		{330B2D64-94ED-393F-867C-B4D49617BD47}.Debug|x86.Build.0 = Debug|Win32
		{330B2D64-94ED-393F-867C-B4D49617BD47}.Release|ARM.ActiveCfg = Release|Win32
		{330B2D64-94ED-393F-867C-B4D49617BD47}.Release|x64.ActiveCfg = Release|Win32
		{330B2D64-94ED-393F-867C-B4D49617BD47}.Release|x86.ActiveCfg = Release|Win32
		{330B2D64-94ED-393F-867C-B4D49617BD47}.Release|x86.Build.0 = Release|Win32
		{1FAE1081-3BDE-3BF6-8FD4-52A3A47AD016}.Debug|ARM.ActiveCfg = Debug|Win32
		{1FAE1081-3BDE-3BF6-8FD4-52A3A47AD016}.Debug|x64.ActiveCfg = Debug|Win32
		{1FAE1081-3BDE-3BF6-8FD4-52A3A47AD016}.Debug|x86.ActiveCfg = Debug|Win32
		{1FAE1081-3BDE-3BF6-8FD4-52A3A47AD016}.Debug|x86.Build.0 = Debug|Win32
		{1FAE1081-3BDE-3BF6-8FD4-52A3A47AD016}.Release|ARM.ActiveCfg = Release|Win32
		{1FAE1081-3BDE-3BF6-8FD4-52A3A47AD016}.Release|x64.ActiveCfg = Release|Win32
		{1FAE1081-3BDE-3BF6-8FD4-52A3A47AD016}.Release|x86.ActiveCfg = Release|Win32
		{1FAE1081-3BDE-3BF6-8FD4-52A3A47AD016}.Release|x86.Build.0 = Release|Win32
		{135E9F93-6EEF-3350-B65B-06489A738645}.Debug|ARM.ActiveCfg = Debug|Win32
		{135E9F93-6EEF-3350-B65B-06489A738645}.Debug|x64.ActiveCfg = Debug|Win32
		{135E9F93-6EEF-3350-B65B-06489A738645}.Debug|x86.ActiveCfg = Debug|Win32
		{135E9F93-6EEF-3350-B65B-06489A738645}.Debug|x86.Build.0 = Debug|Win32
		{135E9F93-6EEF-3350-B65B-06489A738645}.Release|ARM.ActiveCfg = Release|Win32
		{135E9F93-6EEF-3350-B65B-06489A738645}.Release|x64.ActiveCfg = Release|Win32
		{135E9F93-6EEF-3350-B65B-06489A738645}.Release|x86.ActiveCfg = Release|Win32
		{135E9F93-6EEF-3350-B65B-06489A738645}.Release|x86.Build.0 = Release|Win32
		{1EF23813-D8D6-37DB-9C0C-D2DCB193A9D5}.Debug|ARM.ActiveCfg = Debug|Win32
		{1EF23813-D8D6-37DB-9C0C-D2DCB193A9D5}.Debug|x64.ActiveCfg = Debug|Win32
		{1EF23813-D8D6-37DB-9C0C-D2DCB193A9D5}.Debug|x86.ActiveCfg = Debug|Win32
		{1EF23813-D8D6-37DB-9C0C-D2DCB193A9D5}.Debug|x86.Build.0 = Debug|Win32
		{1EF23813-D8D6-37DB-9C0C-D2DCB193A9D5}.Release|ARM.ActiveCfg = Release|Win32
		{1EF23813-D8D6-37DB-9C0C-D2DCB193A9D5}.Release|x64.ActiveCfg = Release|Win32
		{1EF23813-D8D6-37DB-9C0C-D2DCB193A9D5}.Release|x86.ActiveCfg = Release|Win32
		{1EF23813-D8D6-37DB-9C0C-D2DCB193A9D5}.Release|x86.Build.0 = Release|Win32
		{38AE85E6-6A3F-3B1B-837B-9CC192054995}.Debug|ARM.ActiveCfg = Debug|Win32
		{38AE85E6-6A3F-3B1B-837B-9CC192054995}.Debug|x64.ActiveCfg = Debug|Win32
		{38AE85E6-6A3F-3B1B-837B-9CC192054995}.Debug|x86.ActiveCfg = Debug|Win32
		{38AE85E6-6A3F-3B1B-837B-9CC192054995}.Debug|x86.Build.0 = Debug|Win32
		{38AE85E6-6A3F-3B1B-837B-9CC192054995}.Release|ARM.ActiveCfg = Release|Win32
		{38AE85E6-6A3F-3B1B-837B-9CC192054995}.Release|x64.ActiveCfg = Release|Win32
		{38AE85E6-6A3F-3B1B-837B-9CC192054995}.Release|x86.ActiveCfg = Release|Win32
		{38AE85E6-6A3F-3B1B-837B-9CC192054995}.Release|x86.Build.0 = Release|Win32
		{3CB044A1-9611-3227-8F13-60B58C6D043A}.Debug|ARM.ActiveCfg = Debug|Win32
		{3CB044A1-9611-3227-8F13-60B58C6D043A}.Debug|x64.ActiveCfg = Debug|Win32
		{3CB044A1-9611-3227-8F13-60B58C6D043A}.Debug|x86.ActiveCfg = Debug|Win32
		{3CB044A1-9611-3227-8F13-60B58C6D043A}.Debug|x86.Build.0 = Debug|Win32
		{3CB044A1-9611-3227-8F13-60B58C6D043A}.Release|ARM.ActiveCfg = Release|Win32
		{3CB044A1-9611-3227-8F13-60B58C6D043A}.Release|x64.ActiveCfg = Release|Win32
		{3CB044A1-9611-3227-8F13-60B58C6D043A}.Release|x86.ActiveCfg = Release|Win32
		{3CB044A1-9611-3227-8F13-60B58C6D043A}.Release|x86.Build.0 = Release|Win32
		{F3862BA7-C578-3329-82EA-52E1C5622FBD}.Debug|ARM.ActiveCfg = Debug|Win32
		{F3862BA7-C578-3329-82EA-52E1C5622FBD}.Debug|x64.ActiveCfg = Debug|Win32
		{F3862BA7-C578-3329-82EA-52E1C5622FBD}.Debug|x86.ActiveCfg = Debug|Win32
		{F3862BA7-C578-3329-82EA-52E1C5622FBD}.Debug|x86.Build.0 = Debug|Win32
		{F3862BA7-C578-3329-82EA-52E1C5622FBD}.Release|ARM.ActiveCfg = Release|Win32
		{F3862BA7-C578-3329-82EA-52E1C5622FBD}.Release|x64.ActiveCfg = Release|Win32
		{F3862BA7-C578-3329-82EA-52E1C5622FBD}.Release|x86.ActiveCfg = Release|Win32
		{F3862BA7-C578-3329-82EA-52E1C5622FBD}.Release|x86.Build.0 = Release|Win32
		{488C5DF8-0989-327E-BA58-0BCC59C3B3C5}.Debug|ARM.ActiveCfg = Debug|Win32
		{488C5DF8-0989-327E-BA58-0BCC59C3B3C5}.Debug|x64.ActiveCfg = Debug|Win32
		{488C5DF8-0989-327E-BA58-0BCC59C3B3C5}.Debug|x86.ActiveCfg = Debug|Win32
		{488C5DF8-0989-327E-BA58-0BCC59C3B3C5}.Debug|x86.Build.0 = Debug|Win32
		{488C5DF8-0989-327E-BA58-0BCC59C3B3C5}.Release|ARM.ActiveCfg = Release|Win32
		{488C5DF8-0989-327E-BA58-0BCC59C3B3C5}.Release|x64.ActiveCfg = Release|Win32
		{488C5DF8-0989-327E-BA58-0BCC59C3B3C5}.Release|x86.ActiveCfg = Release|Win32
		{488C5DF8-0989-327E-BA58-0BCC59C3B3C5}.Release|x86.Build.0 = Release|Win32
		{9FF9B0DD-199D-3F01-B43B-33737CEAC92F}.Debug|ARM.ActiveCfg = Debug|Win32
		{9FF9B0DD-199D-3F01-B43B-33737CEAC92F}.Debug|x64.ActiveCfg = Debug|Win32
		{9FF9B0DD-199D-3F01-B43B-33737CEAC92F}.Debug|x86.ActiveCfg = Debug|Win32
		{9FF9B0DD-199D-3F01-B43B-33737CEAC92F}.Debug|x86.Build.0 = Debug|Win32
		{9FF9B0DD-199D-3F01-B43B-33737CEAC92F}.Release|ARM.ActiveCfg = Release|Win32
		{9FF9B0DD-199D-3F01-B43B-33737CEAC92F}.Release|x64.ActiveCfg = Release|Win32
		{9FF9B0DD-199D-3F01-B43B-33737CEAC92F}.Release|x86.ActiveCfg = Release|Win32
		{9FF9B0DD-199D-3F01-B43B-33737CEAC92F}.Release|x86.Build.0 = Release|Win32
		{D97466E2-1007-35F6-9DF6-ACBECD8569CE}.Debug|ARM.ActiveCfg = Debug|Win32
		{D97466E2-1007-35F6-9DF6-ACBECD8569CE}.Debug|x64.ActiveCfg = Debug|Win32
		{D97466E2-1007-35F6-9DF6-ACBECD8569CE}.Debug|x86.ActiveCfg = Debug|Win32
		{D97466E2-1007-35F6-9DF6-ACBECD8569CE}.Debug|x86.Build.0 = Debug|Win32
		{D97466E2-1007-35F6-9DF6-ACBECD8569CE}.Release|ARM.ActiveCfg = Release|Win32
		{D97466E2-1007-35F6-9DF6-ACBECD8569CE}.Release|x64.ActiveCfg = Release|Win32
		{D97466E2-1007-35F6-9DF6-ACBECD8569CE}.Release|x86.ActiveCfg = Release|Win32
		{D97466E2-1007-35F6-9DF6-ACBECD8569CE}.Release|x86.Build.0 = Release|Win32
		{650B2CE1-7973-3F1E-8905-6AA68F153E67}.Debug|ARM.ActiveCfg = Debug|Win32
		{650B2CE1-7973-3F1E-8905-6AA68F153E67}.Debug|x64.ActiveCfg = Debug|Win32
		{650B2CE1-7973-3F1E-8905-6AA68F153E67}.Debug|x86.ActiveCfg = Debug|Win32
		{650B2CE1-7973-3F1E-8905-6AA68F153E67}.Debug|x86.Build.0 = Debug|Win32
		{650B2CE1-7973-3F1E-8905-6AA68F153E67}.Release|ARM.ActiveCfg = Release|Win32
		{650B2CE1-7973-3F1E-8905-6AA68F153E67}.Release|x64.ActiveCfg = Release|Win32
		{650B2CE1-7973-3F1E-8905-6AA68F153E67}.Release|x86.ActiveCfg = Release|Win32
		{650B2CE1-7973-3F1E-8905-6AA68F153E67}.Release|x86.Build.0 = Release|Win32
	EndGlobalSection
	GlobalSection(SolutionProperties) = preSolution
		HideSolutionNode = FALSE
	EndGlobalSection
EndGlobal
